// !$*UTF8*$!
{
	archiveVersion = 1;
	classes = {
	};
	objectVersion = 46;
	objects = {

/* Begin PBXBuildFile section */
		C6031D501C7D60EE00070A94 /* AppDelegate.swift in Sources */ = {isa = PBXBuildFile; fileRef = C6031D4F1C7D60EE00070A94 /* AppDelegate.swift */; };
		C6031D531C7D60EE00070A94 /* Core_data_demo.xcdatamodeld in Sources */ = {isa = PBXBuildFile; fileRef = C6031D511C7D60EE00070A94 /* Core_data_demo.xcdatamodeld */; };
		C6031D551C7D60EE00070A94 /* ViewController.swift in Sources */ = {isa = PBXBuildFile; fileRef = C6031D541C7D60EE00070A94 /* ViewController.swift */; };
		C6031D581C7D60EE00070A94 /* Main.storyboard in Resources */ = {isa = PBXBuildFile; fileRef = C6031D561C7D60EE00070A94 /* Main.storyboard */; };
		C6031D5A1C7D60EE00070A94 /* Images.xcassets in Resources */ = {isa = PBXBuildFile; fileRef = C6031D591C7D60EE00070A94 /* Images.xcassets */; };
		C6031D5D1C7D60EE00070A94 /* LaunchScreen.xib in Resources */ = {isa = PBXBuildFile; fileRef = C6031D5B1C7D60EE00070A94 /* LaunchScreen.xib */; };
		C6031D691C7D60EF00070A94 /* Core_data_demoTests.swift in Sources */ = {isa = PBXBuildFile; fileRef = C6031D681C7D60EF00070A94 /* Core_data_demoTests.swift */; };
/* End PBXBuildFile section */

/* Begin PBXContainerItemProxy section */
		C6031D631C7D60EF00070A94 /* PBXContainerItemProxy */ = {
			isa = PBXContainerItemProxy;
			containerPortal = C6031D421C7D60EE00070A94 /* Project object */;
			proxyType = 1;
			remoteGlobalIDString = C6031D491C7D60EE00070A94;
			remoteInfo = Core_data_demo;
		};
/* End PBXContainerItemProxy section */

/* Begin PBXFileReference section */
		C6031D4A1C7D60EE00070A94 /* Core_data_demo.app */ = {isa = PBXFileReference; explicitFileType = wrapper.application; includeInIndex = 0; path = Core_data_demo.app; sourceTree = BUILT_PRODUCTS_DIR; };
		C6031D4E1C7D60EE00070A94 /* Info.plist */ = {isa = PBXFileReference; lastKnownFileType = text.plist.xml; path = Info.plist; sourceTree = "<group>"; };
		C6031D4F1C7D60EE00070A94 /* AppDelegate.swift */ = {isa = PBXFileReference; lastKnownFileType = sourcecode.swift; path = AppDelegate.swift; sourceTree = "<group>"; };
		C6031D521C7D60EE00070A94 /* Core_data_demo.xcdatamodel */ = {isa = PBXFileReference; lastKnownFileType = wrapper.xcdatamodel; path = Core_data_demo.xcdatamodel; sourceTree = "<group>"; };
		C6031D541C7D60EE00070A94 /* ViewController.swift */ = {isa = PBXFileReference; lastKnownFileType = sourcecode.swift; path = ViewController.swift; sourceTree = "<group>"; };
		C6031D571C7D60EE00070A94 /* Base */ = {isa = PBXFileReference; lastKnownFileType = file.storyboard; name = Base; path = Base.lproj/Main.storyboard; sourceTree = "<group>"; };
		C6031D591C7D60EE00070A94 /* Images.xcassets */ = {isa = PBXFileReference; lastKnownFileType = folder.assetcatalog; path = Images.xcassets; sourceTree = "<group>"; };
		C6031D5C1C7D60EE00070A94 /* Base */ = {isa = PBXFileReference; lastKnownFileType = file.xib; name = Base; path = Base.lproj/LaunchScreen.xib; sourceTree = "<group>"; };
		C6031D621C7D60EF00070A94 /* Core_data_demoTests.xctest */ = {isa = PBXFileReference; explicitFileType = wrapper.cfbundle; includeInIndex = 0; path = Core_data_demoTests.xctest; sourceTree = BUILT_PRODUCTS_DIR; };
		C6031D671C7D60EF00070A94 /* Info.plist */ = {isa = PBXFileReference; lastKnownFileType = text.plist.xml; path = Info.plist; sourceTree = "<group>"; };
		C6031D681C7D60EF00070A94 /* Core_data_demoTests.swift */ = {isa = PBXFileReference; lastKnownFileType = sourcecode.swift; path = Core_data_demoTests.swift; sourceTree = "<group>"; };
/* End PBXFileReference section */

/* Begin PBXFrameworksBuildPhase section */
		C6031D471C7D60EE00070A94 /* Frameworks */ = {
			isa = PBXFrameworksBuildPhase;
			buildActionMask = 2147483647;
			files = (
			);
			runOnlyForDeploymentPostprocessing = 0;
		};
		C6031D5F1C7D60EF00070A94 /* Frameworks */ = {
			isa = PBXFrameworksBuildPhase;
			buildActionMask = 2147483647;
			files = (
			);
			runOnlyForDeploymentPostprocessing = 0;
		};
/* End PBXFrameworksBuildPhase section */

/* Begin PBXGroup section */
		C6031D411C7D60EE00070A94 = {
			isa = PBXGroup;
			children = (
				C6031D4C1C7D60EE00070A94 /* Core_data_demo */,
				C6031D651C7D60EF00070A94 /* Core_data_demoTests */,
				C6031D4B1C7D60EE00070A94 /* Products */,
			);
			sourceTree = "<group>";
		};
		C6031D4B1C7D60EE00070A94 /* Products */ = {
			isa = PBXGroup;
			children = (
				C6031D4A1C7D60EE00070A94 /* Core_data_demo.app */,
				C6031D621C7D60EF00070A94 /* Core_data_demoTests.xctest */,
			);
			name = Products;
			sourceTree = "<group>";
		};
		C6031D4C1C7D60EE00070A94 /* Core_data_demo */ = {
			isa = PBXGroup;
			children = (
				C6031D4F1C7D60EE00070A94 /* AppDelegate.swift */,
				C6031D541C7D60EE00070A94 /* ViewController.swift */,
				C6031D561C7D60EE00070A94 /* Main.storyboard */,
				C6031D591C7D60EE00070A94 /* Images.xcassets */,
				C6031D5B1C7D60EE00070A94 /* LaunchScreen.xib */,
				C6031D511C7D60EE00070A94 /* Core_data_demo.xcdatamodeld */,
				C6031D4D1C7D60EE00070A94 /* Supporting Files */,
			);
			path = Core_data_demo;
			sourceTree = "<group>";
		};
		C6031D4D1C7D60EE00070A94 /* Supporting Files */ = {
			isa = PBXGroup;
			children = (
				C6031D4E1C7D60EE00070A94 /* Info.plist */,
			);
			name = "Supporting Files";
			sourceTree = "<group>";
		};
		C6031D651C7D60EF00070A94 /* Core_data_demoTests */ = {
			isa = PBXGroup;
			children = (
				C6031D681C7D60EF00070A94 /* Core_data_demoTests.swift */,
				C6031D661C7D60EF00070A94 /* Supporting Files */,
			);
			path = Core_data_demoTests;
			sourceTree = "<group>";
		};
		C6031D661C7D60EF00070A94 /* Supporting Files */ = {
			isa = PBXGroup;
			children = (
				C6031D671C7D60EF00070A94 /* Info.plist */,
			);
			name = "Supporting Files";
			sourceTree = "<group>";
		};
/* End PBXGroup section */

/* Begin PBXNativeTarget section */
		C6031D491C7D60EE00070A94 /* Core_data_demo */ = {
			isa = PBXNativeTarget;
			buildConfigurationList = C6031D6C1C7D60EF00070A94 /* Build configuration list for PBXNativeTarget "Core_data_demo" */;
			buildPhases = (
				C6031D461C7D60EE00070A94 /* Sources */,
				C6031D471C7D60EE00070A94 /* Frameworks */,
				C6031D481C7D60EE00070A94 /* Resources */,
			);
			buildRules = (
			);
			dependencies = (
			);
			name = Core_data_demo;
			productName = Core_data_demo;
			productReference = C6031D4A1C7D60EE00070A94 /* Core_data_demo.app */;
			productType = "com.apple.product-type.application";
		};
		C6031D611C7D60EF00070A94 /* Core_data_demoTests */ = {
			isa = PBXNativeTarget;
			buildConfigurationList = C6031D6F1C7D60EF00070A94 /* Build configuration list for PBXNativeTarget "Core_data_demoTests" */;
			buildPhases = (
				C6031D5E1C7D60EF00070A94 /* Sources */,
				C6031D5F1C7D60EF00070A94 /* Frameworks */,
				C6031D601C7D60EF00070A94 /* Resources */,
			);
			buildRules = (
			);
			dependencies = (
				C6031D641C7D60EF00070A94 /* PBXTargetDependency */,
			);
			name = Core_data_demoTests;
			productName = Core_data_demoTests;
			productReference = C6031D621C7D60EF00070A94 /* Core_data_demoTests.xctest */;
			productType = "com.apple.product-type.bundle.unit-test";
		};
/* End PBXNativeTarget section */

/* Begin PBXProject section */
		C6031D421C7D60EE00070A94 /* Project object */ = {
			isa = PBXProject;
			attributes = {
				LastUpgradeCheck = 0610;
				ORGANIZATIONNAME = mk200789;
				TargetAttributes = {
					C6031D491C7D60EE00070A94 = {
						CreatedOnToolsVersion = 6.1;
					};
					C6031D611C7D60EF00070A94 = {
						CreatedOnToolsVersion = 6.1;
						TestTargetID = C6031D491C7D60EE00070A94;
					};
				};
			};
			buildConfigurationList = C6031D451C7D60EE00070A94 /* Build configuration list for PBXProject "Core_data_demo" */;
			compatibilityVersion = "Xcode 3.2";
			developmentRegion = English;
			hasScannedForEncodings = 0;
			knownRegions = (
				en,
				Base,
			);
			mainGroup = C6031D411C7D60EE00070A94;
			productRefGroup = C6031D4B1C7D60EE00070A94 /* Products */;
			projectDirPath = "";
			projectRoot = "";
			targets = (
				C6031D491C7D60EE00070A94 /* Core_data_demo */,
				C6031D611C7D60EF00070A94 /* Core_data_demoTests */,
			);
		};
/* End PBXProject section */

/* Begin PBXResourcesBuildPhase section */
		C6031D481C7D60EE00070A94 /* Resources */ = {
			isa = PBXResourcesBuildPhase;
			buildActionMask = 2147483647;
			files = (
				C6031D581C7D60EE00070A94 /* Main.storyboard in Resources */,
				C6031D5D1C7D60EE00070A94 /* LaunchScreen.xib in Resources */,
				C6031D5A1C7D60EE00070A94 /* Images.xcassets in Resources */,
			);
			runOnlyForDeploymentPostprocessing = 0;
		};
		C6031D601C7D60EF00070A94 /* Resources */ = {
			isa = PBXResourcesBuildPhase;
			buildActionMask = 2147483647;
			files = (
			);
			runOnlyForDeploymentPostprocessing = 0;
		};
/* End PBXResourcesBuildPhase section */

/* Begin PBXSourcesBuildPhase section */
		C6031D461C7D60EE00070A94 /* Sources */ = {
			isa = PBXSourcesBuildPhase;
			buildActionMask = 2147483647;
			files = (
				C6031D551C7D60EE00070A94 /* ViewController.swift in Sources */,
				C6031D501C7D60EE00070A94 /* AppDelegate.swift in Sources */,
				C6031D531C7D60EE00070A94 /* Core_data_demo.xcdatamodeld in Sources */,
			);
			runOnlyForDeploymentPostprocessing = 0;
		};
		C6031D5E1C7D60EF00070A94 /* Sources */ = {
			isa = PBXSourcesBuildPhase;
			buildActionMask = 2147483647;
			files = (
				C6031D691C7D60EF00070A94 /* Core_data_demoTests.swift in Sources */,
			);
			runOnlyForDeploymentPostprocessing = 0;
		};
/* End PBXSourcesBuildPhase section */

/* Begin PBXTargetDependency section */
		C6031D641C7D60EF00070A94 /* PBXTargetDependency */ = {
			isa = PBXTargetDependency;
			target = C6031D491C7D60EE00070A94 /* Core_data_demo */;
			targetProxy = C6031D631C7D60EF00070A94 /* PBXContainerItemProxy */;
		};
/* End PBXTargetDependency section */

/* Begin PBXVariantGroup section */
		C6031D561C7D60EE00070A94 /* Main.storyboard */ = {
			isa = PBXVariantGroup;
			children = (
				C6031D571C7D60EE00070A94 /* Base */,
			);
			name = Main.storyboard;
			sourceTree = "<group>";
		};
		C6031D5B1C7D60EE00070A94 /* LaunchScreen.xib */ = {
			isa = PBXVariantGroup;
			children = (
				C6031D5C1C7D60EE00070A94 /* Base */,
			);
			name = LaunchScreen.xib;
			sourceTree = "<group>";
		};
/* End PBXVariantGroup section */

/* Begin XCBuildConfiguration section */
		C6031D6A1C7D60EF00070A94 /* Debug */ = {
			isa = XCBuildConfiguration;
			buildSettings = {
				ALWAYS_SEARCH_USER_PATHS = NO;
				CLANG_CXX_LANGUAGE_STANDARD = "gnu++0x";
				CLANG_CXX_LIBRARY = "libc++";
				CLANG_ENABLE_MODULES = YES;
				CLANG_ENABLE_OBJC_ARC = YES;
				CLANG_WARN_BOOL_CONVERSION = YES;
				CLANG_WARN_CONSTANT_CONVERSION = YES;
				CLANG_WARN_DIRECT_OBJC_ISA_USAGE = YES_ERROR;
				CLANG_WARN_EMPTY_BODY = YES;
				CLANG_WARN_ENUM_CONVERSION = YES;
				CLANG_WARN_INT_CONVERSION = YES;
				CLANG_WARN_OBJC_ROOT_CLASS = YES_ERROR;
				CLANG_WARN_UNREACHABLE_CODE = YES;
				CLANG_WARN__DUPLICATE_METHOD_MATCH = YES;
				"CODE_SIGN_IDENTITY[sdk=iphoneos*]" = "iPhone Developer";
				COPY_PHASE_STRIP = NO;
				ENABLE_STRICT_OBJC_MSGSEND = YES;
				GCC_C_LANGUAGE_STANDARD = gnu99;
				GCC_DYNAMIC_NO_PIC = NO;
				GCC_OPTIMIZATION_LEVEL = 0;
				GCC_PREPROCESSOR_DEFINITIONS = (
					"DEBUG=1",
					"$(inherited)",
				);
				GCC_SYMBOLS_PRIVATE_EXTERN = NO;
				GCC_WARN_64_TO_32_BIT_CONVERSION = YES;
				GCC_WARN_ABOUT_RETURN_TYPE = YES_ERROR;
				GCC_WARN_UNDECLARED_SELECTOR = YES;
				GCC_WARN_UNINITIALIZED_AUTOS = YES_AGGRESSIVE;
				GCC_WARN_UNUSED_FUNCTION = YES;
				GCC_WARN_UNUSED_VARIABLE = YES;
				IPHONEOS_DEPLOYMENT_TARGET = 8.1;
				MTL_ENABLE_DEBUG_INFO = YES;
				ONLY_ACTIVE_ARCH = YES;
				SDKROOT = iphoneos;
				SWIFT_OPTIMIZATION_LEVEL = "-Onone";
			};
			name = Debug;
		};
		C6031D6B1C7D60EF00070A94 /* Release */ = {
			isa = XCBuildConfiguration;
			buildSettings = {
				ALWAYS_SEARCH_USER_PATHS = NO;
				CLANG_CXX_LANGUAGE_STANDARD = "gnu++0x";
				CLANG_CXX_LIBRARY = "libc++";
				CLANG_ENABLE_MODULES = YES;
				CLANG_ENABLE_OBJC_ARC = YES;
				CLANG_WARN_BOOL_CONVERSION = YES;
				CLANG_WARN_CONSTANT_CONVERSION = YES;
				CLANG_WARN_DIRECT_OBJC_ISA_USAGE = YES_ERROR;
				CLANG_WARN_EMPTY_BODY = YES;
				CLANG_WARN_ENUM_CONVERSION = YES;
				CLANG_WARN_INT_CONVERSION = YES;
				CLANG_WARN_OBJC_ROOT_CLASS = YES_ERROR;
				CLANG_WARN_UNREACHABLE_CODE = YES;
				CLANG_WARN__DUPLICATE_METHOD_MATCH = YES;
				"CODE_SIGN_IDENTITY[sdk=iphoneos*]" = "iPhone Developer";
				COPY_PHASE_STRIP = YES;
				ENABLE_NS_ASSERTIONS = NO;
				ENABLE_STRICT_OBJC_MSGSEND = YES;
				GCC_C_LANGUAGE_STANDARD = gnu99;
				GCC_WARN_64_TO_32_BIT_CONVERSION = YES;
				GCC_WARN_ABOUT_RETURN_TYPE = YES_ERROR;
				GCC_WARN_UNDECLARED_SELECTOR = YES;
				GCC_WARN_UNINITIALIZED_AUTOS = YES_AGGRESSIVE;
				GCC_WARN_UNUSED_FUNCTION = YES;
				GCC_WARN_UNUSED_VARIABLE = YES;
				IPHONEOS_DEPLOYMENT_TARGET = 8.1;
				MTL_ENABLE_DEBUG_INFO = NO;
				SDKROOT = iphoneos;
				VALIDATE_PRODUCT = YES;
			};
			name = Release;
		};
		C6031D6D1C7D60EF00070A94 /* Debug */ = {
			isa = XCBuildConfiguration;
			buildSettings = {
				ASSETCATALOG_COMPILER_APPICON_NAME = AppIcon;
				INFOPLIST_FILE = Core_data_demo/Info.plist;
				LD_RUNPATH_SEARCH_PATHS = "$(inherited) @executable_path/Frameworks";
				PRODUCT_NAME = "$(TARGET_NAME)";
			};
			name = Debug;
		};
		C6031D6E1C7D60EF00070A94 /* Release */ = {
			isa = XCBuildConfiguration;
			buildSettings = {
				ASSETCATALOG_COMPILER_APPICON_NAME = AppIcon;
				INFOPLIST_FILE = Core_data_demo/Info.plist;
				LD_RUNPATH_SEARCH_PATHS = "$(inherited) @executable_path/Frameworks";
				PRODUCT_NAME = "$(TARGET_NAME)";
			};
			name = Release;
		};
		C6031D701C7D60EF00070A94 /* Debug */ = {
			isa = XCBuildConfiguration;
			buildSettings = {
				BUNDLE_LOADER = "$(TEST_HOST)";
				FRAMEWORK_SEARCH_PATHS = (
					"$(SDKROOT)/Developer/Library/Frameworks",
					"$(inherited)",
				);
				GCC_PREPROCESSOR_DEFINITIONS = (
					"DEBUG=1",
					"$(inherited)",
				);
				INFOPLIST_FILE = Core_data_demoTests/Info.plist;
				LD_RUNPATH_SEARCH_PATHS = "$(inherited) @executable_path/Frameworks @loader_path/Frameworks";
				PRODUCT_NAME = "$(TARGET_NAME)";
				TEST_HOST = "$(BUILT_PRODUCTS_DIR)/Core_data_demo.app/Core_data_demo";
			};
			name = Debug;
		};
		C6031D711C7D60EF00070A94 /* Release */ = {
			isa = XCBuildConfiguration;
			buildSettings = {
				BUNDLE_LOADER = "$(TEST_HOST)";
				FRAMEWORK_SEARCH_PATHS = (
					"$(SDKROOT)/Developer/Library/Frameworks",
					"$(inherited)",
				);
				INFOPLIST_FILE = Core_data_demoTests/Info.plist;
				LD_RUNPATH_SEARCH_PATHS = "$(inherited) @executable_path/Frameworks @loader_path/Frameworks";
				PRODUCT_NAME = "$(TARGET_NAME)";
				TEST_HOST = "$(BUILT_PRODUCTS_DIR)/Core_data_demo.app/Core_data_demo";
			};
			name = Release;
		};
/* End XCBuildConfiguration section */

/* Begin XCConfigurationList section */
		C6031D451C7D60EE00070A94 /* Build configuration list for PBXProject "Core_data_demo" */ = {
			isa = XCConfigurationList;
			buildConfigurations = (
				C6031D6A1C7D60EF00070A94 /* Debug */,
				C6031D6B1C7D60EF00070A94 /* Release */,
			);
			defaultConfigurationIsVisible = 0;
			defaultConfigurationName = Release;
		};
		C6031D6C1C7D60EF00070A94 /* Build configuration list for PBXNativeTarget "Core_data_demo" */ = {
			isa = XCConfigurationList;
			buildConfigurations = (
				C6031D6D1C7D60EF00070A94 /* Debug */,
				C6031D6E1C7D60EF00070A94 /* Release */,
			);
			defaultConfigurationIsVisible = 0;
		};
		C6031D6F1C7D60EF00070A94 /* Build configuration list for PBXNativeTarget "Core_data_demoTests" */ = {
			isa = XCConfigurationList;
			buildConfigurations = (
				C6031D701C7D60EF00070A94 /* Debug */,
				C6031D711C7D60EF00070A94 /* Release */,
			);
			defaultConfigurationIsVisible = 0;
		};
/* End XCConfigurationList section */

/* Begin XCVersionGroup section */
		C6031D511C7D60EE00070A94 /* Core_data_demo.xcdatamodeld */ = {
			isa = XCVersionGroup;
			children = (
				C6031D521C7D60EE00070A94 /* Core_data_demo.xcdatamodel */,
			);
			currentVersion = C6031D521C7D60EE00070A94 /* Core_data_demo.xcdatamodel */;
			path = Core_data_demo.xcdatamodeld;
			sourceTree = "<group>";
			versionGroupType = wrapper.xcdatamodel;
		};
/* End XCVersionGroup section */
	};
	rootObject = C6031D421C7D60EE00070A94 /* Project object */;
}
