// !$*UTF8*$!
{
	archiveVersion = 1;
	classes = {
	};
	objectVersion = 46;
	objects = {

/* Begin PBXBuildFile section */
		C6031CE91C75AD3A00070A94 /* AppDelegate.swift in Sources */ = {isa = PBXBuildFile; fileRef = C6031CE81C75AD3A00070A94 /* AppDelegate.swift */; };
		C6031CEB1C75AD3A00070A94 /* ViewController.swift in Sources */ = {isa = PBXBuildFile; fileRef = C6031CEA1C75AD3A00070A94 /* ViewController.swift */; };
		C6031CEE1C75AD3A00070A94 /* Main.storyboard in Resources */ = {isa = PBXBuildFile; fileRef = C6031CEC1C75AD3A00070A94 /* Main.storyboard */; };
		C6031CF01C75AD3A00070A94 /* Images.xcassets in Resources */ = {isa = PBXBuildFile; fileRef = C6031CEF1C75AD3A00070A94 /* Images.xcassets */; };
		C6031CF31C75AD3A00070A94 /* LaunchScreen.xib in Resources */ = {isa = PBXBuildFile; fileRef = C6031CF11C75AD3A00070A94 /* LaunchScreen.xib */; };
		C6031CFF1C75AD3A00070A94 /* Back_to_mon_cherieTests.swift in Sources */ = {isa = PBXBuildFile; fileRef = C6031CFE1C75AD3A00070A94 /* Back_to_mon_cherieTests.swift */; };
/* End PBXBuildFile section */

/* Begin PBXContainerItemProxy section */
		C6031CF91C75AD3A00070A94 /* PBXContainerItemProxy */ = {
			isa = PBXContainerItemProxy;
			containerPortal = C6031CDB1C75AD3A00070A94 /* Project object */;
			proxyType = 1;
			remoteGlobalIDString = C6031CE21C75AD3A00070A94;
			remoteInfo = Back_to_mon_cherie;
		};
/* End PBXContainerItemProxy section */

/* Begin PBXFileReference section */
		C6031CE31C75AD3A00070A94 /* Back_to_mon_cherie.app */ = {isa = PBXFileReference; explicitFileType = wrapper.application; includeInIndex = 0; path = Back_to_mon_cherie.app; sourceTree = BUILT_PRODUCTS_DIR; };
		C6031CE71C75AD3A00070A94 /* Info.plist */ = {isa = PBXFileReference; lastKnownFileType = text.plist.xml; path = Info.plist; sourceTree = "<group>"; };
		C6031CE81C75AD3A00070A94 /* AppDelegate.swift */ = {isa = PBXFileReference; lastKnownFileType = sourcecode.swift; path = AppDelegate.swift; sourceTree = "<group>"; };
		C6031CEA1C75AD3A00070A94 /* ViewController.swift */ = {isa = PBXFileReference; lastKnownFileType = sourcecode.swift; path = ViewController.swift; sourceTree = "<group>"; };
		C6031CED1C75AD3A00070A94 /* Base */ = {isa = PBXFileReference; lastKnownFileType = file.storyboard; name = Base; path = Base.lproj/Main.storyboard; sourceTree = "<group>"; };
		C6031CEF1C75AD3A00070A94 /* Images.xcassets */ = {isa = PBXFileReference; lastKnownFileType = folder.assetcatalog; path = Images.xcassets; sourceTree = "<group>"; };
		C6031CF21C75AD3A00070A94 /* Base */ = {isa = PBXFileReference; lastKnownFileType = file.xib; name = Base; path = Base.lproj/LaunchScreen.xib; sourceTree = "<group>"; };
		C6031CF81C75AD3A00070A94 /* Back_to_mon_cherieTests.xctest */ = {isa = PBXFileReference; explicitFileType = wrapper.cfbundle; includeInIndex = 0; path = Back_to_mon_cherieTests.xctest; sourceTree = BUILT_PRODUCTS_DIR; };
		C6031CFD1C75AD3A00070A94 /* Info.plist */ = {isa = PBXFileReference; lastKnownFileType = text.plist.xml; path = Info.plist; sourceTree = "<group>"; };
		C6031CFE1C75AD3A00070A94 /* Back_to_mon_cherieTests.swift */ = {isa = PBXFileReference; lastKnownFileType = sourcecode.swift; path = Back_to_mon_cherieTests.swift; sourceTree = "<group>"; };
/* End PBXFileReference section */

/* Begin PBXFrameworksBuildPhase section */
		C6031CE01C75AD3A00070A94 /* Frameworks */ = {
			isa = PBXFrameworksBuildPhase;
			buildActionMask = 2147483647;
			files = (
			);
			runOnlyForDeploymentPostprocessing = 0;
		};
		C6031CF51C75AD3A00070A94 /* Frameworks */ = {
			isa = PBXFrameworksBuildPhase;
			buildActionMask = 2147483647;
			files = (
			);
			runOnlyForDeploymentPostprocessing = 0;
		};
/* End PBXFrameworksBuildPhase section */

/* Begin PBXGroup section */
		C6031CDA1C75AD3A00070A94 = {
			isa = PBXGroup;
			children = (
				C6031CE51C75AD3A00070A94 /* Back_to_mon_cherie */,
				C6031CFB1C75AD3A00070A94 /* Back_to_mon_cherieTests */,
				C6031CE41C75AD3A00070A94 /* Products */,
			);
			sourceTree = "<group>";
		};
		C6031CE41C75AD3A00070A94 /* Products */ = {
			isa = PBXGroup;
			children = (
				C6031CE31C75AD3A00070A94 /* Back_to_mon_cherie.app */,
				C6031CF81C75AD3A00070A94 /* Back_to_mon_cherieTests.xctest */,
			);
			name = Products;
			sourceTree = "<group>";
		};
		C6031CE51C75AD3A00070A94 /* Back_to_mon_cherie */ = {
			isa = PBXGroup;
			children = (
				C6031CE81C75AD3A00070A94 /* AppDelegate.swift */,
				C6031CEA1C75AD3A00070A94 /* ViewController.swift */,
				C6031CEC1C75AD3A00070A94 /* Main.storyboard */,
				C6031CEF1C75AD3A00070A94 /* Images.xcassets */,
				C6031CF11C75AD3A00070A94 /* LaunchScreen.xib */,
				C6031CE61C75AD3A00070A94 /* Supporting Files */,
			);
			path = Back_to_mon_cherie;
			sourceTree = "<group>";
		};
		C6031CE61C75AD3A00070A94 /* Supporting Files */ = {
			isa = PBXGroup;
			children = (
				C6031CE71C75AD3A00070A94 /* Info.plist */,
			);
			name = "Supporting Files";
			sourceTree = "<group>";
		};
		C6031CFB1C75AD3A00070A94 /* Back_to_mon_cherieTests */ = {
			isa = PBXGroup;
			children = (
				C6031CFE1C75AD3A00070A94 /* Back_to_mon_cherieTests.swift */,
				C6031CFC1C75AD3A00070A94 /* Supporting Files */,
			);
			path = Back_to_mon_cherieTests;
			sourceTree = "<group>";
		};
		C6031CFC1C75AD3A00070A94 /* Supporting Files */ = {
			isa = PBXGroup;
			children = (
				C6031CFD1C75AD3A00070A94 /* Info.plist */,
			);
			name = "Supporting Files";
			sourceTree = "<group>";
		};
/* End PBXGroup section */

/* Begin PBXNativeTarget section */
		C6031CE21C75AD3A00070A94 /* Back_to_mon_cherie */ = {
			isa = PBXNativeTarget;
			buildConfigurationList = C6031D021C75AD3A00070A94 /* Build configuration list for PBXNativeTarget "Back_to_mon_cherie" */;
			buildPhases = (
				C6031CDF1C75AD3A00070A94 /* Sources */,
				C6031CE01C75AD3A00070A94 /* Frameworks */,
				C6031CE11C75AD3A00070A94 /* Resources */,
			);
			buildRules = (
			);
			dependencies = (
			);
			name = Back_to_mon_cherie;
			productName = Back_to_mon_cherie;
			productReference = C6031CE31C75AD3A00070A94 /* Back_to_mon_cherie.app */;
			productType = "com.apple.product-type.application";
		};
		C6031CF71C75AD3A00070A94 /* Back_to_mon_cherieTests */ = {
			isa = PBXNativeTarget;
			buildConfigurationList = C6031D051C75AD3A00070A94 /* Build configuration list for PBXNativeTarget "Back_to_mon_cherieTests" */;
			buildPhases = (
				C6031CF41C75AD3A00070A94 /* Sources */,
				C6031CF51C75AD3A00070A94 /* Frameworks */,
				C6031CF61C75AD3A00070A94 /* Resources */,
			);
			buildRules = (
			);
			dependencies = (
				C6031CFA1C75AD3A00070A94 /* PBXTargetDependency */,
			);
			name = Back_to_mon_cherieTests;
			productName = Back_to_mon_cherieTests;
			productReference = C6031CF81C75AD3A00070A94 /* Back_to_mon_cherieTests.xctest */;
			productType = "com.apple.product-type.bundle.unit-test";
		};
/* End PBXNativeTarget section */

/* Begin PBXProject section */
		C6031CDB1C75AD3A00070A94 /* Project object */ = {
			isa = PBXProject;
			attributes = {
				LastUpgradeCheck = 0610;
				ORGANIZATIONNAME = mk200789;
				TargetAttributes = {
					C6031CE21C75AD3A00070A94 = {
						CreatedOnToolsVersion = 6.1;
					};
					C6031CF71C75AD3A00070A94 = {
						CreatedOnToolsVersion = 6.1;
						TestTargetID = C6031CE21C75AD3A00070A94;
					};
				};
			};
			buildConfigurationList = C6031CDE1C75AD3A00070A94 /* Build configuration list for PBXProject "Back_to_mon_cherie" */;
			compatibilityVersion = "Xcode 3.2";
			developmentRegion = English;
			hasScannedForEncodings = 0;
			knownRegions = (
				en,
				Base,
			);
			mainGroup = C6031CDA1C75AD3A00070A94;
			productRefGroup = C6031CE41C75AD3A00070A94 /* Products */;
			projectDirPath = "";
			projectRoot = "";
			targets = (
				C6031CE21C75AD3A00070A94 /* Back_to_mon_cherie */,
				C6031CF71C75AD3A00070A94 /* Back_to_mon_cherieTests */,
			);
		};
/* End PBXProject section */

/* Begin PBXResourcesBuildPhase section */
		C6031CE11C75AD3A00070A94 /* Resources */ = {
			isa = PBXResourcesBuildPhase;
			buildActionMask = 2147483647;
			files = (
				C6031CEE1C75AD3A00070A94 /* Main.storyboard in Resources */,
				C6031CF31C75AD3A00070A94 /* LaunchScreen.xib in Resources */,
				C6031CF01C75AD3A00070A94 /* Images.xcassets in Resources */,
			);
			runOnlyForDeploymentPostprocessing = 0;
		};
		C6031CF61C75AD3A00070A94 /* Resources */ = {
			isa = PBXResourcesBuildPhase;
			buildActionMask = 2147483647;
			files = (
			);
			runOnlyForDeploymentPostprocessing = 0;
		};
/* End PBXResourcesBuildPhase section */

/* Begin PBXSourcesBuildPhase section */
		C6031CDF1C75AD3A00070A94 /* Sources */ = {
			isa = PBXSourcesBuildPhase;
			buildActionMask = 2147483647;
			files = (
				C6031CEB1C75AD3A00070A94 /* ViewController.swift in Sources */,
				C6031CE91C75AD3A00070A94 /* AppDelegate.swift in Sources */,
			);
			runOnlyForDeploymentPostprocessing = 0;
		};
		C6031CF41C75AD3A00070A94 /* Sources */ = {
			isa = PBXSourcesBuildPhase;
			buildActionMask = 2147483647;
			files = (
				C6031CFF1C75AD3A00070A94 /* Back_to_mon_cherieTests.swift in Sources */,
			);
			runOnlyForDeploymentPostprocessing = 0;
		};
/* End PBXSourcesBuildPhase section */

/* Begin PBXTargetDependency section */
		C6031CFA1C75AD3A00070A94 /* PBXTargetDependency */ = {
			isa = PBXTargetDependency;
			target = C6031CE21C75AD3A00070A94 /* Back_to_mon_cherie */;
			targetProxy = C6031CF91C75AD3A00070A94 /* PBXContainerItemProxy */;
		};
/* End PBXTargetDependency section */

/* Begin PBXVariantGroup section */
		C6031CEC1C75AD3A00070A94 /* Main.storyboard */ = {
			isa = PBXVariantGroup;
			children = (
				C6031CED1C75AD3A00070A94 /* Base */,
			);
			name = Main.storyboard;
			sourceTree = "<group>";
		};
		C6031CF11C75AD3A00070A94 /* LaunchScreen.xib */ = {
			isa = PBXVariantGroup;
			children = (
				C6031CF21C75AD3A00070A94 /* Base */,
			);
			name = LaunchScreen.xib;
			sourceTree = "<group>";
		};
/* End PBXVariantGroup section */

/* Begin XCBuildConfiguration section */
		C6031D001C75AD3A00070A94 /* Debug */ = {
			isa = XCBuildConfiguration;
			buildSettings = {
				ALWAYS_SEARCH_USER_PATHS = NO;
				CLANG_CXX_LANGUAGE_STANDARD = "gnu++0x";
				CLANG_CXX_LIBRARY = "libc++";
				CLANG_ENABLE_MODULES = YES;
				CLANG_ENABLE_OBJC_ARC = YES;
				CLANG_WARN_BOOL_CONVERSION = YES;
				CLANG_WARN_CONSTANT_CONVERSION = YES;
				CLANG_WARN_DIRECT_OBJC_ISA_USAGE = YES_ERROR;
				CLANG_WARN_EMPTY_BODY = YES;
				CLANG_WARN_ENUM_CONVERSION = YES;
				CLANG_WARN_INT_CONVERSION = YES;
				CLANG_WARN_OBJC_ROOT_CLASS = YES_ERROR;
				CLANG_WARN_UNREACHABLE_CODE = YES;
				CLANG_WARN__DUPLICATE_METHOD_MATCH = YES;
				"CODE_SIGN_IDENTITY[sdk=iphoneos*]" = "iPhone Developer";
				COPY_PHASE_STRIP = NO;
				ENABLE_STRICT_OBJC_MSGSEND = YES;
				GCC_C_LANGUAGE_STANDARD = gnu99;
				GCC_DYNAMIC_NO_PIC = NO;
				GCC_OPTIMIZATION_LEVEL = 0;
				GCC_PREPROCESSOR_DEFINITIONS = (
					"DEBUG=1",
					"$(inherited)",
				);
				GCC_SYMBOLS_PRIVATE_EXTERN = NO;
				GCC_WARN_64_TO_32_BIT_CONVERSION = YES;
				GCC_WARN_ABOUT_RETURN_TYPE = YES_ERROR;
				GCC_WARN_UNDECLARED_SELECTOR = YES;
				GCC_WARN_UNINITIALIZED_AUTOS = YES_AGGRESSIVE;
				GCC_WARN_UNUSED_FUNCTION = YES;
				GCC_WARN_UNUSED_VARIABLE = YES;
				IPHONEOS_DEPLOYMENT_TARGET = 8.1;
				MTL_ENABLE_DEBUG_INFO = YES;
				ONLY_ACTIVE_ARCH = YES;
				SDKROOT = iphoneos;
				SWIFT_OPTIMIZATION_LEVEL = "-Onone";
			};
			name = Debug;
		};
		C6031D011C75AD3A00070A94 /* Release */ = {
			isa = XCBuildConfiguration;
			buildSettings = {
				ALWAYS_SEARCH_USER_PATHS = NO;
				CLANG_CXX_LANGUAGE_STANDARD = "gnu++0x";
				CLANG_CXX_LIBRARY = "libc++";
				CLANG_ENABLE_MODULES = YES;
				CLANG_ENABLE_OBJC_ARC = YES;
				CLANG_WARN_BOOL_CONVERSION = YES;
				CLANG_WARN_CONSTANT_CONVERSION = YES;
				CLANG_WARN_DIRECT_OBJC_ISA_USAGE = YES_ERROR;
				CLANG_WARN_EMPTY_BODY = YES;
				CLANG_WARN_ENUM_CONVERSION = YES;
				CLANG_WARN_INT_CONVERSION = YES;
				CLANG_WARN_OBJC_ROOT_CLASS = YES_ERROR;
				CLANG_WARN_UNREACHABLE_CODE = YES;
				CLANG_WARN__DUPLICATE_METHOD_MATCH = YES;
				"CODE_SIGN_IDENTITY[sdk=iphoneos*]" = "iPhone Developer";
				COPY_PHASE_STRIP = YES;
				ENABLE_NS_ASSERTIONS = NO;
				ENABLE_STRICT_OBJC_MSGSEND = YES;
				GCC_C_LANGUAGE_STANDARD = gnu99;
				GCC_WARN_64_TO_32_BIT_CONVERSION = YES;
				GCC_WARN_ABOUT_RETURN_TYPE = YES_ERROR;
				GCC_WARN_UNDECLARED_SELECTOR = YES;
				GCC_WARN_UNINITIALIZED_AUTOS = YES_AGGRESSIVE;
				GCC_WARN_UNUSED_FUNCTION = YES;
				GCC_WARN_UNUSED_VARIABLE = YES;
				IPHONEOS_DEPLOYMENT_TARGET = 8.1;
				MTL_ENABLE_DEBUG_INFO = NO;
				SDKROOT = iphoneos;
				VALIDATE_PRODUCT = YES;
			};
			name = Release;
		};
		C6031D031C75AD3A00070A94 /* Debug */ = {
			isa = XCBuildConfiguration;
			buildSettings = {
				ASSETCATALOG_COMPILER_APPICON_NAME = AppIcon;
				INFOPLIST_FILE = Back_to_mon_cherie/Info.plist;
				LD_RUNPATH_SEARCH_PATHS = "$(inherited) @executable_path/Frameworks";
				PRODUCT_NAME = "$(TARGET_NAME)";
			};
			name = Debug;
		};
		C6031D041C75AD3A00070A94 /* Release */ = {
			isa = XCBuildConfiguration;
			buildSettings = {
				ASSETCATALOG_COMPILER_APPICON_NAME = AppIcon;
				INFOPLIST_FILE = Back_to_mon_cherie/Info.plist;
				LD_RUNPATH_SEARCH_PATHS = "$(inherited) @executable_path/Frameworks";
				PRODUCT_NAME = "$(TARGET_NAME)";
			};
			name = Release;
		};
		C6031D061C75AD3A00070A94 /* Debug */ = {
			isa = XCBuildConfiguration;
			buildSettings = {
				BUNDLE_LOADER = "$(TEST_HOST)";
				FRAMEWORK_SEARCH_PATHS = (
					"$(SDKROOT)/Developer/Library/Frameworks",
					"$(inherited)",
				);
				GCC_PREPROCESSOR_DEFINITIONS = (
					"DEBUG=1",
					"$(inherited)",
				);
				INFOPLIST_FILE = Back_to_mon_cherieTests/Info.plist;
				LD_RUNPATH_SEARCH_PATHS = "$(inherited) @executable_path/Frameworks @loader_path/Frameworks";
				PRODUCT_NAME = "$(TARGET_NAME)";
				TEST_HOST = "$(BUILT_PRODUCTS_DIR)/Back_to_mon_cherie.app/Back_to_mon_cherie";
			};
			name = Debug;
		};
		C6031D071C75AD3A00070A94 /* Release */ = {
			isa = XCBuildConfiguration;
			buildSettings = {
				BUNDLE_LOADER = "$(TEST_HOST)";
				FRAMEWORK_SEARCH_PATHS = (
					"$(SDKROOT)/Developer/Library/Frameworks",
					"$(inherited)",
				);
				INFOPLIST_FILE = Back_to_mon_cherieTests/Info.plist;
				LD_RUNPATH_SEARCH_PATHS = "$(inherited) @executable_path/Frameworks @loader_path/Frameworks";
				PRODUCT_NAME = "$(TARGET_NAME)";
				TEST_HOST = "$(BUILT_PRODUCTS_DIR)/Back_to_mon_cherie.app/Back_to_mon_cherie";
			};
			name = Release;
		};
/* End XCBuildConfiguration section */

/* Begin XCConfigurationList section */
		C6031CDE1C75AD3A00070A94 /* Build configuration list for PBXProject "Back_to_mon_cherie" */ = {
			isa = XCConfigurationList;
			buildConfigurations = (
				C6031D001C75AD3A00070A94 /* Debug */,
				C6031D011C75AD3A00070A94 /* Release */,
			);
			defaultConfigurationIsVisible = 0;
			defaultConfigurationName = Release;
		};
		C6031D021C75AD3A00070A94 /* Build configuration list for PBXNativeTarget "Back_to_mon_cherie" */ = {
			isa = XCConfigurationList;
			buildConfigurations = (
				C6031D031C75AD3A00070A94 /* Debug */,
				C6031D041C75AD3A00070A94 /* Release */,
			);
			defaultConfigurationIsVisible = 0;
		};
		C6031D051C75AD3A00070A94 /* Build configuration list for PBXNativeTarget "Back_to_mon_cherieTests" */ = {
			isa = XCConfigurationList;
			buildConfigurations = (
				C6031D061C75AD3A00070A94 /* Debug */,
				C6031D071C75AD3A00070A94 /* Release */,
			);
			defaultConfigurationIsVisible = 0;
		};
/* End XCConfigurationList section */
	};
	rootObject = C6031CDB1C75AD3A00070A94 /* Project object */;
}
