// !$*UTF8*$!
{
	archiveVersion = 1;
	classes = {
	};
	objectVersion = 46;
	objects = {

/* Begin PBXBuildFile section */
		C66845EA1C8409BC003C4646 /* AppDelegate.swift in Sources */ = {isa = PBXBuildFile; fileRef = C66845E91C8409BC003C4646 /* AppDelegate.swift */; };
		C66845EC1C8409BC003C4646 /* ViewController.swift in Sources */ = {isa = PBXBuildFile; fileRef = C66845EB1C8409BC003C4646 /* ViewController.swift */; };
		C66845EF1C8409BC003C4646 /* Main.storyboard in Resources */ = {isa = PBXBuildFile; fileRef = C66845ED1C8409BC003C4646 /* Main.storyboard */; };
		C66845F11C8409BC003C4646 /* Images.xcassets in Resources */ = {isa = PBXBuildFile; fileRef = C66845F01C8409BC003C4646 /* Images.xcassets */; };
		C66845F41C8409BC003C4646 /* LaunchScreen.xib in Resources */ = {isa = PBXBuildFile; fileRef = C66845F21C8409BC003C4646 /* LaunchScreen.xib */; };
		C66846001C8409BC003C4646 /* Parse_starter_project_w_herokuTests.swift in Sources */ = {isa = PBXBuildFile; fileRef = C66845FF1C8409BC003C4646 /* Parse_starter_project_w_herokuTests.swift */; };
/* End PBXBuildFile section */

/* Begin PBXContainerItemProxy section */
		C66845FA1C8409BC003C4646 /* PBXContainerItemProxy */ = {
			isa = PBXContainerItemProxy;
			containerPortal = C66845DC1C8409BC003C4646 /* Project object */;
			proxyType = 1;
			remoteGlobalIDString = C66845E31C8409BC003C4646;
			remoteInfo = Parse_starter_project_w_heroku;
		};
/* End PBXContainerItemProxy section */

/* Begin PBXFileReference section */
		C66845E41C8409BC003C4646 /* Parse_starter_project_w_heroku.app */ = {isa = PBXFileReference; explicitFileType = wrapper.application; includeInIndex = 0; path = Parse_starter_project_w_heroku.app; sourceTree = BUILT_PRODUCTS_DIR; };
		C66845E81C8409BC003C4646 /* Info.plist */ = {isa = PBXFileReference; lastKnownFileType = text.plist.xml; path = Info.plist; sourceTree = "<group>"; };
		C66845E91C8409BC003C4646 /* AppDelegate.swift */ = {isa = PBXFileReference; lastKnownFileType = sourcecode.swift; path = AppDelegate.swift; sourceTree = "<group>"; };
		C66845EB1C8409BC003C4646 /* ViewController.swift */ = {isa = PBXFileReference; lastKnownFileType = sourcecode.swift; path = ViewController.swift; sourceTree = "<group>"; };
		C66845EE1C8409BC003C4646 /* Base */ = {isa = PBXFileReference; lastKnownFileType = file.storyboard; name = Base; path = Base.lproj/Main.storyboard; sourceTree = "<group>"; };
		C66845F01C8409BC003C4646 /* Images.xcassets */ = {isa = PBXFileReference; lastKnownFileType = folder.assetcatalog; path = Images.xcassets; sourceTree = "<group>"; };
		C66845F31C8409BC003C4646 /* Base */ = {isa = PBXFileReference; lastKnownFileType = file.xib; name = Base; path = Base.lproj/LaunchScreen.xib; sourceTree = "<group>"; };
		C66845F91C8409BC003C4646 /* Parse_starter_project_w_herokuTests.xctest */ = {isa = PBXFileReference; explicitFileType = wrapper.cfbundle; includeInIndex = 0; path = Parse_starter_project_w_herokuTests.xctest; sourceTree = BUILT_PRODUCTS_DIR; };
		C66845FE1C8409BC003C4646 /* Info.plist */ = {isa = PBXFileReference; lastKnownFileType = text.plist.xml; path = Info.plist; sourceTree = "<group>"; };
		C66845FF1C8409BC003C4646 /* Parse_starter_project_w_herokuTests.swift */ = {isa = PBXFileReference; lastKnownFileType = sourcecode.swift; path = Parse_starter_project_w_herokuTests.swift; sourceTree = "<group>"; };
/* End PBXFileReference section */

/* Begin PBXFrameworksBuildPhase section */
		C66845E11C8409BC003C4646 /* Frameworks */ = {
			isa = PBXFrameworksBuildPhase;
			buildActionMask = 2147483647;
			files = (
			);
			runOnlyForDeploymentPostprocessing = 0;
		};
		C66845F61C8409BC003C4646 /* Frameworks */ = {
			isa = PBXFrameworksBuildPhase;
			buildActionMask = 2147483647;
			files = (
			);
			runOnlyForDeploymentPostprocessing = 0;
		};
/* End PBXFrameworksBuildPhase section */

/* Begin PBXGroup section */
		C66845DB1C8409BC003C4646 = {
			isa = PBXGroup;
			children = (
				C66845E61C8409BC003C4646 /* Parse_starter_project_w_heroku */,
				C66845FC1C8409BC003C4646 /* Parse_starter_project_w_herokuTests */,
				C66845E51C8409BC003C4646 /* Products */,
			);
			sourceTree = "<group>";
		};
		C66845E51C8409BC003C4646 /* Products */ = {
			isa = PBXGroup;
			children = (
				C66845E41C8409BC003C4646 /* Parse_starter_project_w_heroku.app */,
				C66845F91C8409BC003C4646 /* Parse_starter_project_w_herokuTests.xctest */,
			);
			name = Products;
			sourceTree = "<group>";
		};
		C66845E61C8409BC003C4646 /* Parse_starter_project_w_heroku */ = {
			isa = PBXGroup;
			children = (
				C66845E91C8409BC003C4646 /* AppDelegate.swift */,
				C66845EB1C8409BC003C4646 /* ViewController.swift */,
				C66845ED1C8409BC003C4646 /* Main.storyboard */,
				C66845F01C8409BC003C4646 /* Images.xcassets */,
				C66845F21C8409BC003C4646 /* LaunchScreen.xib */,
				C66845E71C8409BC003C4646 /* Supporting Files */,
			);
			path = Parse_starter_project_w_heroku;
			sourceTree = "<group>";
		};
		C66845E71C8409BC003C4646 /* Supporting Files */ = {
			isa = PBXGroup;
			children = (
				C66845E81C8409BC003C4646 /* Info.plist */,
			);
			name = "Supporting Files";
			sourceTree = "<group>";
		};
		C66845FC1C8409BC003C4646 /* Parse_starter_project_w_herokuTests */ = {
			isa = PBXGroup;
			children = (
				C66845FF1C8409BC003C4646 /* Parse_starter_project_w_herokuTests.swift */,
				C66845FD1C8409BC003C4646 /* Supporting Files */,
			);
			path = Parse_starter_project_w_herokuTests;
			sourceTree = "<group>";
		};
		C66845FD1C8409BC003C4646 /* Supporting Files */ = {
			isa = PBXGroup;
			children = (
				C66845FE1C8409BC003C4646 /* Info.plist */,
			);
			name = "Supporting Files";
			sourceTree = "<group>";
		};
/* End PBXGroup section */

/* Begin PBXNativeTarget section */
		C66845E31C8409BC003C4646 /* Parse_starter_project_w_heroku */ = {
			isa = PBXNativeTarget;
			buildConfigurationList = C66846031C8409BC003C4646 /* Build configuration list for PBXNativeTarget "Parse_starter_project_w_heroku" */;
			buildPhases = (
				C66845E01C8409BC003C4646 /* Sources */,
				C66845E11C8409BC003C4646 /* Frameworks */,
				C66845E21C8409BC003C4646 /* Resources */,
			);
			buildRules = (
			);
			dependencies = (
			);
			name = Parse_starter_project_w_heroku;
			productName = Parse_starter_project_w_heroku;
			productReference = C66845E41C8409BC003C4646 /* Parse_starter_project_w_heroku.app */;
			productType = "com.apple.product-type.application";
		};
		C66845F81C8409BC003C4646 /* Parse_starter_project_w_herokuTests */ = {
			isa = PBXNativeTarget;
			buildConfigurationList = C66846061C8409BC003C4646 /* Build configuration list for PBXNativeTarget "Parse_starter_project_w_herokuTests" */;
			buildPhases = (
				C66845F51C8409BC003C4646 /* Sources */,
				C66845F61C8409BC003C4646 /* Frameworks */,
				C66845F71C8409BC003C4646 /* Resources */,
			);
			buildRules = (
			);
			dependencies = (
				C66845FB1C8409BC003C4646 /* PBXTargetDependency */,
			);
			name = Parse_starter_project_w_herokuTests;
			productName = Parse_starter_project_w_herokuTests;
			productReference = C66845F91C8409BC003C4646 /* Parse_starter_project_w_herokuTests.xctest */;
			productType = "com.apple.product-type.bundle.unit-test";
		};
/* End PBXNativeTarget section */

/* Begin PBXProject section */
		C66845DC1C8409BC003C4646 /* Project object */ = {
			isa = PBXProject;
			attributes = {
				LastUpgradeCheck = 0610;
				ORGANIZATIONNAME = mk200789;
				TargetAttributes = {
					C66845E31C8409BC003C4646 = {
						CreatedOnToolsVersion = 6.1;
					};
					C66845F81C8409BC003C4646 = {
						CreatedOnToolsVersion = 6.1;
						TestTargetID = C66845E31C8409BC003C4646;
					};
				};
			};
			buildConfigurationList = C66845DF1C8409BC003C4646 /* Build configuration list for PBXProject "Parse_starter_project_w_heroku" */;
			compatibilityVersion = "Xcode 3.2";
			developmentRegion = English;
			hasScannedForEncodings = 0;
			knownRegions = (
				en,
				Base,
			);
			mainGroup = C66845DB1C8409BC003C4646;
			productRefGroup = C66845E51C8409BC003C4646 /* Products */;
			projectDirPath = "";
			projectRoot = "";
			targets = (
				C66845E31C8409BC003C4646 /* Parse_starter_project_w_heroku */,
				C66845F81C8409BC003C4646 /* Parse_starter_project_w_herokuTests */,
			);
		};
/* End PBXProject section */

/* Begin PBXResourcesBuildPhase section */
		C66845E21C8409BC003C4646 /* Resources */ = {
			isa = PBXResourcesBuildPhase;
			buildActionMask = 2147483647;
			files = (
				C66845EF1C8409BC003C4646 /* Main.storyboard in Resources */,
				C66845F41C8409BC003C4646 /* LaunchScreen.xib in Resources */,
				C66845F11C8409BC003C4646 /* Images.xcassets in Resources */,
			);
			runOnlyForDeploymentPostprocessing = 0;
		};
		C66845F71C8409BC003C4646 /* Resources */ = {
			isa = PBXResourcesBuildPhase;
			buildActionMask = 2147483647;
			files = (
			);
			runOnlyForDeploymentPostprocessing = 0;
		};
/* End PBXResourcesBuildPhase section */

/* Begin PBXSourcesBuildPhase section */
		C66845E01C8409BC003C4646 /* Sources */ = {
			isa = PBXSourcesBuildPhase;
			buildActionMask = 2147483647;
			files = (
				C66845EC1C8409BC003C4646 /* ViewController.swift in Sources */,
				C66845EA1C8409BC003C4646 /* AppDelegate.swift in Sources */,
			);
			runOnlyForDeploymentPostprocessing = 0;
		};
		C66845F51C8409BC003C4646 /* Sources */ = {
			isa = PBXSourcesBuildPhase;
			buildActionMask = 2147483647;
			files = (
				C66846001C8409BC003C4646 /* Parse_starter_project_w_herokuTests.swift in Sources */,
			);
			runOnlyForDeploymentPostprocessing = 0;
		};
/* End PBXSourcesBuildPhase section */

/* Begin PBXTargetDependency section */
		C66845FB1C8409BC003C4646 /* PBXTargetDependency */ = {
			isa = PBXTargetDependency;
			target = C66845E31C8409BC003C4646 /* Parse_starter_project_w_heroku */;
			targetProxy = C66845FA1C8409BC003C4646 /* PBXContainerItemProxy */;
		};
/* End PBXTargetDependency section */

/* Begin PBXVariantGroup section */
		C66845ED1C8409BC003C4646 /* Main.storyboard */ = {
			isa = PBXVariantGroup;
			children = (
				C66845EE1C8409BC003C4646 /* Base */,
			);
			name = Main.storyboard;
			sourceTree = "<group>";
		};
		C66845F21C8409BC003C4646 /* LaunchScreen.xib */ = {
			isa = PBXVariantGroup;
			children = (
				C66845F31C8409BC003C4646 /* Base */,
			);
			name = LaunchScreen.xib;
			sourceTree = "<group>";
		};
/* End PBXVariantGroup section */

/* Begin XCBuildConfiguration section */
		C66846011C8409BC003C4646 /* Debug */ = {
			isa = XCBuildConfiguration;
			buildSettings = {
				ALWAYS_SEARCH_USER_PATHS = NO;
				CLANG_CXX_LANGUAGE_STANDARD = "gnu++0x";
				CLANG_CXX_LIBRARY = "libc++";
				CLANG_ENABLE_MODULES = YES;
				CLANG_ENABLE_OBJC_ARC = YES;
				CLANG_WARN_BOOL_CONVERSION = YES;
				CLANG_WARN_CONSTANT_CONVERSION = YES;
				CLANG_WARN_DIRECT_OBJC_ISA_USAGE = YES_ERROR;
				CLANG_WARN_EMPTY_BODY = YES;
				CLANG_WARN_ENUM_CONVERSION = YES;
				CLANG_WARN_INT_CONVERSION = YES;
				CLANG_WARN_OBJC_ROOT_CLASS = YES_ERROR;
				CLANG_WARN_UNREACHABLE_CODE = YES;
				CLANG_WARN__DUPLICATE_METHOD_MATCH = YES;
				"CODE_SIGN_IDENTITY[sdk=iphoneos*]" = "iPhone Developer";
				COPY_PHASE_STRIP = NO;
				ENABLE_STRICT_OBJC_MSGSEND = YES;
				GCC_C_LANGUAGE_STANDARD = gnu99;
				GCC_DYNAMIC_NO_PIC = NO;
				GCC_OPTIMIZATION_LEVEL = 0;
				GCC_PREPROCESSOR_DEFINITIONS = (
					"DEBUG=1",
					"$(inherited)",
				);
				GCC_SYMBOLS_PRIVATE_EXTERN = NO;
				GCC_WARN_64_TO_32_BIT_CONVERSION = YES;
				GCC_WARN_ABOUT_RETURN_TYPE = YES_ERROR;
				GCC_WARN_UNDECLARED_SELECTOR = YES;
				GCC_WARN_UNINITIALIZED_AUTOS = YES_AGGRESSIVE;
				GCC_WARN_UNUSED_FUNCTION = YES;
				GCC_WARN_UNUSED_VARIABLE = YES;
				IPHONEOS_DEPLOYMENT_TARGET = 8.1;
				MTL_ENABLE_DEBUG_INFO = YES;
				ONLY_ACTIVE_ARCH = YES;
				SDKROOT = iphoneos;
				SWIFT_OPTIMIZATION_LEVEL = "-Onone";
			};
			name = Debug;
		};
		C66846021C8409BC003C4646 /* Release */ = {
			isa = XCBuildConfiguration;
			buildSettings = {
				ALWAYS_SEARCH_USER_PATHS = NO;
				CLANG_CXX_LANGUAGE_STANDARD = "gnu++0x";
				CLANG_CXX_LIBRARY = "libc++";
				CLANG_ENABLE_MODULES = YES;
				CLANG_ENABLE_OBJC_ARC = YES;
				CLANG_WARN_BOOL_CONVERSION = YES;
				CLANG_WARN_CONSTANT_CONVERSION = YES;
				CLANG_WARN_DIRECT_OBJC_ISA_USAGE = YES_ERROR;
				CLANG_WARN_EMPTY_BODY = YES;
				CLANG_WARN_ENUM_CONVERSION = YES;
				CLANG_WARN_INT_CONVERSION = YES;
				CLANG_WARN_OBJC_ROOT_CLASS = YES_ERROR;
				CLANG_WARN_UNREACHABLE_CODE = YES;
				CLANG_WARN__DUPLICATE_METHOD_MATCH = YES;
				"CODE_SIGN_IDENTITY[sdk=iphoneos*]" = "iPhone Developer";
				COPY_PHASE_STRIP = YES;
				ENABLE_NS_ASSERTIONS = NO;
				ENABLE_STRICT_OBJC_MSGSEND = YES;
				GCC_C_LANGUAGE_STANDARD = gnu99;
				GCC_WARN_64_TO_32_BIT_CONVERSION = YES;
				GCC_WARN_ABOUT_RETURN_TYPE = YES_ERROR;
				GCC_WARN_UNDECLARED_SELECTOR = YES;
				GCC_WARN_UNINITIALIZED_AUTOS = YES_AGGRESSIVE;
				GCC_WARN_UNUSED_FUNCTION = YES;
				GCC_WARN_UNUSED_VARIABLE = YES;
				IPHONEOS_DEPLOYMENT_TARGET = 8.1;
				MTL_ENABLE_DEBUG_INFO = NO;
				SDKROOT = iphoneos;
				VALIDATE_PRODUCT = YES;
			};
			name = Release;
		};
		C66846041C8409BC003C4646 /* Debug */ = {
			isa = XCBuildConfiguration;
			buildSettings = {
				ASSETCATALOG_COMPILER_APPICON_NAME = AppIcon;
				INFOPLIST_FILE = Parse_starter_project_w_heroku/Info.plist;
				LD_RUNPATH_SEARCH_PATHS = "$(inherited) @executable_path/Frameworks";
				PRODUCT_NAME = "$(TARGET_NAME)";
			};
			name = Debug;
		};
		C66846051C8409BC003C4646 /* Release */ = {
			isa = XCBuildConfiguration;
			buildSettings = {
				ASSETCATALOG_COMPILER_APPICON_NAME = AppIcon;
				INFOPLIST_FILE = Parse_starter_project_w_heroku/Info.plist;
				LD_RUNPATH_SEARCH_PATHS = "$(inherited) @executable_path/Frameworks";
				PRODUCT_NAME = "$(TARGET_NAME)";
			};
			name = Release;
		};
		C66846071C8409BC003C4646 /* Debug */ = {
			isa = XCBuildConfiguration;
			buildSettings = {
				BUNDLE_LOADER = "$(TEST_HOST)";
				FRAMEWORK_SEARCH_PATHS = (
					"$(SDKROOT)/Developer/Library/Frameworks",
					"$(inherited)",
				);
				GCC_PREPROCESSOR_DEFINITIONS = (
					"DEBUG=1",
					"$(inherited)",
				);
				INFOPLIST_FILE = Parse_starter_project_w_herokuTests/Info.plist;
				LD_RUNPATH_SEARCH_PATHS = "$(inherited) @executable_path/Frameworks @loader_path/Frameworks";
				PRODUCT_NAME = "$(TARGET_NAME)";
				TEST_HOST = "$(BUILT_PRODUCTS_DIR)/Parse_starter_project_w_heroku.app/Parse_starter_project_w_heroku";
			};
			name = Debug;
		};
		C66846081C8409BC003C4646 /* Release */ = {
			isa = XCBuildConfiguration;
			buildSettings = {
				BUNDLE_LOADER = "$(TEST_HOST)";
				FRAMEWORK_SEARCH_PATHS = (
					"$(SDKROOT)/Developer/Library/Frameworks",
					"$(inherited)",
				);
				INFOPLIST_FILE = Parse_starter_project_w_herokuTests/Info.plist;
				LD_RUNPATH_SEARCH_PATHS = "$(inherited) @executable_path/Frameworks @loader_path/Frameworks";
				PRODUCT_NAME = "$(TARGET_NAME)";
				TEST_HOST = "$(BUILT_PRODUCTS_DIR)/Parse_starter_project_w_heroku.app/Parse_starter_project_w_heroku";
			};
			name = Release;
		};
/* End XCBuildConfiguration section */

/* Begin XCConfigurationList section */
		C66845DF1C8409BC003C4646 /* Build configuration list for PBXProject "Parse_starter_project_w_heroku" */ = {
			isa = XCConfigurationList;
			buildConfigurations = (
				C66846011C8409BC003C4646 /* Debug */,
				C66846021C8409BC003C4646 /* Release */,
			);
			defaultConfigurationIsVisible = 0;
			defaultConfigurationName = Release;
		};
		C66846031C8409BC003C4646 /* Build configuration list for PBXNativeTarget "Parse_starter_project_w_heroku" */ = {
			isa = XCConfigurationList;
			buildConfigurations = (
				C66846041C8409BC003C4646 /* Debug */,
				C66846051C8409BC003C4646 /* Release */,
			);
			defaultConfigurationIsVisible = 0;
		};
		C66846061C8409BC003C4646 /* Build configuration list for PBXNativeTarget "Parse_starter_project_w_herokuTests" */ = {
			isa = XCConfigurationList;
			buildConfigurations = (
				C66846071C8409BC003C4646 /* Debug */,
				C66846081C8409BC003C4646 /* Release */,
			);
			defaultConfigurationIsVisible = 0;
		};
/* End XCConfigurationList section */
	};
	rootObject = C66845DC1C8409BC003C4646 /* Project object */;
}
