// !$*UTF8*$!
{
	archiveVersion = 1;
	classes = {
	};
	objectVersion = 46;
	objects = {

/* Begin PBXBuildFile section */
		C6EA395B1C1D29DD00EF939D /* AppDelegate.swift in Sources */ = {isa = PBXBuildFile; fileRef = C6EA395A1C1D29DD00EF939D /* AppDelegate.swift */; };
		C6EA395D1C1D29DD00EF939D /* FirstViewController.swift in Sources */ = {isa = PBXBuildFile; fileRef = C6EA395C1C1D29DD00EF939D /* FirstViewController.swift */; };
		C6EA395F1C1D29DD00EF939D /* SecondViewController.swift in Sources */ = {isa = PBXBuildFile; fileRef = C6EA395E1C1D29DD00EF939D /* SecondViewController.swift */; };
		C6EA39621C1D29DD00EF939D /* Main.storyboard in Resources */ = {isa = PBXBuildFile; fileRef = C6EA39601C1D29DD00EF939D /* Main.storyboard */; };
		C6EA39641C1D29DD00EF939D /* Images.xcassets in Resources */ = {isa = PBXBuildFile; fileRef = C6EA39631C1D29DD00EF939D /* Images.xcassets */; };
		C6EA39671C1D29DD00EF939D /* LaunchScreen.xib in Resources */ = {isa = PBXBuildFile; fileRef = C6EA39651C1D29DD00EF939D /* LaunchScreen.xib */; };
		C6EA39731C1D29DD00EF939D /* TodoTests.swift in Sources */ = {isa = PBXBuildFile; fileRef = C6EA39721C1D29DD00EF939D /* TodoTests.swift */; };
/* End PBXBuildFile section */

/* Begin PBXContainerItemProxy section */
		C6EA396D1C1D29DD00EF939D /* PBXContainerItemProxy */ = {
			isa = PBXContainerItemProxy;
			containerPortal = C6EA394D1C1D29DD00EF939D /* Project object */;
			proxyType = 1;
			remoteGlobalIDString = C6EA39541C1D29DD00EF939D;
			remoteInfo = Todo;
		};
/* End PBXContainerItemProxy section */

/* Begin PBXFileReference section */
		C6EA39551C1D29DD00EF939D /* Todo.app */ = {isa = PBXFileReference; explicitFileType = wrapper.application; includeInIndex = 0; path = Todo.app; sourceTree = BUILT_PRODUCTS_DIR; };
		C6EA39591C1D29DD00EF939D /* Info.plist */ = {isa = PBXFileReference; lastKnownFileType = text.plist.xml; path = Info.plist; sourceTree = "<group>"; };
		C6EA395A1C1D29DD00EF939D /* AppDelegate.swift */ = {isa = PBXFileReference; lastKnownFileType = sourcecode.swift; path = AppDelegate.swift; sourceTree = "<group>"; };
		C6EA395C1C1D29DD00EF939D /* FirstViewController.swift */ = {isa = PBXFileReference; lastKnownFileType = sourcecode.swift; path = FirstViewController.swift; sourceTree = "<group>"; };
		C6EA395E1C1D29DD00EF939D /* SecondViewController.swift */ = {isa = PBXFileReference; lastKnownFileType = sourcecode.swift; path = SecondViewController.swift; sourceTree = "<group>"; };
		C6EA39611C1D29DD00EF939D /* Base */ = {isa = PBXFileReference; lastKnownFileType = file.storyboard; name = Base; path = Base.lproj/Main.storyboard; sourceTree = "<group>"; };
		C6EA39631C1D29DD00EF939D /* Images.xcassets */ = {isa = PBXFileReference; lastKnownFileType = folder.assetcatalog; path = Images.xcassets; sourceTree = "<group>"; };
		C6EA39661C1D29DD00EF939D /* Base */ = {isa = PBXFileReference; lastKnownFileType = file.xib; name = Base; path = Base.lproj/LaunchScreen.xib; sourceTree = "<group>"; };
		C6EA396C1C1D29DD00EF939D /* TodoTests.xctest */ = {isa = PBXFileReference; explicitFileType = wrapper.cfbundle; includeInIndex = 0; path = TodoTests.xctest; sourceTree = BUILT_PRODUCTS_DIR; };
		C6EA39711C1D29DD00EF939D /* Info.plist */ = {isa = PBXFileReference; lastKnownFileType = text.plist.xml; path = Info.plist; sourceTree = "<group>"; };
		C6EA39721C1D29DD00EF939D /* TodoTests.swift */ = {isa = PBXFileReference; lastKnownFileType = sourcecode.swift; path = TodoTests.swift; sourceTree = "<group>"; };
/* End PBXFileReference section */

/* Begin PBXFrameworksBuildPhase section */
		C6EA39521C1D29DD00EF939D /* Frameworks */ = {
			isa = PBXFrameworksBuildPhase;
			buildActionMask = 2147483647;
			files = (
			);
			runOnlyForDeploymentPostprocessing = 0;
		};
		C6EA39691C1D29DD00EF939D /* Frameworks */ = {
			isa = PBXFrameworksBuildPhase;
			buildActionMask = 2147483647;
			files = (
			);
			runOnlyForDeploymentPostprocessing = 0;
		};
/* End PBXFrameworksBuildPhase section */

/* Begin PBXGroup section */
		C6EA394C1C1D29DD00EF939D = {
			isa = PBXGroup;
			children = (
				C6EA39571C1D29DD00EF939D /* Todo */,
				C6EA396F1C1D29DD00EF939D /* TodoTests */,
				C6EA39561C1D29DD00EF939D /* Products */,
			);
			sourceTree = "<group>";
		};
		C6EA39561C1D29DD00EF939D /* Products */ = {
			isa = PBXGroup;
			children = (
				C6EA39551C1D29DD00EF939D /* Todo.app */,
				C6EA396C1C1D29DD00EF939D /* TodoTests.xctest */,
			);
			name = Products;
			sourceTree = "<group>";
		};
		C6EA39571C1D29DD00EF939D /* Todo */ = {
			isa = PBXGroup;
			children = (
				C6EA395A1C1D29DD00EF939D /* AppDelegate.swift */,
				C6EA395C1C1D29DD00EF939D /* FirstViewController.swift */,
				C6EA395E1C1D29DD00EF939D /* SecondViewController.swift */,
				C6EA39601C1D29DD00EF939D /* Main.storyboard */,
				C6EA39631C1D29DD00EF939D /* Images.xcassets */,
				C6EA39651C1D29DD00EF939D /* LaunchScreen.xib */,
				C6EA39581C1D29DD00EF939D /* Supporting Files */,
			);
			path = Todo;
			sourceTree = "<group>";
		};
		C6EA39581C1D29DD00EF939D /* Supporting Files */ = {
			isa = PBXGroup;
			children = (
				C6EA39591C1D29DD00EF939D /* Info.plist */,
			);
			name = "Supporting Files";
			sourceTree = "<group>";
		};
		C6EA396F1C1D29DD00EF939D /* TodoTests */ = {
			isa = PBXGroup;
			children = (
				C6EA39721C1D29DD00EF939D /* TodoTests.swift */,
				C6EA39701C1D29DD00EF939D /* Supporting Files */,
			);
			path = TodoTests;
			sourceTree = "<group>";
		};
		C6EA39701C1D29DD00EF939D /* Supporting Files */ = {
			isa = PBXGroup;
			children = (
				C6EA39711C1D29DD00EF939D /* Info.plist */,
			);
			name = "Supporting Files";
			sourceTree = "<group>";
		};
/* End PBXGroup section */

/* Begin PBXNativeTarget section */
		C6EA39541C1D29DD00EF939D /* Todo */ = {
			isa = PBXNativeTarget;
			buildConfigurationList = C6EA39761C1D29DD00EF939D /* Build configuration list for PBXNativeTarget "Todo" */;
			buildPhases = (
				C6EA39511C1D29DD00EF939D /* Sources */,
				C6EA39521C1D29DD00EF939D /* Frameworks */,
				C6EA39531C1D29DD00EF939D /* Resources */,
			);
			buildRules = (
			);
			dependencies = (
			);
			name = Todo;
			productName = Todo;
			productReference = C6EA39551C1D29DD00EF939D /* Todo.app */;
			productType = "com.apple.product-type.application";
		};
		C6EA396B1C1D29DD00EF939D /* TodoTests */ = {
			isa = PBXNativeTarget;
			buildConfigurationList = C6EA39791C1D29DD00EF939D /* Build configuration list for PBXNativeTarget "TodoTests" */;
			buildPhases = (
				C6EA39681C1D29DD00EF939D /* Sources */,
				C6EA39691C1D29DD00EF939D /* Frameworks */,
				C6EA396A1C1D29DD00EF939D /* Resources */,
			);
			buildRules = (
			);
			dependencies = (
				C6EA396E1C1D29DD00EF939D /* PBXTargetDependency */,
			);
			name = TodoTests;
			productName = TodoTests;
			productReference = C6EA396C1C1D29DD00EF939D /* TodoTests.xctest */;
			productType = "com.apple.product-type.bundle.unit-test";
		};
/* End PBXNativeTarget section */

/* Begin PBXProject section */
		C6EA394D1C1D29DD00EF939D /* Project object */ = {
			isa = PBXProject;
			attributes = {
				LastUpgradeCheck = 0610;
				ORGANIZATIONNAME = mk200789;
				TargetAttributes = {
					C6EA39541C1D29DD00EF939D = {
						CreatedOnToolsVersion = 6.1;
					};
					C6EA396B1C1D29DD00EF939D = {
						CreatedOnToolsVersion = 6.1;
						TestTargetID = C6EA39541C1D29DD00EF939D;
					};
				};
			};
			buildConfigurationList = C6EA39501C1D29DD00EF939D /* Build configuration list for PBXProject "Todo" */;
			compatibilityVersion = "Xcode 3.2";
			developmentRegion = English;
			hasScannedForEncodings = 0;
			knownRegions = (
				en,
				Base,
			);
			mainGroup = C6EA394C1C1D29DD00EF939D;
			productRefGroup = C6EA39561C1D29DD00EF939D /* Products */;
			projectDirPath = "";
			projectRoot = "";
			targets = (
				C6EA39541C1D29DD00EF939D /* Todo */,
				C6EA396B1C1D29DD00EF939D /* TodoTests */,
			);
		};
/* End PBXProject section */

/* Begin PBXResourcesBuildPhase section */
		C6EA39531C1D29DD00EF939D /* Resources */ = {
			isa = PBXResourcesBuildPhase;
			buildActionMask = 2147483647;
			files = (
				C6EA39621C1D29DD00EF939D /* Main.storyboard in Resources */,
				C6EA39671C1D29DD00EF939D /* LaunchScreen.xib in Resources */,
				C6EA39641C1D29DD00EF939D /* Images.xcassets in Resources */,
			);
			runOnlyForDeploymentPostprocessing = 0;
		};
		C6EA396A1C1D29DD00EF939D /* Resources */ = {
			isa = PBXResourcesBuildPhase;
			buildActionMask = 2147483647;
			files = (
			);
			runOnlyForDeploymentPostprocessing = 0;
		};
/* End PBXResourcesBuildPhase section */

/* Begin PBXSourcesBuildPhase section */
		C6EA39511C1D29DD00EF939D /* Sources */ = {
			isa = PBXSourcesBuildPhase;
			buildActionMask = 2147483647;
			files = (
				C6EA395F1C1D29DD00EF939D /* SecondViewController.swift in Sources */,
				C6EA395B1C1D29DD00EF939D /* AppDelegate.swift in Sources */,
				C6EA395D1C1D29DD00EF939D /* FirstViewController.swift in Sources */,
			);
			runOnlyForDeploymentPostprocessing = 0;
		};
		C6EA39681C1D29DD00EF939D /* Sources */ = {
			isa = PBXSourcesBuildPhase;
			buildActionMask = 2147483647;
			files = (
				C6EA39731C1D29DD00EF939D /* TodoTests.swift in Sources */,
			);
			runOnlyForDeploymentPostprocessing = 0;
		};
/* End PBXSourcesBuildPhase section */

/* Begin PBXTargetDependency section */
		C6EA396E1C1D29DD00EF939D /* PBXTargetDependency */ = {
			isa = PBXTargetDependency;
			target = C6EA39541C1D29DD00EF939D /* Todo */;
			targetProxy = C6EA396D1C1D29DD00EF939D /* PBXContainerItemProxy */;
		};
/* End PBXTargetDependency section */

/* Begin PBXVariantGroup section */
		C6EA39601C1D29DD00EF939D /* Main.storyboard */ = {
			isa = PBXVariantGroup;
			children = (
				C6EA39611C1D29DD00EF939D /* Base */,
			);
			name = Main.storyboard;
			sourceTree = "<group>";
		};
		C6EA39651C1D29DD00EF939D /* LaunchScreen.xib */ = {
			isa = PBXVariantGroup;
			children = (
				C6EA39661C1D29DD00EF939D /* Base */,
			);
			name = LaunchScreen.xib;
			sourceTree = "<group>";
		};
/* End PBXVariantGroup section */

/* Begin XCBuildConfiguration section */
		C6EA39741C1D29DD00EF939D /* Debug */ = {
			isa = XCBuildConfiguration;
			buildSettings = {
				ALWAYS_SEARCH_USER_PATHS = NO;
				CLANG_CXX_LANGUAGE_STANDARD = "gnu++0x";
				CLANG_CXX_LIBRARY = "libc++";
				CLANG_ENABLE_MODULES = YES;
				CLANG_ENABLE_OBJC_ARC = YES;
				CLANG_WARN_BOOL_CONVERSION = YES;
				CLANG_WARN_CONSTANT_CONVERSION = YES;
				CLANG_WARN_DIRECT_OBJC_ISA_USAGE = YES_ERROR;
				CLANG_WARN_EMPTY_BODY = YES;
				CLANG_WARN_ENUM_CONVERSION = YES;
				CLANG_WARN_INT_CONVERSION = YES;
				CLANG_WARN_OBJC_ROOT_CLASS = YES_ERROR;
				CLANG_WARN_UNREACHABLE_CODE = YES;
				CLANG_WARN__DUPLICATE_METHOD_MATCH = YES;
				"CODE_SIGN_IDENTITY[sdk=iphoneos*]" = "iPhone Developer";
				COPY_PHASE_STRIP = NO;
				ENABLE_STRICT_OBJC_MSGSEND = YES;
				GCC_C_LANGUAGE_STANDARD = gnu99;
				GCC_DYNAMIC_NO_PIC = NO;
				GCC_OPTIMIZATION_LEVEL = 0;
				GCC_PREPROCESSOR_DEFINITIONS = (
					"DEBUG=1",
					"$(inherited)",
				);
				GCC_SYMBOLS_PRIVATE_EXTERN = NO;
				GCC_WARN_64_TO_32_BIT_CONVERSION = YES;
				GCC_WARN_ABOUT_RETURN_TYPE = YES_ERROR;
				GCC_WARN_UNDECLARED_SELECTOR = YES;
				GCC_WARN_UNINITIALIZED_AUTOS = YES_AGGRESSIVE;
				GCC_WARN_UNUSED_FUNCTION = YES;
				GCC_WARN_UNUSED_VARIABLE = YES;
				IPHONEOS_DEPLOYMENT_TARGET = 8.1;
				MTL_ENABLE_DEBUG_INFO = YES;
				ONLY_ACTIVE_ARCH = YES;
				SDKROOT = iphoneos;
				SWIFT_OPTIMIZATION_LEVEL = "-Onone";
			};
			name = Debug;
		};
		C6EA39751C1D29DD00EF939D /* Release */ = {
			isa = XCBuildConfiguration;
			buildSettings = {
				ALWAYS_SEARCH_USER_PATHS = NO;
				CLANG_CXX_LANGUAGE_STANDARD = "gnu++0x";
				CLANG_CXX_LIBRARY = "libc++";
				CLANG_ENABLE_MODULES = YES;
				CLANG_ENABLE_OBJC_ARC = YES;
				CLANG_WARN_BOOL_CONVERSION = YES;
				CLANG_WARN_CONSTANT_CONVERSION = YES;
				CLANG_WARN_DIRECT_OBJC_ISA_USAGE = YES_ERROR;
				CLANG_WARN_EMPTY_BODY = YES;
				CLANG_WARN_ENUM_CONVERSION = YES;
				CLANG_WARN_INT_CONVERSION = YES;
				CLANG_WARN_OBJC_ROOT_CLASS = YES_ERROR;
				CLANG_WARN_UNREACHABLE_CODE = YES;
				CLANG_WARN__DUPLICATE_METHOD_MATCH = YES;
				"CODE_SIGN_IDENTITY[sdk=iphoneos*]" = "iPhone Developer";
				COPY_PHASE_STRIP = YES;
				ENABLE_NS_ASSERTIONS = NO;
				ENABLE_STRICT_OBJC_MSGSEND = YES;
				GCC_C_LANGUAGE_STANDARD = gnu99;
				GCC_WARN_64_TO_32_BIT_CONVERSION = YES;
				GCC_WARN_ABOUT_RETURN_TYPE = YES_ERROR;
				GCC_WARN_UNDECLARED_SELECTOR = YES;
				GCC_WARN_UNINITIALIZED_AUTOS = YES_AGGRESSIVE;
				GCC_WARN_UNUSED_FUNCTION = YES;
				GCC_WARN_UNUSED_VARIABLE = YES;
				IPHONEOS_DEPLOYMENT_TARGET = 8.1;
				MTL_ENABLE_DEBUG_INFO = NO;
				SDKROOT = iphoneos;
				VALIDATE_PRODUCT = YES;
			};
			name = Release;
		};
		C6EA39771C1D29DD00EF939D /* Debug */ = {
			isa = XCBuildConfiguration;
			buildSettings = {
				ASSETCATALOG_COMPILER_APPICON_NAME = AppIcon;
				INFOPLIST_FILE = Todo/Info.plist;
				LD_RUNPATH_SEARCH_PATHS = "$(inherited) @executable_path/Frameworks";
				PRODUCT_NAME = "$(TARGET_NAME)";
			};
			name = Debug;
		};
		C6EA39781C1D29DD00EF939D /* Release */ = {
			isa = XCBuildConfiguration;
			buildSettings = {
				ASSETCATALOG_COMPILER_APPICON_NAME = AppIcon;
				INFOPLIST_FILE = Todo/Info.plist;
				LD_RUNPATH_SEARCH_PATHS = "$(inherited) @executable_path/Frameworks";
				PRODUCT_NAME = "$(TARGET_NAME)";
			};
			name = Release;
		};
		C6EA397A1C1D29DD00EF939D /* Debug */ = {
			isa = XCBuildConfiguration;
			buildSettings = {
				BUNDLE_LOADER = "$(TEST_HOST)";
				FRAMEWORK_SEARCH_PATHS = (
					"$(SDKROOT)/Developer/Library/Frameworks",
					"$(inherited)",
				);
				GCC_PREPROCESSOR_DEFINITIONS = (
					"DEBUG=1",
					"$(inherited)",
				);
				INFOPLIST_FILE = TodoTests/Info.plist;
				LD_RUNPATH_SEARCH_PATHS = "$(inherited) @executable_path/Frameworks @loader_path/Frameworks";
				PRODUCT_NAME = "$(TARGET_NAME)";
				TEST_HOST = "$(BUILT_PRODUCTS_DIR)/Todo.app/Todo";
			};
			name = Debug;
		};
		C6EA397B1C1D29DD00EF939D /* Release */ = {
			isa = XCBuildConfiguration;
			buildSettings = {
				BUNDLE_LOADER = "$(TEST_HOST)";
				FRAMEWORK_SEARCH_PATHS = (
					"$(SDKROOT)/Developer/Library/Frameworks",
					"$(inherited)",
				);
				INFOPLIST_FILE = TodoTests/Info.plist;
				LD_RUNPATH_SEARCH_PATHS = "$(inherited) @executable_path/Frameworks @loader_path/Frameworks";
				PRODUCT_NAME = "$(TARGET_NAME)";
				TEST_HOST = "$(BUILT_PRODUCTS_DIR)/Todo.app/Todo";
			};
			name = Release;
		};
/* End XCBuildConfiguration section */

/* Begin XCConfigurationList section */
		C6EA39501C1D29DD00EF939D /* Build configuration list for PBXProject "Todo" */ = {
			isa = XCConfigurationList;
			buildConfigurations = (
				C6EA39741C1D29DD00EF939D /* Debug */,
				C6EA39751C1D29DD00EF939D /* Release */,
			);
			defaultConfigurationIsVisible = 0;
			defaultConfigurationName = Release;
		};
		C6EA39761C1D29DD00EF939D /* Build configuration list for PBXNativeTarget "Todo" */ = {
			isa = XCConfigurationList;
			buildConfigurations = (
				C6EA39771C1D29DD00EF939D /* Debug */,
				C6EA39781C1D29DD00EF939D /* Release */,
			);
			defaultConfigurationIsVisible = 0;
		};
		C6EA39791C1D29DD00EF939D /* Build configuration list for PBXNativeTarget "TodoTests" */ = {
			isa = XCConfigurationList;
			buildConfigurations = (
				C6EA397A1C1D29DD00EF939D /* Debug */,
				C6EA397B1C1D29DD00EF939D /* Release */,
			);
			defaultConfigurationIsVisible = 0;
		};
/* End XCConfigurationList section */
	};
	rootObject = C6EA394D1C1D29DD00EF939D /* Project object */;
}
