// !$*UTF8*$!
{
	archiveVersion = 1;
	classes = {
	};
	objectVersion = 46;
	objects = {

/* Begin PBXBuildFile section */
		C664A66A1E9F3AFB00BC6762 /* AppDelegate.swift in Sources */ = {isa = PBXBuildFile; fileRef = C664A6691E9F3AFB00BC6762 /* AppDelegate.swift */; };
		C664A66C1E9F3AFB00BC6762 /* ViewController.swift in Sources */ = {isa = PBXBuildFile; fileRef = C664A66B1E9F3AFB00BC6762 /* ViewController.swift */; };
		C664A66F1E9F3AFB00BC6762 /* Main.storyboard in Resources */ = {isa = PBXBuildFile; fileRef = C664A66D1E9F3AFB00BC6762 /* Main.storyboard */; };
		C664A6721E9F3AFB00BC6762 /* kim.xcdatamodeld in Sources */ = {isa = PBXBuildFile; fileRef = C664A6701E9F3AFB00BC6762 /* kim.xcdatamodeld */; };
		C664A6741E9F3AFB00BC6762 /* Assets.xcassets in Resources */ = {isa = PBXBuildFile; fileRef = C664A6731E9F3AFB00BC6762 /* Assets.xcassets */; };
		C664A6771E9F3AFB00BC6762 /* LaunchScreen.storyboard in Resources */ = {isa = PBXBuildFile; fileRef = C664A6751E9F3AFB00BC6762 /* LaunchScreen.storyboard */; };
		C664A6821E9F3AFB00BC6762 /* kimTests.swift in Sources */ = {isa = PBXBuildFile; fileRef = C664A6811E9F3AFB00BC6762 /* kimTests.swift */; };
		C664A68D1E9F3AFB00BC6762 /* kimUITests.swift in Sources */ = {isa = PBXBuildFile; fileRef = C664A68C1E9F3AFB00BC6762 /* kimUITests.swift */; };
/* End PBXBuildFile section */

/* Begin PBXContainerItemProxy section */
		C664A67E1E9F3AFB00BC6762 /* PBXContainerItemProxy */ = {
			isa = PBXContainerItemProxy;
			containerPortal = C664A65E1E9F3AFB00BC6762 /* Project object */;
			proxyType = 1;
			remoteGlobalIDString = C664A6651E9F3AFB00BC6762;
			remoteInfo = kim;
		};
		C664A6891E9F3AFB00BC6762 /* PBXContainerItemProxy */ = {
			isa = PBXContainerItemProxy;
			containerPortal = C664A65E1E9F3AFB00BC6762 /* Project object */;
			proxyType = 1;
			remoteGlobalIDString = C664A6651E9F3AFB00BC6762;
			remoteInfo = kim;
		};
/* End PBXContainerItemProxy section */

/* Begin PBXFileReference section */
		C664A6661E9F3AFB00BC6762 /* kim mok.app */ = {isa = PBXFileReference; explicitFileType = wrapper.application; includeInIndex = 0; path = "kim mok.app"; sourceTree = BUILT_PRODUCTS_DIR; };
		C664A6691E9F3AFB00BC6762 /* AppDelegate.swift */ = {isa = PBXFileReference; lastKnownFileType = sourcecode.swift; path = AppDelegate.swift; sourceTree = "<group>"; };
		C664A66B1E9F3AFB00BC6762 /* ViewController.swift */ = {isa = PBXFileReference; lastKnownFileType = sourcecode.swift; path = ViewController.swift; sourceTree = "<group>"; };
		C664A66E1E9F3AFB00BC6762 /* Base */ = {isa = PBXFileReference; lastKnownFileType = file.storyboard; name = Base; path = Base.lproj/Main.storyboard; sourceTree = "<group>"; };
		C664A6711E9F3AFB00BC6762 /* kim.xcdatamodel */ = {isa = PBXFileReference; lastKnownFileType = wrapper.xcdatamodel; path = kim.xcdatamodel; sourceTree = "<group>"; };
		C664A6731E9F3AFB00BC6762 /* Assets.xcassets */ = {isa = PBXFileReference; lastKnownFileType = folder.assetcatalog; path = Assets.xcassets; sourceTree = "<group>"; };
		C664A6761E9F3AFB00BC6762 /* Base */ = {isa = PBXFileReference; lastKnownFileType = file.storyboard; name = Base; path = Base.lproj/LaunchScreen.storyboard; sourceTree = "<group>"; };
		C664A6781E9F3AFB00BC6762 /* Info.plist */ = {isa = PBXFileReference; lastKnownFileType = text.plist.xml; path = Info.plist; sourceTree = "<group>"; };
		C664A67D1E9F3AFB00BC6762 /* kim mokTests.xctest */ = {isa = PBXFileReference; explicitFileType = wrapper.cfbundle; includeInIndex = 0; path = "kim mokTests.xctest"; sourceTree = BUILT_PRODUCTS_DIR; };
		C664A6811E9F3AFB00BC6762 /* kimTests.swift */ = {isa = PBXFileReference; lastKnownFileType = sourcecode.swift; path = kimTests.swift; sourceTree = "<group>"; };
		C664A6831E9F3AFB00BC6762 /* Info.plist */ = {isa = PBXFileReference; lastKnownFileType = text.plist.xml; path = Info.plist; sourceTree = "<group>"; };
		C664A6881E9F3AFB00BC6762 /* kim mokUITests.xctest */ = {isa = PBXFileReference; explicitFileType = wrapper.cfbundle; includeInIndex = 0; path = "kim mokUITests.xctest"; sourceTree = BUILT_PRODUCTS_DIR; };
		C664A68C1E9F3AFB00BC6762 /* kimUITests.swift */ = {isa = PBXFileReference; lastKnownFileType = sourcecode.swift; path = kimUITests.swift; sourceTree = "<group>"; };
		C664A68E1E9F3AFB00BC6762 /* Info.plist */ = {isa = PBXFileReference; lastKnownFileType = text.plist.xml; path = Info.plist; sourceTree = "<group>"; };
/* End PBXFileReference section */

/* Begin PBXFrameworksBuildPhase section */
		C664A6631E9F3AFB00BC6762 /* Frameworks */ = {
			isa = PBXFrameworksBuildPhase;
			buildActionMask = 2147483647;
			files = (
			);
			runOnlyForDeploymentPostprocessing = 0;
		};
		C664A67A1E9F3AFB00BC6762 /* Frameworks */ = {
			isa = PBXFrameworksBuildPhase;
			buildActionMask = 2147483647;
			files = (
			);
			runOnlyForDeploymentPostprocessing = 0;
		};
		C664A6851E9F3AFB00BC6762 /* Frameworks */ = {
			isa = PBXFrameworksBuildPhase;
			buildActionMask = 2147483647;
			files = (
			);
			runOnlyForDeploymentPostprocessing = 0;
		};
/* End PBXFrameworksBuildPhase section */

/* Begin PBXGroup section */
		C664A65D1E9F3AFB00BC6762 = {
			isa = PBXGroup;
			children = (
				C664A6681E9F3AFB00BC6762 /* kim */,
				C664A6801E9F3AFB00BC6762 /* kimTests */,
				C664A68B1E9F3AFB00BC6762 /* kimUITests */,
				C664A6671E9F3AFB00BC6762 /* Products */,
			);
			sourceTree = "<group>";
		};
		C664A6671E9F3AFB00BC6762 /* Products */ = {
			isa = PBXGroup;
			children = (
				C664A6661E9F3AFB00BC6762 /* kim mok.app */,
				C664A67D1E9F3AFB00BC6762 /* kim mokTests.xctest */,
				C664A6881E9F3AFB00BC6762 /* kim mokUITests.xctest */,
			);
			name = Products;
			sourceTree = "<group>";
		};
		C664A6681E9F3AFB00BC6762 /* kim */ = {
			isa = PBXGroup;
			children = (
				C664A6691E9F3AFB00BC6762 /* AppDelegate.swift */,
				C664A66B1E9F3AFB00BC6762 /* ViewController.swift */,
				C664A66D1E9F3AFB00BC6762 /* Main.storyboard */,
				C664A6731E9F3AFB00BC6762 /* Assets.xcassets */,
				C664A6751E9F3AFB00BC6762 /* LaunchScreen.storyboard */,
				C664A6781E9F3AFB00BC6762 /* Info.plist */,
				C664A6701E9F3AFB00BC6762 /* kim.xcdatamodeld */,
			);
			path = kim;
			sourceTree = "<group>";
		};
		C664A6801E9F3AFB00BC6762 /* kimTests */ = {
			isa = PBXGroup;
			children = (
				C664A6811E9F3AFB00BC6762 /* kimTests.swift */,
				C664A6831E9F3AFB00BC6762 /* Info.plist */,
			);
			path = kimTests;
			sourceTree = "<group>";
		};
		C664A68B1E9F3AFB00BC6762 /* kimUITests */ = {
			isa = PBXGroup;
			children = (
				C664A68C1E9F3AFB00BC6762 /* kimUITests.swift */,
				C664A68E1E9F3AFB00BC6762 /* Info.plist */,
			);
			path = kimUITests;
			sourceTree = "<group>";
		};
/* End PBXGroup section */

/* Begin PBXNativeTarget section */
		C664A6651E9F3AFB00BC6762 /* kim mok */ = {
			isa = PBXNativeTarget;
			buildConfigurationList = C664A6911E9F3AFB00BC6762 /* Build configuration list for PBXNativeTarget "kim mok" */;
			buildPhases = (
				C664A6621E9F3AFB00BC6762 /* Sources */,
				C664A6631E9F3AFB00BC6762 /* Frameworks */,
				C664A6641E9F3AFB00BC6762 /* Resources */,
			);
			buildRules = (
			);
			dependencies = (
			);
			name = "kim mok";
			productName = kim;
			productReference = C664A6661E9F3AFB00BC6762 /* kim mok.app */;
			productType = "com.apple.product-type.application";
		};
		C664A67C1E9F3AFB00BC6762 /* kim mokTests */ = {
			isa = PBXNativeTarget;
			buildConfigurationList = C664A6941E9F3AFB00BC6762 /* Build configuration list for PBXNativeTarget "kim mokTests" */;
			buildPhases = (
				C664A6791E9F3AFB00BC6762 /* Sources */,
				C664A67A1E9F3AFB00BC6762 /* Frameworks */,
				C664A67B1E9F3AFB00BC6762 /* Resources */,
			);
			buildRules = (
			);
			dependencies = (
				C664A67F1E9F3AFB00BC6762 /* PBXTargetDependency */,
			);
			name = "kim mokTests";
			productName = kimTests;
			productReference = C664A67D1E9F3AFB00BC6762 /* kim mokTests.xctest */;
			productType = "com.apple.product-type.bundle.unit-test";
		};
		C664A6871E9F3AFB00BC6762 /* kim mokUITests */ = {
			isa = PBXNativeTarget;
			buildConfigurationList = C664A6971E9F3AFB00BC6762 /* Build configuration list for PBXNativeTarget "kim mokUITests" */;
			buildPhases = (
				C664A6841E9F3AFB00BC6762 /* Sources */,
				C664A6851E9F3AFB00BC6762 /* Frameworks */,
				C664A6861E9F3AFB00BC6762 /* Resources */,
			);
			buildRules = (
			);
			dependencies = (
				C664A68A1E9F3AFB00BC6762 /* PBXTargetDependency */,
			);
			name = "kim mokUITests";
			productName = kimUITests;
			productReference = C664A6881E9F3AFB00BC6762 /* kim mokUITests.xctest */;
			productType = "com.apple.product-type.bundle.ui-testing";
		};
/* End PBXNativeTarget section */

/* Begin PBXProject section */
		C664A65E1E9F3AFB00BC6762 /* Project object */ = {
			isa = PBXProject;
			attributes = {
				LastSwiftUpdateCheck = 0830;
				LastUpgradeCheck = 0830;
				ORGANIZATIONNAME = "Wan Kim Mok";
				TargetAttributes = {
					C664A6651E9F3AFB00BC6762 = {
						CreatedOnToolsVersion = 8.3.1;
						DevelopmentTeam = 3GDGGYA77N;
						ProvisioningStyle = Automatic;
					};
					C664A67C1E9F3AFB00BC6762 = {
						CreatedOnToolsVersion = 8.3.1;
						DevelopmentTeam = 3GDGGYA77N;
						ProvisioningStyle = Automatic;
						TestTargetID = C664A6651E9F3AFB00BC6762;
					};
					C664A6871E9F3AFB00BC6762 = {
						CreatedOnToolsVersion = 8.3.1;
						DevelopmentTeam = 3GDGGYA77N;
						ProvisioningStyle = Automatic;
						TestTargetID = C664A6651E9F3AFB00BC6762;
					};
				};
			};
			buildConfigurationList = C664A6611E9F3AFB00BC6762 /* Build configuration list for PBXProject "kim mok" */;
			compatibilityVersion = "Xcode 3.2";
			developmentRegion = English;
			hasScannedForEncodings = 0;
			knownRegions = (
				en,
				Base,
			);
			mainGroup = C664A65D1E9F3AFB00BC6762;
			productRefGroup = C664A6671E9F3AFB00BC6762 /* Products */;
			projectDirPath = "";
			projectRoot = "";
			targets = (
				C664A6651E9F3AFB00BC6762 /* kim mok */,
				C664A67C1E9F3AFB00BC6762 /* kim mokTests */,
				C664A6871E9F3AFB00BC6762 /* kim mokUITests */,
			);
		};
/* End PBXProject section */

/* Begin PBXResourcesBuildPhase section */
		C664A6641E9F3AFB00BC6762 /* Resources */ = {
			isa = PBXResourcesBuildPhase;
			buildActionMask = 2147483647;
			files = (
				C664A6771E9F3AFB00BC6762 /* LaunchScreen.storyboard in Resources */,
				C664A6741E9F3AFB00BC6762 /* Assets.xcassets in Resources */,
				C664A66F1E9F3AFB00BC6762 /* Main.storyboard in Resources */,
			);
			runOnlyForDeploymentPostprocessing = 0;
		};
		C664A67B1E9F3AFB00BC6762 /* Resources */ = {
			isa = PBXResourcesBuildPhase;
			buildActionMask = 2147483647;
			files = (
			);
			runOnlyForDeploymentPostprocessing = 0;
		};
		C664A6861E9F3AFB00BC6762 /* Resources */ = {
			isa = PBXResourcesBuildPhase;
			buildActionMask = 2147483647;
			files = (
			);
			runOnlyForDeploymentPostprocessing = 0;
		};
/* End PBXResourcesBuildPhase section */

/* Begin PBXSourcesBuildPhase section */
		C664A6621E9F3AFB00BC6762 /* Sources */ = {
			isa = PBXSourcesBuildPhase;
			buildActionMask = 2147483647;
			files = (
				C664A66C1E9F3AFB00BC6762 /* ViewController.swift in Sources */,
				C664A6721E9F3AFB00BC6762 /* kim.xcdatamodeld in Sources */,
				C664A66A1E9F3AFB00BC6762 /* AppDelegate.swift in Sources */,
			);
			runOnlyForDeploymentPostprocessing = 0;
		};
		C664A6791E9F3AFB00BC6762 /* Sources */ = {
			isa = PBXSourcesBuildPhase;
			buildActionMask = 2147483647;
			files = (
				C664A6821E9F3AFB00BC6762 /* kimTests.swift in Sources */,
			);
			runOnlyForDeploymentPostprocessing = 0;
		};
		C664A6841E9F3AFB00BC6762 /* Sources */ = {
			isa = PBXSourcesBuildPhase;
			buildActionMask = 2147483647;
			files = (
				C664A68D1E9F3AFB00BC6762 /* kimUITests.swift in Sources */,
			);
			runOnlyForDeploymentPostprocessing = 0;
		};
/* End PBXSourcesBuildPhase section */

/* Begin PBXTargetDependency section */
		C664A67F1E9F3AFB00BC6762 /* PBXTargetDependency */ = {
			isa = PBXTargetDependency;
			target = C664A6651E9F3AFB00BC6762 /* kim mok */;
			targetProxy = C664A67E1E9F3AFB00BC6762 /* PBXContainerItemProxy */;
		};
		C664A68A1E9F3AFB00BC6762 /* PBXTargetDependency */ = {
			isa = PBXTargetDependency;
			target = C664A6651E9F3AFB00BC6762 /* kim mok */;
			targetProxy = C664A6891E9F3AFB00BC6762 /* PBXContainerItemProxy */;
		};
/* End PBXTargetDependency section */

/* Begin PBXVariantGroup section */
		C664A66D1E9F3AFB00BC6762 /* Main.storyboard */ = {
			isa = PBXVariantGroup;
			children = (
				C664A66E1E9F3AFB00BC6762 /* Base */,
			);
			name = Main.storyboard;
			sourceTree = "<group>";
		};
		C664A6751E9F3AFB00BC6762 /* LaunchScreen.storyboard */ = {
			isa = PBXVariantGroup;
			children = (
				C664A6761E9F3AFB00BC6762 /* Base */,
			);
			name = LaunchScreen.storyboard;
			sourceTree = "<group>";
		};
/* End PBXVariantGroup section */

/* Begin XCBuildConfiguration section */
		C664A68F1E9F3AFB00BC6762 /* Debug */ = {
			isa = XCBuildConfiguration;
			buildSettings = {
				ALWAYS_SEARCH_USER_PATHS = NO;
				CLANG_ANALYZER_NONNULL = YES;
				CLANG_ANALYZER_NUMBER_OBJECT_CONVERSION = YES_AGGRESSIVE;
				CLANG_CXX_LANGUAGE_STANDARD = "gnu++0x";
				CLANG_CXX_LIBRARY = "libc++";
				CLANG_ENABLE_MODULES = YES;
				CLANG_ENABLE_OBJC_ARC = YES;
				CLANG_WARN_BOOL_CONVERSION = YES;
				CLANG_WARN_CONSTANT_CONVERSION = YES;
				CLANG_WARN_DIRECT_OBJC_ISA_USAGE = YES_ERROR;
				CLANG_WARN_DOCUMENTATION_COMMENTS = YES;
				CLANG_WARN_EMPTY_BODY = YES;
				CLANG_WARN_ENUM_CONVERSION = YES;
				CLANG_WARN_INFINITE_RECURSION = YES;
				CLANG_WARN_INT_CONVERSION = YES;
				CLANG_WARN_OBJC_ROOT_CLASS = YES_ERROR;
				CLANG_WARN_SUSPICIOUS_MOVE = YES;
				CLANG_WARN_UNREACHABLE_CODE = YES;
				CLANG_WARN__DUPLICATE_METHOD_MATCH = YES;
				"CODE_SIGN_IDENTITY[sdk=iphoneos*]" = "iPhone Developer";
				COPY_PHASE_STRIP = NO;
				DEBUG_INFORMATION_FORMAT = dwarf;
				ENABLE_STRICT_OBJC_MSGSEND = YES;
				ENABLE_TESTABILITY = YES;
				GCC_C_LANGUAGE_STANDARD = gnu99;
				GCC_DYNAMIC_NO_PIC = NO;
				GCC_NO_COMMON_BLOCKS = YES;
				GCC_OPTIMIZATION_LEVEL = 0;
				GCC_PREPROCESSOR_DEFINITIONS = (
					"DEBUG=1",
					"$(inherited)",
				);
				GCC_WARN_64_TO_32_BIT_CONVERSION = YES;
				GCC_WARN_ABOUT_RETURN_TYPE = YES_ERROR;
				GCC_WARN_UNDECLARED_SELECTOR = YES;
				GCC_WARN_UNINITIALIZED_AUTOS = YES_AGGRESSIVE;
				GCC_WARN_UNUSED_FUNCTION = YES;
				GCC_WARN_UNUSED_VARIABLE = YES;
				IPHONEOS_DEPLOYMENT_TARGET = 10.3;
				MTL_ENABLE_DEBUG_INFO = YES;
				ONLY_ACTIVE_ARCH = YES;
				SDKROOT = iphoneos;
				SWIFT_ACTIVE_COMPILATION_CONDITIONS = DEBUG;
				SWIFT_OPTIMIZATION_LEVEL = "-Onone";
			};
			name = Debug;
		};
		C664A6901E9F3AFB00BC6762 /* Release */ = {
			isa = XCBuildConfiguration;
			buildSettings = {
				ALWAYS_SEARCH_USER_PATHS = NO;
				CLANG_ANALYZER_NONNULL = YES;
				CLANG_ANALYZER_NUMBER_OBJECT_CONVERSION = YES_AGGRESSIVE;
				CLANG_CXX_LANGUAGE_STANDARD = "gnu++0x";
				CLANG_CXX_LIBRARY = "libc++";
				CLANG_ENABLE_MODULES = YES;
				CLANG_ENABLE_OBJC_ARC = YES;
				CLANG_WARN_BOOL_CONVERSION = YES;
				CLANG_WARN_CONSTANT_CONVERSION = YES;
				CLANG_WARN_DIRECT_OBJC_ISA_USAGE = YES_ERROR;
				CLANG_WARN_DOCUMENTATION_COMMENTS = YES;
				CLANG_WARN_EMPTY_BODY = YES;
				CLANG_WARN_ENUM_CONVERSION = YES;
				CLANG_WARN_INFINITE_RECURSION = YES;
				CLANG_WARN_INT_CONVERSION = YES;
				CLANG_WARN_OBJC_ROOT_CLASS = YES_ERROR;
				CLANG_WARN_SUSPICIOUS_MOVE = YES;
				CLANG_WARN_UNREACHABLE_CODE = YES;
				CLANG_WARN__DUPLICATE_METHOD_MATCH = YES;
				"CODE_SIGN_IDENTITY[sdk=iphoneos*]" = "iPhone Developer";
				COPY_PHASE_STRIP = NO;
				DEBUG_INFORMATION_FORMAT = "dwarf-with-dsym";
				ENABLE_NS_ASSERTIONS = NO;
				ENABLE_STRICT_OBJC_MSGSEND = YES;
				GCC_C_LANGUAGE_STANDARD = gnu99;
				GCC_NO_COMMON_BLOCKS = YES;
				GCC_WARN_64_TO_32_BIT_CONVERSION = YES;
				GCC_WARN_ABOUT_RETURN_TYPE = YES_ERROR;
				GCC_WARN_UNDECLARED_SELECTOR = YES;
				GCC_WARN_UNINITIALIZED_AUTOS = YES_AGGRESSIVE;
				GCC_WARN_UNUSED_FUNCTION = YES;
				GCC_WARN_UNUSED_VARIABLE = YES;
				IPHONEOS_DEPLOYMENT_TARGET = 10.3;
				MTL_ENABLE_DEBUG_INFO = NO;
				SDKROOT = iphoneos;
				SWIFT_OPTIMIZATION_LEVEL = "-Owholemodule";
				VALIDATE_PRODUCT = YES;
			};
			name = Release;
		};
		C664A6921E9F3AFB00BC6762 /* Debug */ = {
			isa = XCBuildConfiguration;
			buildSettings = {
				ASSETCATALOG_COMPILER_APPICON_NAME = AppIcon;
				DEVELOPMENT_TEAM = 3GDGGYA77N;
				INFOPLIST_FILE = kim/Info.plist;
				LD_RUNPATH_SEARCH_PATHS = "$(inherited) @executable_path/Frameworks";
				PRODUCT_BUNDLE_IDENTIFIER = com.mk200789.kim;
				PRODUCT_NAME = "$(TARGET_NAME)";
				SWIFT_VERSION = 3.0;
			};
			name = Debug;
		};
		C664A6931E9F3AFB00BC6762 /* Release */ = {
			isa = XCBuildConfiguration;
			buildSettings = {
				ASSETCATALOG_COMPILER_APPICON_NAME = AppIcon;
				DEVELOPMENT_TEAM = 3GDGGYA77N;
				INFOPLIST_FILE = kim/Info.plist;
				LD_RUNPATH_SEARCH_PATHS = "$(inherited) @executable_path/Frameworks";
				PRODUCT_BUNDLE_IDENTIFIER = com.mk200789.kim;
				PRODUCT_NAME = "$(TARGET_NAME)";
				SWIFT_VERSION = 3.0;
			};
			name = Release;
		};
		C664A6951E9F3AFB00BC6762 /* Debug */ = {
			isa = XCBuildConfiguration;
			buildSettings = {
				ALWAYS_EMBED_SWIFT_STANDARD_LIBRARIES = YES;
				BUNDLE_LOADER = "$(TEST_HOST)";
				DEVELOPMENT_TEAM = 3GDGGYA77N;
				INFOPLIST_FILE = kimTests/Info.plist;
				LD_RUNPATH_SEARCH_PATHS = "$(inherited) @executable_path/Frameworks @loader_path/Frameworks";
				PRODUCT_BUNDLE_IDENTIFIER = com.mk200789.kimTests;
				PRODUCT_NAME = "$(TARGET_NAME)";
				SWIFT_VERSION = 3.0;
				TEST_HOST = "$(BUILT_PRODUCTS_DIR)/kim mok.app/kim mok";
			};
			name = Debug;
		};
		C664A6961E9F3AFB00BC6762 /* Release */ = {
			isa = XCBuildConfiguration;
			buildSettings = {
				ALWAYS_EMBED_SWIFT_STANDARD_LIBRARIES = YES;
				BUNDLE_LOADER = "$(TEST_HOST)";
				DEVELOPMENT_TEAM = 3GDGGYA77N;
				INFOPLIST_FILE = kimTests/Info.plist;
				LD_RUNPATH_SEARCH_PATHS = "$(inherited) @executable_path/Frameworks @loader_path/Frameworks";
				PRODUCT_BUNDLE_IDENTIFIER = com.mk200789.kimTests;
				PRODUCT_NAME = "$(TARGET_NAME)";
				SWIFT_VERSION = 3.0;
				TEST_HOST = "$(BUILT_PRODUCTS_DIR)/kim mok.app/kim mok";
			};
			name = Release;
		};
		C664A6981E9F3AFB00BC6762 /* Debug */ = {
			isa = XCBuildConfiguration;
			buildSettings = {
				ALWAYS_EMBED_SWIFT_STANDARD_LIBRARIES = YES;
				DEVELOPMENT_TEAM = 3GDGGYA77N;
				INFOPLIST_FILE = kimUITests/Info.plist;
				LD_RUNPATH_SEARCH_PATHS = "$(inherited) @executable_path/Frameworks @loader_path/Frameworks";
				PRODUCT_BUNDLE_IDENTIFIER = com.mk200789.kimUITests;
				PRODUCT_NAME = "$(TARGET_NAME)";
				SWIFT_VERSION = 3.0;
				TEST_TARGET_NAME = kim;
			};
			name = Debug;
		};
		C664A6991E9F3AFB00BC6762 /* Release */ = {
			isa = XCBuildConfiguration;
			buildSettings = {
				ALWAYS_EMBED_SWIFT_STANDARD_LIBRARIES = YES;
				DEVELOPMENT_TEAM = 3GDGGYA77N;
				INFOPLIST_FILE = kimUITests/Info.plist;
				LD_RUNPATH_SEARCH_PATHS = "$(inherited) @executable_path/Frameworks @loader_path/Frameworks";
				PRODUCT_BUNDLE_IDENTIFIER = com.mk200789.kimUITests;
				PRODUCT_NAME = "$(TARGET_NAME)";
				SWIFT_VERSION = 3.0;
				TEST_TARGET_NAME = kim;
			};
			name = Release;
		};
/* End XCBuildConfiguration section */

/* Begin XCConfigurationList section */
		C664A6611E9F3AFB00BC6762 /* Build configuration list for PBXProject "kim mok" */ = {
			isa = XCConfigurationList;
			buildConfigurations = (
				C664A68F1E9F3AFB00BC6762 /* Debug */,
				C664A6901E9F3AFB00BC6762 /* Release */,
			);
			defaultConfigurationIsVisible = 0;
			defaultConfigurationName = Release;
		};
		C664A6911E9F3AFB00BC6762 /* Build configuration list for PBXNativeTarget "kim mok" */ = {
			isa = XCConfigurationList;
			buildConfigurations = (
				C664A6921E9F3AFB00BC6762 /* Debug */,
				C664A6931E9F3AFB00BC6762 /* Release */,
			);
			defaultConfigurationIsVisible = 0;
			defaultConfigurationName = Release;
		};
		C664A6941E9F3AFB00BC6762 /* Build configuration list for PBXNativeTarget "kim mokTests" */ = {
			isa = XCConfigurationList;
			buildConfigurations = (
				C664A6951E9F3AFB00BC6762 /* Debug */,
				C664A6961E9F3AFB00BC6762 /* Release */,
			);
			defaultConfigurationIsVisible = 0;
			defaultConfigurationName = Release;
		};
		C664A6971E9F3AFB00BC6762 /* Build configuration list for PBXNativeTarget "kim mokUITests" */ = {
			isa = XCConfigurationList;
			buildConfigurations = (
				C664A6981E9F3AFB00BC6762 /* Debug */,
				C664A6991E9F3AFB00BC6762 /* Release */,
			);
			defaultConfigurationIsVisible = 0;
			defaultConfigurationName = Release;
		};
/* End XCConfigurationList section */

/* Begin XCVersionGroup section */
		C664A6701E9F3AFB00BC6762 /* kim.xcdatamodeld */ = {
			isa = XCVersionGroup;
			children = (
				C664A6711E9F3AFB00BC6762 /* kim.xcdatamodel */,
			);
			currentVersion = C664A6711E9F3AFB00BC6762 /* kim.xcdatamodel */;
			path = kim.xcdatamodeld;
			sourceTree = "<group>";
			versionGroupType = wrapper.xcdatamodel;
		};
/* End XCVersionGroup section */
	};
	rootObject = C664A65E1E9F3AFB00BC6762 /* Project object */;
}
