// !$*UTF8*$!
{
	archiveVersion = 1;
	classes = {
	};
	objectVersion = 46;
	objects = {

/* Begin PBXBuildFile section */
		C6EA38FD1C1D294A00EF939D /* AppDelegate.swift in Sources */ = {isa = PBXBuildFile; fileRef = C6EA38FC1C1D294A00EF939D /* AppDelegate.swift */; };
		C6EA38FF1C1D294A00EF939D /* ViewController.swift in Sources */ = {isa = PBXBuildFile; fileRef = C6EA38FE1C1D294A00EF939D /* ViewController.swift */; };
		C6EA39021C1D294A00EF939D /* Main.storyboard in Resources */ = {isa = PBXBuildFile; fileRef = C6EA39001C1D294A00EF939D /* Main.storyboard */; };
		C6EA39041C1D294A00EF939D /* Images.xcassets in Resources */ = {isa = PBXBuildFile; fileRef = C6EA39031C1D294A00EF939D /* Images.xcassets */; };
		C6EA39071C1D294A00EF939D /* LaunchScreen.xib in Resources */ = {isa = PBXBuildFile; fileRef = C6EA39051C1D294A00EF939D /* LaunchScreen.xib */; };
		C6EA39131C1D294A00EF939D /* To_DoTests.swift in Sources */ = {isa = PBXBuildFile; fileRef = C6EA39121C1D294A00EF939D /* To_DoTests.swift */; };
/* End PBXBuildFile section */

/* Begin PBXContainerItemProxy section */
		C6EA390D1C1D294A00EF939D /* PBXContainerItemProxy */ = {
			isa = PBXContainerItemProxy;
			containerPortal = C6EA38EF1C1D294A00EF939D /* Project object */;
			proxyType = 1;
			remoteGlobalIDString = C6EA38F61C1D294A00EF939D;
			remoteInfo = To_Do;
		};
/* End PBXContainerItemProxy section */

/* Begin PBXFileReference section */
		C6EA38F71C1D294A00EF939D /* To_Do.app */ = {isa = PBXFileReference; explicitFileType = wrapper.application; includeInIndex = 0; path = To_Do.app; sourceTree = BUILT_PRODUCTS_DIR; };
		C6EA38FB1C1D294A00EF939D /* Info.plist */ = {isa = PBXFileReference; lastKnownFileType = text.plist.xml; path = Info.plist; sourceTree = "<group>"; };
		C6EA38FC1C1D294A00EF939D /* AppDelegate.swift */ = {isa = PBXFileReference; lastKnownFileType = sourcecode.swift; path = AppDelegate.swift; sourceTree = "<group>"; };
		C6EA38FE1C1D294A00EF939D /* ViewController.swift */ = {isa = PBXFileReference; lastKnownFileType = sourcecode.swift; path = ViewController.swift; sourceTree = "<group>"; };
		C6EA39011C1D294A00EF939D /* Base */ = {isa = PBXFileReference; lastKnownFileType = file.storyboard; name = Base; path = Base.lproj/Main.storyboard; sourceTree = "<group>"; };
		C6EA39031C1D294A00EF939D /* Images.xcassets */ = {isa = PBXFileReference; lastKnownFileType = folder.assetcatalog; path = Images.xcassets; sourceTree = "<group>"; };
		C6EA39061C1D294A00EF939D /* Base */ = {isa = PBXFileReference; lastKnownFileType = file.xib; name = Base; path = Base.lproj/LaunchScreen.xib; sourceTree = "<group>"; };
		C6EA390C1C1D294A00EF939D /* To_DoTests.xctest */ = {isa = PBXFileReference; explicitFileType = wrapper.cfbundle; includeInIndex = 0; path = To_DoTests.xctest; sourceTree = BUILT_PRODUCTS_DIR; };
		C6EA39111C1D294A00EF939D /* Info.plist */ = {isa = PBXFileReference; lastKnownFileType = text.plist.xml; path = Info.plist; sourceTree = "<group>"; };
		C6EA39121C1D294A00EF939D /* To_DoTests.swift */ = {isa = PBXFileReference; lastKnownFileType = sourcecode.swift; path = To_DoTests.swift; sourceTree = "<group>"; };
/* End PBXFileReference section */

/* Begin PBXFrameworksBuildPhase section */
		C6EA38F41C1D294A00EF939D /* Frameworks */ = {
			isa = PBXFrameworksBuildPhase;
			buildActionMask = 2147483647;
			files = (
			);
			runOnlyForDeploymentPostprocessing = 0;
		};
		C6EA39091C1D294A00EF939D /* Frameworks */ = {
			isa = PBXFrameworksBuildPhase;
			buildActionMask = 2147483647;
			files = (
			);
			runOnlyForDeploymentPostprocessing = 0;
		};
/* End PBXFrameworksBuildPhase section */

/* Begin PBXGroup section */
		C6EA38EE1C1D294A00EF939D = {
			isa = PBXGroup;
			children = (
				C6EA38F91C1D294A00EF939D /* To_Do */,
				C6EA390F1C1D294A00EF939D /* To_DoTests */,
				C6EA38F81C1D294A00EF939D /* Products */,
			);
			sourceTree = "<group>";
		};
		C6EA38F81C1D294A00EF939D /* Products */ = {
			isa = PBXGroup;
			children = (
				C6EA38F71C1D294A00EF939D /* To_Do.app */,
				C6EA390C1C1D294A00EF939D /* To_DoTests.xctest */,
			);
			name = Products;
			sourceTree = "<group>";
		};
		C6EA38F91C1D294A00EF939D /* To_Do */ = {
			isa = PBXGroup;
			children = (
				C6EA38FC1C1D294A00EF939D /* AppDelegate.swift */,
				C6EA38FE1C1D294A00EF939D /* ViewController.swift */,
				C6EA39001C1D294A00EF939D /* Main.storyboard */,
				C6EA39031C1D294A00EF939D /* Images.xcassets */,
				C6EA39051C1D294A00EF939D /* LaunchScreen.xib */,
				C6EA38FA1C1D294A00EF939D /* Supporting Files */,
			);
			path = To_Do;
			sourceTree = "<group>";
		};
		C6EA38FA1C1D294A00EF939D /* Supporting Files */ = {
			isa = PBXGroup;
			children = (
				C6EA38FB1C1D294A00EF939D /* Info.plist */,
			);
			name = "Supporting Files";
			sourceTree = "<group>";
		};
		C6EA390F1C1D294A00EF939D /* To_DoTests */ = {
			isa = PBXGroup;
			children = (
				C6EA39121C1D294A00EF939D /* To_DoTests.swift */,
				C6EA39101C1D294A00EF939D /* Supporting Files */,
			);
			path = To_DoTests;
			sourceTree = "<group>";
		};
		C6EA39101C1D294A00EF939D /* Supporting Files */ = {
			isa = PBXGroup;
			children = (
				C6EA39111C1D294A00EF939D /* Info.plist */,
			);
			name = "Supporting Files";
			sourceTree = "<group>";
		};
/* End PBXGroup section */

/* Begin PBXNativeTarget section */
		C6EA38F61C1D294A00EF939D /* To_Do */ = {
			isa = PBXNativeTarget;
			buildConfigurationList = C6EA39161C1D294A00EF939D /* Build configuration list for PBXNativeTarget "To_Do" */;
			buildPhases = (
				C6EA38F31C1D294A00EF939D /* Sources */,
				C6EA38F41C1D294A00EF939D /* Frameworks */,
				C6EA38F51C1D294A00EF939D /* Resources */,
			);
			buildRules = (
			);
			dependencies = (
			);
			name = To_Do;
			productName = To_Do;
			productReference = C6EA38F71C1D294A00EF939D /* To_Do.app */;
			productType = "com.apple.product-type.application";
		};
		C6EA390B1C1D294A00EF939D /* To_DoTests */ = {
			isa = PBXNativeTarget;
			buildConfigurationList = C6EA39191C1D294A00EF939D /* Build configuration list for PBXNativeTarget "To_DoTests" */;
			buildPhases = (
				C6EA39081C1D294A00EF939D /* Sources */,
				C6EA39091C1D294A00EF939D /* Frameworks */,
				C6EA390A1C1D294A00EF939D /* Resources */,
			);
			buildRules = (
			);
			dependencies = (
				C6EA390E1C1D294A00EF939D /* PBXTargetDependency */,
			);
			name = To_DoTests;
			productName = To_DoTests;
			productReference = C6EA390C1C1D294A00EF939D /* To_DoTests.xctest */;
			productType = "com.apple.product-type.bundle.unit-test";
		};
/* End PBXNativeTarget section */

/* Begin PBXProject section */
		C6EA38EF1C1D294A00EF939D /* Project object */ = {
			isa = PBXProject;
			attributes = {
				LastUpgradeCheck = 0610;
				ORGANIZATIONNAME = mk200789;
				TargetAttributes = {
					C6EA38F61C1D294A00EF939D = {
						CreatedOnToolsVersion = 6.1;
					};
					C6EA390B1C1D294A00EF939D = {
						CreatedOnToolsVersion = 6.1;
						TestTargetID = C6EA38F61C1D294A00EF939D;
					};
				};
			};
			buildConfigurationList = C6EA38F21C1D294A00EF939D /* Build configuration list for PBXProject "To_Do" */;
			compatibilityVersion = "Xcode 3.2";
			developmentRegion = English;
			hasScannedForEncodings = 0;
			knownRegions = (
				en,
				Base,
			);
			mainGroup = C6EA38EE1C1D294A00EF939D;
			productRefGroup = C6EA38F81C1D294A00EF939D /* Products */;
			projectDirPath = "";
			projectRoot = "";
			targets = (
				C6EA38F61C1D294A00EF939D /* To_Do */,
				C6EA390B1C1D294A00EF939D /* To_DoTests */,
			);
		};
/* End PBXProject section */

/* Begin PBXResourcesBuildPhase section */
		C6EA38F51C1D294A00EF939D /* Resources */ = {
			isa = PBXResourcesBuildPhase;
			buildActionMask = 2147483647;
			files = (
				C6EA39021C1D294A00EF939D /* Main.storyboard in Resources */,
				C6EA39071C1D294A00EF939D /* LaunchScreen.xib in Resources */,
				C6EA39041C1D294A00EF939D /* Images.xcassets in Resources */,
			);
			runOnlyForDeploymentPostprocessing = 0;
		};
		C6EA390A1C1D294A00EF939D /* Resources */ = {
			isa = PBXResourcesBuildPhase;
			buildActionMask = 2147483647;
			files = (
			);
			runOnlyForDeploymentPostprocessing = 0;
		};
/* End PBXResourcesBuildPhase section */

/* Begin PBXSourcesBuildPhase section */
		C6EA38F31C1D294A00EF939D /* Sources */ = {
			isa = PBXSourcesBuildPhase;
			buildActionMask = 2147483647;
			files = (
				C6EA38FF1C1D294A00EF939D /* ViewController.swift in Sources */,
				C6EA38FD1C1D294A00EF939D /* AppDelegate.swift in Sources */,
			);
			runOnlyForDeploymentPostprocessing = 0;
		};
		C6EA39081C1D294A00EF939D /* Sources */ = {
			isa = PBXSourcesBuildPhase;
			buildActionMask = 2147483647;
			files = (
				C6EA39131C1D294A00EF939D /* To_DoTests.swift in Sources */,
			);
			runOnlyForDeploymentPostprocessing = 0;
		};
/* End PBXSourcesBuildPhase section */

/* Begin PBXTargetDependency section */
		C6EA390E1C1D294A00EF939D /* PBXTargetDependency */ = {
			isa = PBXTargetDependency;
			target = C6EA38F61C1D294A00EF939D /* To_Do */;
			targetProxy = C6EA390D1C1D294A00EF939D /* PBXContainerItemProxy */;
		};
/* End PBXTargetDependency section */

/* Begin PBXVariantGroup section */
		C6EA39001C1D294A00EF939D /* Main.storyboard */ = {
			isa = PBXVariantGroup;
			children = (
				C6EA39011C1D294A00EF939D /* Base */,
			);
			name = Main.storyboard;
			sourceTree = "<group>";
		};
		C6EA39051C1D294A00EF939D /* LaunchScreen.xib */ = {
			isa = PBXVariantGroup;
			children = (
				C6EA39061C1D294A00EF939D /* Base */,
			);
			name = LaunchScreen.xib;
			sourceTree = "<group>";
		};
/* End PBXVariantGroup section */

/* Begin XCBuildConfiguration section */
		C6EA39141C1D294A00EF939D /* Debug */ = {
			isa = XCBuildConfiguration;
			buildSettings = {
				ALWAYS_SEARCH_USER_PATHS = NO;
				CLANG_CXX_LANGUAGE_STANDARD = "gnu++0x";
				CLANG_CXX_LIBRARY = "libc++";
				CLANG_ENABLE_MODULES = YES;
				CLANG_ENABLE_OBJC_ARC = YES;
				CLANG_WARN_BOOL_CONVERSION = YES;
				CLANG_WARN_CONSTANT_CONVERSION = YES;
				CLANG_WARN_DIRECT_OBJC_ISA_USAGE = YES_ERROR;
				CLANG_WARN_EMPTY_BODY = YES;
				CLANG_WARN_ENUM_CONVERSION = YES;
				CLANG_WARN_INT_CONVERSION = YES;
				CLANG_WARN_OBJC_ROOT_CLASS = YES_ERROR;
				CLANG_WARN_UNREACHABLE_CODE = YES;
				CLANG_WARN__DUPLICATE_METHOD_MATCH = YES;
				"CODE_SIGN_IDENTITY[sdk=iphoneos*]" = "iPhone Developer";
				COPY_PHASE_STRIP = NO;
				ENABLE_STRICT_OBJC_MSGSEND = YES;
				GCC_C_LANGUAGE_STANDARD = gnu99;
				GCC_DYNAMIC_NO_PIC = NO;
				GCC_OPTIMIZATION_LEVEL = 0;
				GCC_PREPROCESSOR_DEFINITIONS = (
					"DEBUG=1",
					"$(inherited)",
				);
				GCC_SYMBOLS_PRIVATE_EXTERN = NO;
				GCC_WARN_64_TO_32_BIT_CONVERSION = YES;
				GCC_WARN_ABOUT_RETURN_TYPE = YES_ERROR;
				GCC_WARN_UNDECLARED_SELECTOR = YES;
				GCC_WARN_UNINITIALIZED_AUTOS = YES_AGGRESSIVE;
				GCC_WARN_UNUSED_FUNCTION = YES;
				GCC_WARN_UNUSED_VARIABLE = YES;
				IPHONEOS_DEPLOYMENT_TARGET = 8.1;
				MTL_ENABLE_DEBUG_INFO = YES;
				ONLY_ACTIVE_ARCH = YES;
				SDKROOT = iphoneos;
				SWIFT_OPTIMIZATION_LEVEL = "-Onone";
			};
			name = Debug;
		};
		C6EA39151C1D294A00EF939D /* Release */ = {
			isa = XCBuildConfiguration;
			buildSettings = {
				ALWAYS_SEARCH_USER_PATHS = NO;
				CLANG_CXX_LANGUAGE_STANDARD = "gnu++0x";
				CLANG_CXX_LIBRARY = "libc++";
				CLANG_ENABLE_MODULES = YES;
				CLANG_ENABLE_OBJC_ARC = YES;
				CLANG_WARN_BOOL_CONVERSION = YES;
				CLANG_WARN_CONSTANT_CONVERSION = YES;
				CLANG_WARN_DIRECT_OBJC_ISA_USAGE = YES_ERROR;
				CLANG_WARN_EMPTY_BODY = YES;
				CLANG_WARN_ENUM_CONVERSION = YES;
				CLANG_WARN_INT_CONVERSION = YES;
				CLANG_WARN_OBJC_ROOT_CLASS = YES_ERROR;
				CLANG_WARN_UNREACHABLE_CODE = YES;
				CLANG_WARN__DUPLICATE_METHOD_MATCH = YES;
				"CODE_SIGN_IDENTITY[sdk=iphoneos*]" = "iPhone Developer";
				COPY_PHASE_STRIP = YES;
				ENABLE_NS_ASSERTIONS = NO;
				ENABLE_STRICT_OBJC_MSGSEND = YES;
				GCC_C_LANGUAGE_STANDARD = gnu99;
				GCC_WARN_64_TO_32_BIT_CONVERSION = YES;
				GCC_WARN_ABOUT_RETURN_TYPE = YES_ERROR;
				GCC_WARN_UNDECLARED_SELECTOR = YES;
				GCC_WARN_UNINITIALIZED_AUTOS = YES_AGGRESSIVE;
				GCC_WARN_UNUSED_FUNCTION = YES;
				GCC_WARN_UNUSED_VARIABLE = YES;
				IPHONEOS_DEPLOYMENT_TARGET = 8.1;
				MTL_ENABLE_DEBUG_INFO = NO;
				SDKROOT = iphoneos;
				VALIDATE_PRODUCT = YES;
			};
			name = Release;
		};
		C6EA39171C1D294A00EF939D /* Debug */ = {
			isa = XCBuildConfiguration;
			buildSettings = {
				ASSETCATALOG_COMPILER_APPICON_NAME = AppIcon;
				INFOPLIST_FILE = To_Do/Info.plist;
				LD_RUNPATH_SEARCH_PATHS = "$(inherited) @executable_path/Frameworks";
				PRODUCT_NAME = "$(TARGET_NAME)";
			};
			name = Debug;
		};
		C6EA39181C1D294A00EF939D /* Release */ = {
			isa = XCBuildConfiguration;
			buildSettings = {
				ASSETCATALOG_COMPILER_APPICON_NAME = AppIcon;
				INFOPLIST_FILE = To_Do/Info.plist;
				LD_RUNPATH_SEARCH_PATHS = "$(inherited) @executable_path/Frameworks";
				PRODUCT_NAME = "$(TARGET_NAME)";
			};
			name = Release;
		};
		C6EA391A1C1D294A00EF939D /* Debug */ = {
			isa = XCBuildConfiguration;
			buildSettings = {
				BUNDLE_LOADER = "$(TEST_HOST)";
				FRAMEWORK_SEARCH_PATHS = (
					"$(SDKROOT)/Developer/Library/Frameworks",
					"$(inherited)",
				);
				GCC_PREPROCESSOR_DEFINITIONS = (
					"DEBUG=1",
					"$(inherited)",
				);
				INFOPLIST_FILE = To_DoTests/Info.plist;
				LD_RUNPATH_SEARCH_PATHS = "$(inherited) @executable_path/Frameworks @loader_path/Frameworks";
				PRODUCT_NAME = "$(TARGET_NAME)";
				TEST_HOST = "$(BUILT_PRODUCTS_DIR)/To_Do.app/To_Do";
			};
			name = Debug;
		};
		C6EA391B1C1D294A00EF939D /* Release */ = {
			isa = XCBuildConfiguration;
			buildSettings = {
				BUNDLE_LOADER = "$(TEST_HOST)";
				FRAMEWORK_SEARCH_PATHS = (
					"$(SDKROOT)/Developer/Library/Frameworks",
					"$(inherited)",
				);
				INFOPLIST_FILE = To_DoTests/Info.plist;
				LD_RUNPATH_SEARCH_PATHS = "$(inherited) @executable_path/Frameworks @loader_path/Frameworks";
				PRODUCT_NAME = "$(TARGET_NAME)";
				TEST_HOST = "$(BUILT_PRODUCTS_DIR)/To_Do.app/To_Do";
			};
			name = Release;
		};
/* End XCBuildConfiguration section */

/* Begin XCConfigurationList section */
		C6EA38F21C1D294A00EF939D /* Build configuration list for PBXProject "To_Do" */ = {
			isa = XCConfigurationList;
			buildConfigurations = (
				C6EA39141C1D294A00EF939D /* Debug */,
				C6EA39151C1D294A00EF939D /* Release */,
			);
			defaultConfigurationIsVisible = 0;
			defaultConfigurationName = Release;
		};
		C6EA39161C1D294A00EF939D /* Build configuration list for PBXNativeTarget "To_Do" */ = {
			isa = XCConfigurationList;
			buildConfigurations = (
				C6EA39171C1D294A00EF939D /* Debug */,
				C6EA39181C1D294A00EF939D /* Release */,
			);
			defaultConfigurationIsVisible = 0;
		};
		C6EA39191C1D294A00EF939D /* Build configuration list for PBXNativeTarget "To_DoTests" */ = {
			isa = XCConfigurationList;
			buildConfigurations = (
				C6EA391A1C1D294A00EF939D /* Debug */,
				C6EA391B1C1D294A00EF939D /* Release */,
			);
			defaultConfigurationIsVisible = 0;
		};
/* End XCConfigurationList section */
	};
	rootObject = C6EA38EF1C1D294A00EF939D /* Project object */;
}
