// !$*UTF8*$!
{
	archiveVersion = 1;
	classes = {
	};
	objectVersion = 46;
	objects = {

/* Begin PBXBuildFile section */
		C6A16CE41C6596FF009782AF /* AppDelegate.swift in Sources */ = {isa = PBXBuildFile; fileRef = C6A16CE31C6596FF009782AF /* AppDelegate.swift */; };
		C6A16CE61C6596FF009782AF /* ViewController.swift in Sources */ = {isa = PBXBuildFile; fileRef = C6A16CE51C6596FF009782AF /* ViewController.swift */; };
		C6A16CE91C6596FF009782AF /* Main.storyboard in Resources */ = {isa = PBXBuildFile; fileRef = C6A16CE71C6596FF009782AF /* Main.storyboard */; };
		C6A16CEB1C6596FF009782AF /* Images.xcassets in Resources */ = {isa = PBXBuildFile; fileRef = C6A16CEA1C6596FF009782AF /* Images.xcassets */; };
		C6A16CEE1C6596FF009782AF /* LaunchScreen.xib in Resources */ = {isa = PBXBuildFile; fileRef = C6A16CEC1C6596FF009782AF /* LaunchScreen.xib */; };
		C6A16CFA1C6596FF009782AF /* Advanced_segeuesTests.swift in Sources */ = {isa = PBXBuildFile; fileRef = C6A16CF91C6596FF009782AF /* Advanced_segeuesTests.swift */; };
		C6A16D041C659BBB009782AF /* TableViewController.swift in Sources */ = {isa = PBXBuildFile; fileRef = C6A16D031C659BBB009782AF /* TableViewController.swift */; };
/* End PBXBuildFile section */

/* Begin PBXContainerItemProxy section */
		C6A16CF41C6596FF009782AF /* PBXContainerItemProxy */ = {
			isa = PBXContainerItemProxy;
			containerPortal = C6A16CD61C6596FF009782AF /* Project object */;
			proxyType = 1;
			remoteGlobalIDString = C6A16CDD1C6596FF009782AF;
			remoteInfo = Advanced_segeues;
		};
/* End PBXContainerItemProxy section */

/* Begin PBXFileReference section */
		C6A16CDE1C6596FF009782AF /* Advanced_segeues.app */ = {isa = PBXFileReference; explicitFileType = wrapper.application; includeInIndex = 0; path = Advanced_segeues.app; sourceTree = BUILT_PRODUCTS_DIR; };
		C6A16CE21C6596FF009782AF /* Info.plist */ = {isa = PBXFileReference; lastKnownFileType = text.plist.xml; path = Info.plist; sourceTree = "<group>"; };
		C6A16CE31C6596FF009782AF /* AppDelegate.swift */ = {isa = PBXFileReference; lastKnownFileType = sourcecode.swift; path = AppDelegate.swift; sourceTree = "<group>"; };
		C6A16CE51C6596FF009782AF /* ViewController.swift */ = {isa = PBXFileReference; lastKnownFileType = sourcecode.swift; path = ViewController.swift; sourceTree = "<group>"; };
		C6A16CE81C6596FF009782AF /* Base */ = {isa = PBXFileReference; lastKnownFileType = file.storyboard; name = Base; path = Base.lproj/Main.storyboard; sourceTree = "<group>"; };
		C6A16CEA1C6596FF009782AF /* Images.xcassets */ = {isa = PBXFileReference; lastKnownFileType = folder.assetcatalog; path = Images.xcassets; sourceTree = "<group>"; };
		C6A16CED1C6596FF009782AF /* Base */ = {isa = PBXFileReference; lastKnownFileType = file.xib; name = Base; path = Base.lproj/LaunchScreen.xib; sourceTree = "<group>"; };
		C6A16CF31C6596FF009782AF /* Advanced_segeuesTests.xctest */ = {isa = PBXFileReference; explicitFileType = wrapper.cfbundle; includeInIndex = 0; path = Advanced_segeuesTests.xctest; sourceTree = BUILT_PRODUCTS_DIR; };
		C6A16CF81C6596FF009782AF /* Info.plist */ = {isa = PBXFileReference; lastKnownFileType = text.plist.xml; path = Info.plist; sourceTree = "<group>"; };
		C6A16CF91C6596FF009782AF /* Advanced_segeuesTests.swift */ = {isa = PBXFileReference; lastKnownFileType = sourcecode.swift; path = Advanced_segeuesTests.swift; sourceTree = "<group>"; };
		C6A16D031C659BBB009782AF /* TableViewController.swift */ = {isa = PBXFileReference; fileEncoding = 4; lastKnownFileType = sourcecode.swift; path = TableViewController.swift; sourceTree = "<group>"; };
/* End PBXFileReference section */

/* Begin PBXFrameworksBuildPhase section */
		C6A16CDB1C6596FF009782AF /* Frameworks */ = {
			isa = PBXFrameworksBuildPhase;
			buildActionMask = 2147483647;
			files = (
			);
			runOnlyForDeploymentPostprocessing = 0;
		};
		C6A16CF01C6596FF009782AF /* Frameworks */ = {
			isa = PBXFrameworksBuildPhase;
			buildActionMask = 2147483647;
			files = (
			);
			runOnlyForDeploymentPostprocessing = 0;
		};
/* End PBXFrameworksBuildPhase section */

/* Begin PBXGroup section */
		C6A16CD51C6596FF009782AF = {
			isa = PBXGroup;
			children = (
				C6A16CE01C6596FF009782AF /* Advanced_segeues */,
				C6A16CF61C6596FF009782AF /* Advanced_segeuesTests */,
				C6A16CDF1C6596FF009782AF /* Products */,
			);
			sourceTree = "<group>";
		};
		C6A16CDF1C6596FF009782AF /* Products */ = {
			isa = PBXGroup;
			children = (
				C6A16CDE1C6596FF009782AF /* Advanced_segeues.app */,
				C6A16CF31C6596FF009782AF /* Advanced_segeuesTests.xctest */,
			);
			name = Products;
			sourceTree = "<group>";
		};
		C6A16CE01C6596FF009782AF /* Advanced_segeues */ = {
			isa = PBXGroup;
			children = (
				C6A16CE31C6596FF009782AF /* AppDelegate.swift */,
				C6A16CE51C6596FF009782AF /* ViewController.swift */,
				C6A16CE71C6596FF009782AF /* Main.storyboard */,
				C6A16D031C659BBB009782AF /* TableViewController.swift */,
				C6A16CEA1C6596FF009782AF /* Images.xcassets */,
				C6A16CEC1C6596FF009782AF /* LaunchScreen.xib */,
				C6A16CE11C6596FF009782AF /* Supporting Files */,
			);
			path = Advanced_segeues;
			sourceTree = "<group>";
		};
		C6A16CE11C6596FF009782AF /* Supporting Files */ = {
			isa = PBXGroup;
			children = (
				C6A16CE21C6596FF009782AF /* Info.plist */,
			);
			name = "Supporting Files";
			sourceTree = "<group>";
		};
		C6A16CF61C6596FF009782AF /* Advanced_segeuesTests */ = {
			isa = PBXGroup;
			children = (
				C6A16CF91C6596FF009782AF /* Advanced_segeuesTests.swift */,
				C6A16CF71C6596FF009782AF /* Supporting Files */,
			);
			path = Advanced_segeuesTests;
			sourceTree = "<group>";
		};
		C6A16CF71C6596FF009782AF /* Supporting Files */ = {
			isa = PBXGroup;
			children = (
				C6A16CF81C6596FF009782AF /* Info.plist */,
			);
			name = "Supporting Files";
			sourceTree = "<group>";
		};
/* End PBXGroup section */

/* Begin PBXNativeTarget section */
		C6A16CDD1C6596FF009782AF /* Advanced_segeues */ = {
			isa = PBXNativeTarget;
			buildConfigurationList = C6A16CFD1C6596FF009782AF /* Build configuration list for PBXNativeTarget "Advanced_segeues" */;
			buildPhases = (
				C6A16CDA1C6596FF009782AF /* Sources */,
				C6A16CDB1C6596FF009782AF /* Frameworks */,
				C6A16CDC1C6596FF009782AF /* Resources */,
			);
			buildRules = (
			);
			dependencies = (
			);
			name = Advanced_segeues;
			productName = Advanced_segeues;
			productReference = C6A16CDE1C6596FF009782AF /* Advanced_segeues.app */;
			productType = "com.apple.product-type.application";
		};
		C6A16CF21C6596FF009782AF /* Advanced_segeuesTests */ = {
			isa = PBXNativeTarget;
			buildConfigurationList = C6A16D001C6596FF009782AF /* Build configuration list for PBXNativeTarget "Advanced_segeuesTests" */;
			buildPhases = (
				C6A16CEF1C6596FF009782AF /* Sources */,
				C6A16CF01C6596FF009782AF /* Frameworks */,
				C6A16CF11C6596FF009782AF /* Resources */,
			);
			buildRules = (
			);
			dependencies = (
				C6A16CF51C6596FF009782AF /* PBXTargetDependency */,
			);
			name = Advanced_segeuesTests;
			productName = Advanced_segeuesTests;
			productReference = C6A16CF31C6596FF009782AF /* Advanced_segeuesTests.xctest */;
			productType = "com.apple.product-type.bundle.unit-test";
		};
/* End PBXNativeTarget section */

/* Begin PBXProject section */
		C6A16CD61C6596FF009782AF /* Project object */ = {
			isa = PBXProject;
			attributes = {
				LastUpgradeCheck = 0610;
				ORGANIZATIONNAME = mk200789;
				TargetAttributes = {
					C6A16CDD1C6596FF009782AF = {
						CreatedOnToolsVersion = 6.1;
					};
					C6A16CF21C6596FF009782AF = {
						CreatedOnToolsVersion = 6.1;
						TestTargetID = C6A16CDD1C6596FF009782AF;
					};
				};
			};
			buildConfigurationList = C6A16CD91C6596FF009782AF /* Build configuration list for PBXProject "Advanced_segeues" */;
			compatibilityVersion = "Xcode 3.2";
			developmentRegion = English;
			hasScannedForEncodings = 0;
			knownRegions = (
				en,
				Base,
			);
			mainGroup = C6A16CD51C6596FF009782AF;
			productRefGroup = C6A16CDF1C6596FF009782AF /* Products */;
			projectDirPath = "";
			projectRoot = "";
			targets = (
				C6A16CDD1C6596FF009782AF /* Advanced_segeues */,
				C6A16CF21C6596FF009782AF /* Advanced_segeuesTests */,
			);
		};
/* End PBXProject section */

/* Begin PBXResourcesBuildPhase section */
		C6A16CDC1C6596FF009782AF /* Resources */ = {
			isa = PBXResourcesBuildPhase;
			buildActionMask = 2147483647;
			files = (
				C6A16CE91C6596FF009782AF /* Main.storyboard in Resources */,
				C6A16CEE1C6596FF009782AF /* LaunchScreen.xib in Resources */,
				C6A16CEB1C6596FF009782AF /* Images.xcassets in Resources */,
			);
			runOnlyForDeploymentPostprocessing = 0;
		};
		C6A16CF11C6596FF009782AF /* Resources */ = {
			isa = PBXResourcesBuildPhase;
			buildActionMask = 2147483647;
			files = (
			);
			runOnlyForDeploymentPostprocessing = 0;
		};
/* End PBXResourcesBuildPhase section */

/* Begin PBXSourcesBuildPhase section */
		C6A16CDA1C6596FF009782AF /* Sources */ = {
			isa = PBXSourcesBuildPhase;
			buildActionMask = 2147483647;
			files = (
				C6A16CE61C6596FF009782AF /* ViewController.swift in Sources */,
				C6A16D041C659BBB009782AF /* TableViewController.swift in Sources */,
				C6A16CE41C6596FF009782AF /* AppDelegate.swift in Sources */,
			);
			runOnlyForDeploymentPostprocessing = 0;
		};
		C6A16CEF1C6596FF009782AF /* Sources */ = {
			isa = PBXSourcesBuildPhase;
			buildActionMask = 2147483647;
			files = (
				C6A16CFA1C6596FF009782AF /* Advanced_segeuesTests.swift in Sources */,
			);
			runOnlyForDeploymentPostprocessing = 0;
		};
/* End PBXSourcesBuildPhase section */

/* Begin PBXTargetDependency section */
		C6A16CF51C6596FF009782AF /* PBXTargetDependency */ = {
			isa = PBXTargetDependency;
			target = C6A16CDD1C6596FF009782AF /* Advanced_segeues */;
			targetProxy = C6A16CF41C6596FF009782AF /* PBXContainerItemProxy */;
		};
/* End PBXTargetDependency section */

/* Begin PBXVariantGroup section */
		C6A16CE71C6596FF009782AF /* Main.storyboard */ = {
			isa = PBXVariantGroup;
			children = (
				C6A16CE81C6596FF009782AF /* Base */,
			);
			name = Main.storyboard;
			sourceTree = "<group>";
		};
		C6A16CEC1C6596FF009782AF /* LaunchScreen.xib */ = {
			isa = PBXVariantGroup;
			children = (
				C6A16CED1C6596FF009782AF /* Base */,
			);
			name = LaunchScreen.xib;
			sourceTree = "<group>";
		};
/* End PBXVariantGroup section */

/* Begin XCBuildConfiguration section */
		C6A16CFB1C6596FF009782AF /* Debug */ = {
			isa = XCBuildConfiguration;
			buildSettings = {
				ALWAYS_SEARCH_USER_PATHS = NO;
				CLANG_CXX_LANGUAGE_STANDARD = "gnu++0x";
				CLANG_CXX_LIBRARY = "libc++";
				CLANG_ENABLE_MODULES = YES;
				CLANG_ENABLE_OBJC_ARC = YES;
				CLANG_WARN_BOOL_CONVERSION = YES;
				CLANG_WARN_CONSTANT_CONVERSION = YES;
				CLANG_WARN_DIRECT_OBJC_ISA_USAGE = YES_ERROR;
				CLANG_WARN_EMPTY_BODY = YES;
				CLANG_WARN_ENUM_CONVERSION = YES;
				CLANG_WARN_INT_CONVERSION = YES;
				CLANG_WARN_OBJC_ROOT_CLASS = YES_ERROR;
				CLANG_WARN_UNREACHABLE_CODE = YES;
				CLANG_WARN__DUPLICATE_METHOD_MATCH = YES;
				"CODE_SIGN_IDENTITY[sdk=iphoneos*]" = "iPhone Developer";
				COPY_PHASE_STRIP = NO;
				ENABLE_STRICT_OBJC_MSGSEND = YES;
				GCC_C_LANGUAGE_STANDARD = gnu99;
				GCC_DYNAMIC_NO_PIC = NO;
				GCC_OPTIMIZATION_LEVEL = 0;
				GCC_PREPROCESSOR_DEFINITIONS = (
					"DEBUG=1",
					"$(inherited)",
				);
				GCC_SYMBOLS_PRIVATE_EXTERN = NO;
				GCC_WARN_64_TO_32_BIT_CONVERSION = YES;
				GCC_WARN_ABOUT_RETURN_TYPE = YES_ERROR;
				GCC_WARN_UNDECLARED_SELECTOR = YES;
				GCC_WARN_UNINITIALIZED_AUTOS = YES_AGGRESSIVE;
				GCC_WARN_UNUSED_FUNCTION = YES;
				GCC_WARN_UNUSED_VARIABLE = YES;
				IPHONEOS_DEPLOYMENT_TARGET = 8.1;
				MTL_ENABLE_DEBUG_INFO = YES;
				ONLY_ACTIVE_ARCH = YES;
				SDKROOT = iphoneos;
				SWIFT_OPTIMIZATION_LEVEL = "-Onone";
			};
			name = Debug;
		};
		C6A16CFC1C6596FF009782AF /* Release */ = {
			isa = XCBuildConfiguration;
			buildSettings = {
				ALWAYS_SEARCH_USER_PATHS = NO;
				CLANG_CXX_LANGUAGE_STANDARD = "gnu++0x";
				CLANG_CXX_LIBRARY = "libc++";
				CLANG_ENABLE_MODULES = YES;
				CLANG_ENABLE_OBJC_ARC = YES;
				CLANG_WARN_BOOL_CONVERSION = YES;
				CLANG_WARN_CONSTANT_CONVERSION = YES;
				CLANG_WARN_DIRECT_OBJC_ISA_USAGE = YES_ERROR;
				CLANG_WARN_EMPTY_BODY = YES;
				CLANG_WARN_ENUM_CONVERSION = YES;
				CLANG_WARN_INT_CONVERSION = YES;
				CLANG_WARN_OBJC_ROOT_CLASS = YES_ERROR;
				CLANG_WARN_UNREACHABLE_CODE = YES;
				CLANG_WARN__DUPLICATE_METHOD_MATCH = YES;
				"CODE_SIGN_IDENTITY[sdk=iphoneos*]" = "iPhone Developer";
				COPY_PHASE_STRIP = YES;
				ENABLE_NS_ASSERTIONS = NO;
				ENABLE_STRICT_OBJC_MSGSEND = YES;
				GCC_C_LANGUAGE_STANDARD = gnu99;
				GCC_WARN_64_TO_32_BIT_CONVERSION = YES;
				GCC_WARN_ABOUT_RETURN_TYPE = YES_ERROR;
				GCC_WARN_UNDECLARED_SELECTOR = YES;
				GCC_WARN_UNINITIALIZED_AUTOS = YES_AGGRESSIVE;
				GCC_WARN_UNUSED_FUNCTION = YES;
				GCC_WARN_UNUSED_VARIABLE = YES;
				IPHONEOS_DEPLOYMENT_TARGET = 8.1;
				MTL_ENABLE_DEBUG_INFO = NO;
				SDKROOT = iphoneos;
				VALIDATE_PRODUCT = YES;
			};
			name = Release;
		};
		C6A16CFE1C6596FF009782AF /* Debug */ = {
			isa = XCBuildConfiguration;
			buildSettings = {
				ASSETCATALOG_COMPILER_APPICON_NAME = AppIcon;
				INFOPLIST_FILE = Advanced_segeues/Info.plist;
				LD_RUNPATH_SEARCH_PATHS = "$(inherited) @executable_path/Frameworks";
				PRODUCT_NAME = "$(TARGET_NAME)";
			};
			name = Debug;
		};
		C6A16CFF1C6596FF009782AF /* Release */ = {
			isa = XCBuildConfiguration;
			buildSettings = {
				ASSETCATALOG_COMPILER_APPICON_NAME = AppIcon;
				INFOPLIST_FILE = Advanced_segeues/Info.plist;
				LD_RUNPATH_SEARCH_PATHS = "$(inherited) @executable_path/Frameworks";
				PRODUCT_NAME = "$(TARGET_NAME)";
			};
			name = Release;
		};
		C6A16D011C6596FF009782AF /* Debug */ = {
			isa = XCBuildConfiguration;
			buildSettings = {
				BUNDLE_LOADER = "$(TEST_HOST)";
				FRAMEWORK_SEARCH_PATHS = (
					"$(SDKROOT)/Developer/Library/Frameworks",
					"$(inherited)",
				);
				GCC_PREPROCESSOR_DEFINITIONS = (
					"DEBUG=1",
					"$(inherited)",
				);
				INFOPLIST_FILE = Advanced_segeuesTests/Info.plist;
				LD_RUNPATH_SEARCH_PATHS = "$(inherited) @executable_path/Frameworks @loader_path/Frameworks";
				PRODUCT_NAME = "$(TARGET_NAME)";
				TEST_HOST = "$(BUILT_PRODUCTS_DIR)/Advanced_segeues.app/Advanced_segeues";
			};
			name = Debug;
		};
		C6A16D021C6596FF009782AF /* Release */ = {
			isa = XCBuildConfiguration;
			buildSettings = {
				BUNDLE_LOADER = "$(TEST_HOST)";
				FRAMEWORK_SEARCH_PATHS = (
					"$(SDKROOT)/Developer/Library/Frameworks",
					"$(inherited)",
				);
				INFOPLIST_FILE = Advanced_segeuesTests/Info.plist;
				LD_RUNPATH_SEARCH_PATHS = "$(inherited) @executable_path/Frameworks @loader_path/Frameworks";
				PRODUCT_NAME = "$(TARGET_NAME)";
				TEST_HOST = "$(BUILT_PRODUCTS_DIR)/Advanced_segeues.app/Advanced_segeues";
			};
			name = Release;
		};
/* End XCBuildConfiguration section */

/* Begin XCConfigurationList section */
		C6A16CD91C6596FF009782AF /* Build configuration list for PBXProject "Advanced_segeues" */ = {
			isa = XCConfigurationList;
			buildConfigurations = (
				C6A16CFB1C6596FF009782AF /* Debug */,
				C6A16CFC1C6596FF009782AF /* Release */,
			);
			defaultConfigurationIsVisible = 0;
			defaultConfigurationName = Release;
		};
		C6A16CFD1C6596FF009782AF /* Build configuration list for PBXNativeTarget "Advanced_segeues" */ = {
			isa = XCConfigurationList;
			buildConfigurations = (
				C6A16CFE1C6596FF009782AF /* Debug */,
				C6A16CFF1C6596FF009782AF /* Release */,
			);
			defaultConfigurationIsVisible = 0;
		};
		C6A16D001C6596FF009782AF /* Build configuration list for PBXNativeTarget "Advanced_segeuesTests" */ = {
			isa = XCConfigurationList;
			buildConfigurations = (
				C6A16D011C6596FF009782AF /* Debug */,
				C6A16D021C6596FF009782AF /* Release */,
			);
			defaultConfigurationIsVisible = 0;
		};
/* End XCConfigurationList section */
	};
	rootObject = C6A16CD61C6596FF009782AF /* Project object */;
}
