// !$*UTF8*$!
{
	archiveVersion = 1;
	classes = {
	};
	objectVersion = 46;
	objects = {

/* Begin PBXBuildFile section */
		C6EA38451C1D122500EF939D /* AppDelegate.swift in Sources */ = {isa = PBXBuildFile; fileRef = C6EA38441C1D122500EF939D /* AppDelegate.swift */; };
		C6EA38471C1D122500EF939D /* ViewController.swift in Sources */ = {isa = PBXBuildFile; fileRef = C6EA38461C1D122500EF939D /* ViewController.swift */; };
		C6EA384A1C1D122500EF939D /* Main.storyboard in Resources */ = {isa = PBXBuildFile; fileRef = C6EA38481C1D122500EF939D /* Main.storyboard */; };
		C6EA384C1C1D122500EF939D /* Images.xcassets in Resources */ = {isa = PBXBuildFile; fileRef = C6EA384B1C1D122500EF939D /* Images.xcassets */; };
		C6EA384F1C1D122500EF939D /* LaunchScreen.xib in Resources */ = {isa = PBXBuildFile; fileRef = C6EA384D1C1D122500EF939D /* LaunchScreen.xib */; };
		C6EA385B1C1D122500EF939D /* Times_tablesTests.swift in Sources */ = {isa = PBXBuildFile; fileRef = C6EA385A1C1D122500EF939D /* Times_tablesTests.swift */; };
/* End PBXBuildFile section */

/* Begin PBXContainerItemProxy section */
		C6EA38551C1D122500EF939D /* PBXContainerItemProxy */ = {
			isa = PBXContainerItemProxy;
			containerPortal = C6EA38371C1D122500EF939D /* Project object */;
			proxyType = 1;
			remoteGlobalIDString = C6EA383E1C1D122500EF939D;
			remoteInfo = Times_tables;
		};
/* End PBXContainerItemProxy section */

/* Begin PBXFileReference section */
		C6EA383F1C1D122500EF939D /* Times_tables.app */ = {isa = PBXFileReference; explicitFileType = wrapper.application; includeInIndex = 0; path = Times_tables.app; sourceTree = BUILT_PRODUCTS_DIR; };
		C6EA38431C1D122500EF939D /* Info.plist */ = {isa = PBXFileReference; lastKnownFileType = text.plist.xml; path = Info.plist; sourceTree = "<group>"; };
		C6EA38441C1D122500EF939D /* AppDelegate.swift */ = {isa = PBXFileReference; lastKnownFileType = sourcecode.swift; path = AppDelegate.swift; sourceTree = "<group>"; };
		C6EA38461C1D122500EF939D /* ViewController.swift */ = {isa = PBXFileReference; lastKnownFileType = sourcecode.swift; path = ViewController.swift; sourceTree = "<group>"; };
		C6EA38491C1D122500EF939D /* Base */ = {isa = PBXFileReference; lastKnownFileType = file.storyboard; name = Base; path = Base.lproj/Main.storyboard; sourceTree = "<group>"; };
		C6EA384B1C1D122500EF939D /* Images.xcassets */ = {isa = PBXFileReference; lastKnownFileType = folder.assetcatalog; path = Images.xcassets; sourceTree = "<group>"; };
		C6EA384E1C1D122500EF939D /* Base */ = {isa = PBXFileReference; lastKnownFileType = file.xib; name = Base; path = Base.lproj/LaunchScreen.xib; sourceTree = "<group>"; };
		C6EA38541C1D122500EF939D /* Times_tablesTests.xctest */ = {isa = PBXFileReference; explicitFileType = wrapper.cfbundle; includeInIndex = 0; path = Times_tablesTests.xctest; sourceTree = BUILT_PRODUCTS_DIR; };
		C6EA38591C1D122500EF939D /* Info.plist */ = {isa = PBXFileReference; lastKnownFileType = text.plist.xml; path = Info.plist; sourceTree = "<group>"; };
		C6EA385A1C1D122500EF939D /* Times_tablesTests.swift */ = {isa = PBXFileReference; lastKnownFileType = sourcecode.swift; path = Times_tablesTests.swift; sourceTree = "<group>"; };
/* End PBXFileReference section */

/* Begin PBXFrameworksBuildPhase section */
		C6EA383C1C1D122500EF939D /* Frameworks */ = {
			isa = PBXFrameworksBuildPhase;
			buildActionMask = 2147483647;
			files = (
			);
			runOnlyForDeploymentPostprocessing = 0;
		};
		C6EA38511C1D122500EF939D /* Frameworks */ = {
			isa = PBXFrameworksBuildPhase;
			buildActionMask = 2147483647;
			files = (
			);
			runOnlyForDeploymentPostprocessing = 0;
		};
/* End PBXFrameworksBuildPhase section */

/* Begin PBXGroup section */
		C6EA38361C1D122500EF939D = {
			isa = PBXGroup;
			children = (
				C6EA38411C1D122500EF939D /* Times_tables */,
				C6EA38571C1D122500EF939D /* Times_tablesTests */,
				C6EA38401C1D122500EF939D /* Products */,
			);
			sourceTree = "<group>";
		};
		C6EA38401C1D122500EF939D /* Products */ = {
			isa = PBXGroup;
			children = (
				C6EA383F1C1D122500EF939D /* Times_tables.app */,
				C6EA38541C1D122500EF939D /* Times_tablesTests.xctest */,
			);
			name = Products;
			sourceTree = "<group>";
		};
		C6EA38411C1D122500EF939D /* Times_tables */ = {
			isa = PBXGroup;
			children = (
				C6EA38441C1D122500EF939D /* AppDelegate.swift */,
				C6EA38461C1D122500EF939D /* ViewController.swift */,
				C6EA38481C1D122500EF939D /* Main.storyboard */,
				C6EA384B1C1D122500EF939D /* Images.xcassets */,
				C6EA384D1C1D122500EF939D /* LaunchScreen.xib */,
				C6EA38421C1D122500EF939D /* Supporting Files */,
			);
			path = Times_tables;
			sourceTree = "<group>";
		};
		C6EA38421C1D122500EF939D /* Supporting Files */ = {
			isa = PBXGroup;
			children = (
				C6EA38431C1D122500EF939D /* Info.plist */,
			);
			name = "Supporting Files";
			sourceTree = "<group>";
		};
		C6EA38571C1D122500EF939D /* Times_tablesTests */ = {
			isa = PBXGroup;
			children = (
				C6EA385A1C1D122500EF939D /* Times_tablesTests.swift */,
				C6EA38581C1D122500EF939D /* Supporting Files */,
			);
			path = Times_tablesTests;
			sourceTree = "<group>";
		};
		C6EA38581C1D122500EF939D /* Supporting Files */ = {
			isa = PBXGroup;
			children = (
				C6EA38591C1D122500EF939D /* Info.plist */,
			);
			name = "Supporting Files";
			sourceTree = "<group>";
		};
/* End PBXGroup section */

/* Begin PBXNativeTarget section */
		C6EA383E1C1D122500EF939D /* Times_tables */ = {
			isa = PBXNativeTarget;
			buildConfigurationList = C6EA385E1C1D122500EF939D /* Build configuration list for PBXNativeTarget "Times_tables" */;
			buildPhases = (
				C6EA383B1C1D122500EF939D /* Sources */,
				C6EA383C1C1D122500EF939D /* Frameworks */,
				C6EA383D1C1D122500EF939D /* Resources */,
			);
			buildRules = (
			);
			dependencies = (
			);
			name = Times_tables;
			productName = Times_tables;
			productReference = C6EA383F1C1D122500EF939D /* Times_tables.app */;
			productType = "com.apple.product-type.application";
		};
		C6EA38531C1D122500EF939D /* Times_tablesTests */ = {
			isa = PBXNativeTarget;
			buildConfigurationList = C6EA38611C1D122500EF939D /* Build configuration list for PBXNativeTarget "Times_tablesTests" */;
			buildPhases = (
				C6EA38501C1D122500EF939D /* Sources */,
				C6EA38511C1D122500EF939D /* Frameworks */,
				C6EA38521C1D122500EF939D /* Resources */,
			);
			buildRules = (
			);
			dependencies = (
				C6EA38561C1D122500EF939D /* PBXTargetDependency */,
			);
			name = Times_tablesTests;
			productName = Times_tablesTests;
			productReference = C6EA38541C1D122500EF939D /* Times_tablesTests.xctest */;
			productType = "com.apple.product-type.bundle.unit-test";
		};
/* End PBXNativeTarget section */

/* Begin PBXProject section */
		C6EA38371C1D122500EF939D /* Project object */ = {
			isa = PBXProject;
			attributes = {
				LastUpgradeCheck = 0610;
				ORGANIZATIONNAME = mk200789;
				TargetAttributes = {
					C6EA383E1C1D122500EF939D = {
						CreatedOnToolsVersion = 6.1;
					};
					C6EA38531C1D122500EF939D = {
						CreatedOnToolsVersion = 6.1;
						TestTargetID = C6EA383E1C1D122500EF939D;
					};
				};
			};
			buildConfigurationList = C6EA383A1C1D122500EF939D /* Build configuration list for PBXProject "Times_tables" */;
			compatibilityVersion = "Xcode 3.2";
			developmentRegion = English;
			hasScannedForEncodings = 0;
			knownRegions = (
				en,
				Base,
			);
			mainGroup = C6EA38361C1D122500EF939D;
			productRefGroup = C6EA38401C1D122500EF939D /* Products */;
			projectDirPath = "";
			projectRoot = "";
			targets = (
				C6EA383E1C1D122500EF939D /* Times_tables */,
				C6EA38531C1D122500EF939D /* Times_tablesTests */,
			);
		};
/* End PBXProject section */

/* Begin PBXResourcesBuildPhase section */
		C6EA383D1C1D122500EF939D /* Resources */ = {
			isa = PBXResourcesBuildPhase;
			buildActionMask = 2147483647;
			files = (
				C6EA384A1C1D122500EF939D /* Main.storyboard in Resources */,
				C6EA384F1C1D122500EF939D /* LaunchScreen.xib in Resources */,
				C6EA384C1C1D122500EF939D /* Images.xcassets in Resources */,
			);
			runOnlyForDeploymentPostprocessing = 0;
		};
		C6EA38521C1D122500EF939D /* Resources */ = {
			isa = PBXResourcesBuildPhase;
			buildActionMask = 2147483647;
			files = (
			);
			runOnlyForDeploymentPostprocessing = 0;
		};
/* End PBXResourcesBuildPhase section */

/* Begin PBXSourcesBuildPhase section */
		C6EA383B1C1D122500EF939D /* Sources */ = {
			isa = PBXSourcesBuildPhase;
			buildActionMask = 2147483647;
			files = (
				C6EA38471C1D122500EF939D /* ViewController.swift in Sources */,
				C6EA38451C1D122500EF939D /* AppDelegate.swift in Sources */,
			);
			runOnlyForDeploymentPostprocessing = 0;
		};
		C6EA38501C1D122500EF939D /* Sources */ = {
			isa = PBXSourcesBuildPhase;
			buildActionMask = 2147483647;
			files = (
				C6EA385B1C1D122500EF939D /* Times_tablesTests.swift in Sources */,
			);
			runOnlyForDeploymentPostprocessing = 0;
		};
/* End PBXSourcesBuildPhase section */

/* Begin PBXTargetDependency section */
		C6EA38561C1D122500EF939D /* PBXTargetDependency */ = {
			isa = PBXTargetDependency;
			target = C6EA383E1C1D122500EF939D /* Times_tables */;
			targetProxy = C6EA38551C1D122500EF939D /* PBXContainerItemProxy */;
		};
/* End PBXTargetDependency section */

/* Begin PBXVariantGroup section */
		C6EA38481C1D122500EF939D /* Main.storyboard */ = {
			isa = PBXVariantGroup;
			children = (
				C6EA38491C1D122500EF939D /* Base */,
			);
			name = Main.storyboard;
			sourceTree = "<group>";
		};
		C6EA384D1C1D122500EF939D /* LaunchScreen.xib */ = {
			isa = PBXVariantGroup;
			children = (
				C6EA384E1C1D122500EF939D /* Base */,
			);
			name = LaunchScreen.xib;
			sourceTree = "<group>";
		};
/* End PBXVariantGroup section */

/* Begin XCBuildConfiguration section */
		C6EA385C1C1D122500EF939D /* Debug */ = {
			isa = XCBuildConfiguration;
			buildSettings = {
				ALWAYS_SEARCH_USER_PATHS = NO;
				CLANG_CXX_LANGUAGE_STANDARD = "gnu++0x";
				CLANG_CXX_LIBRARY = "libc++";
				CLANG_ENABLE_MODULES = YES;
				CLANG_ENABLE_OBJC_ARC = YES;
				CLANG_WARN_BOOL_CONVERSION = YES;
				CLANG_WARN_CONSTANT_CONVERSION = YES;
				CLANG_WARN_DIRECT_OBJC_ISA_USAGE = YES_ERROR;
				CLANG_WARN_EMPTY_BODY = YES;
				CLANG_WARN_ENUM_CONVERSION = YES;
				CLANG_WARN_INT_CONVERSION = YES;
				CLANG_WARN_OBJC_ROOT_CLASS = YES_ERROR;
				CLANG_WARN_UNREACHABLE_CODE = YES;
				CLANG_WARN__DUPLICATE_METHOD_MATCH = YES;
				"CODE_SIGN_IDENTITY[sdk=iphoneos*]" = "iPhone Developer";
				COPY_PHASE_STRIP = NO;
				ENABLE_STRICT_OBJC_MSGSEND = YES;
				GCC_C_LANGUAGE_STANDARD = gnu99;
				GCC_DYNAMIC_NO_PIC = NO;
				GCC_OPTIMIZATION_LEVEL = 0;
				GCC_PREPROCESSOR_DEFINITIONS = (
					"DEBUG=1",
					"$(inherited)",
				);
				GCC_SYMBOLS_PRIVATE_EXTERN = NO;
				GCC_WARN_64_TO_32_BIT_CONVERSION = YES;
				GCC_WARN_ABOUT_RETURN_TYPE = YES_ERROR;
				GCC_WARN_UNDECLARED_SELECTOR = YES;
				GCC_WARN_UNINITIALIZED_AUTOS = YES_AGGRESSIVE;
				GCC_WARN_UNUSED_FUNCTION = YES;
				GCC_WARN_UNUSED_VARIABLE = YES;
				IPHONEOS_DEPLOYMENT_TARGET = 8.1;
				MTL_ENABLE_DEBUG_INFO = YES;
				ONLY_ACTIVE_ARCH = YES;
				SDKROOT = iphoneos;
				SWIFT_OPTIMIZATION_LEVEL = "-Onone";
			};
			name = Debug;
		};
		C6EA385D1C1D122500EF939D /* Release */ = {
			isa = XCBuildConfiguration;
			buildSettings = {
				ALWAYS_SEARCH_USER_PATHS = NO;
				CLANG_CXX_LANGUAGE_STANDARD = "gnu++0x";
				CLANG_CXX_LIBRARY = "libc++";
				CLANG_ENABLE_MODULES = YES;
				CLANG_ENABLE_OBJC_ARC = YES;
				CLANG_WARN_BOOL_CONVERSION = YES;
				CLANG_WARN_CONSTANT_CONVERSION = YES;
				CLANG_WARN_DIRECT_OBJC_ISA_USAGE = YES_ERROR;
				CLANG_WARN_EMPTY_BODY = YES;
				CLANG_WARN_ENUM_CONVERSION = YES;
				CLANG_WARN_INT_CONVERSION = YES;
				CLANG_WARN_OBJC_ROOT_CLASS = YES_ERROR;
				CLANG_WARN_UNREACHABLE_CODE = YES;
				CLANG_WARN__DUPLICATE_METHOD_MATCH = YES;
				"CODE_SIGN_IDENTITY[sdk=iphoneos*]" = "iPhone Developer";
				COPY_PHASE_STRIP = YES;
				ENABLE_NS_ASSERTIONS = NO;
				ENABLE_STRICT_OBJC_MSGSEND = YES;
				GCC_C_LANGUAGE_STANDARD = gnu99;
				GCC_WARN_64_TO_32_BIT_CONVERSION = YES;
				GCC_WARN_ABOUT_RETURN_TYPE = YES_ERROR;
				GCC_WARN_UNDECLARED_SELECTOR = YES;
				GCC_WARN_UNINITIALIZED_AUTOS = YES_AGGRESSIVE;
				GCC_WARN_UNUSED_FUNCTION = YES;
				GCC_WARN_UNUSED_VARIABLE = YES;
				IPHONEOS_DEPLOYMENT_TARGET = 8.1;
				MTL_ENABLE_DEBUG_INFO = NO;
				SDKROOT = iphoneos;
				VALIDATE_PRODUCT = YES;
			};
			name = Release;
		};
		C6EA385F1C1D122500EF939D /* Debug */ = {
			isa = XCBuildConfiguration;
			buildSettings = {
				ASSETCATALOG_COMPILER_APPICON_NAME = AppIcon;
				INFOPLIST_FILE = Times_tables/Info.plist;
				LD_RUNPATH_SEARCH_PATHS = "$(inherited) @executable_path/Frameworks";
				PRODUCT_NAME = "$(TARGET_NAME)";
			};
			name = Debug;
		};
		C6EA38601C1D122500EF939D /* Release */ = {
			isa = XCBuildConfiguration;
			buildSettings = {
				ASSETCATALOG_COMPILER_APPICON_NAME = AppIcon;
				INFOPLIST_FILE = Times_tables/Info.plist;
				LD_RUNPATH_SEARCH_PATHS = "$(inherited) @executable_path/Frameworks";
				PRODUCT_NAME = "$(TARGET_NAME)";
			};
			name = Release;
		};
		C6EA38621C1D122500EF939D /* Debug */ = {
			isa = XCBuildConfiguration;
			buildSettings = {
				BUNDLE_LOADER = "$(TEST_HOST)";
				FRAMEWORK_SEARCH_PATHS = (
					"$(SDKROOT)/Developer/Library/Frameworks",
					"$(inherited)",
				);
				GCC_PREPROCESSOR_DEFINITIONS = (
					"DEBUG=1",
					"$(inherited)",
				);
				INFOPLIST_FILE = Times_tablesTests/Info.plist;
				LD_RUNPATH_SEARCH_PATHS = "$(inherited) @executable_path/Frameworks @loader_path/Frameworks";
				PRODUCT_NAME = "$(TARGET_NAME)";
				TEST_HOST = "$(BUILT_PRODUCTS_DIR)/Times_tables.app/Times_tables";
			};
			name = Debug;
		};
		C6EA38631C1D122500EF939D /* Release */ = {
			isa = XCBuildConfiguration;
			buildSettings = {
				BUNDLE_LOADER = "$(TEST_HOST)";
				FRAMEWORK_SEARCH_PATHS = (
					"$(SDKROOT)/Developer/Library/Frameworks",
					"$(inherited)",
				);
				INFOPLIST_FILE = Times_tablesTests/Info.plist;
				LD_RUNPATH_SEARCH_PATHS = "$(inherited) @executable_path/Frameworks @loader_path/Frameworks";
				PRODUCT_NAME = "$(TARGET_NAME)";
				TEST_HOST = "$(BUILT_PRODUCTS_DIR)/Times_tables.app/Times_tables";
			};
			name = Release;
		};
/* End XCBuildConfiguration section */

/* Begin XCConfigurationList section */
		C6EA383A1C1D122500EF939D /* Build configuration list for PBXProject "Times_tables" */ = {
			isa = XCConfigurationList;
			buildConfigurations = (
				C6EA385C1C1D122500EF939D /* Debug */,
				C6EA385D1C1D122500EF939D /* Release */,
			);
			defaultConfigurationIsVisible = 0;
			defaultConfigurationName = Release;
		};
		C6EA385E1C1D122500EF939D /* Build configuration list for PBXNativeTarget "Times_tables" */ = {
			isa = XCConfigurationList;
			buildConfigurations = (
				C6EA385F1C1D122500EF939D /* Debug */,
				C6EA38601C1D122500EF939D /* Release */,
			);
			defaultConfigurationIsVisible = 0;
		};
		C6EA38611C1D122500EF939D /* Build configuration list for PBXNativeTarget "Times_tablesTests" */ = {
			isa = XCConfigurationList;
			buildConfigurations = (
				C6EA38621C1D122500EF939D /* Debug */,
				C6EA38631C1D122500EF939D /* Release */,
			);
			defaultConfigurationIsVisible = 0;
		};
/* End XCConfigurationList section */
	};
	rootObject = C6EA38371C1D122500EF939D /* Project object */;
}
