// !$*UTF8*$!
{
	archiveVersion = 1;
	classes = {
	};
	objectVersion = 46;
	objects = {

/* Begin PBXBuildFile section */
		C6FCACF11C5C7A9D008D5CD4 /* AppDelegate.swift in Sources */ = {isa = PBXBuildFile; fileRef = C6FCACF01C5C7A9D008D5CD4 /* AppDelegate.swift */; };
		C6FCACF31C5C7A9D008D5CD4 /* ViewController.swift in Sources */ = {isa = PBXBuildFile; fileRef = C6FCACF21C5C7A9D008D5CD4 /* ViewController.swift */; };
		C6FCACF61C5C7A9D008D5CD4 /* Main.storyboard in Resources */ = {isa = PBXBuildFile; fileRef = C6FCACF41C5C7A9D008D5CD4 /* Main.storyboard */; };
		C6FCACF81C5C7A9D008D5CD4 /* Images.xcassets in Resources */ = {isa = PBXBuildFile; fileRef = C6FCACF71C5C7A9D008D5CD4 /* Images.xcassets */; };
		C6FCACFB1C5C7A9D008D5CD4 /* LaunchScreen.xib in Resources */ = {isa = PBXBuildFile; fileRef = C6FCACF91C5C7A9D008D5CD4 /* LaunchScreen.xib */; };
		C6FCAD071C5C7A9E008D5CD4 /* Tic_tac_toeTests.swift in Sources */ = {isa = PBXBuildFile; fileRef = C6FCAD061C5C7A9E008D5CD4 /* Tic_tac_toeTests.swift */; };
		C6FCAD131C5C7E61008D5CD4 /* board.png in Resources */ = {isa = PBXBuildFile; fileRef = C6FCAD101C5C7E61008D5CD4 /* board.png */; };
		C6FCAD141C5C7E61008D5CD4 /* o.png in Resources */ = {isa = PBXBuildFile; fileRef = C6FCAD111C5C7E61008D5CD4 /* o.png */; };
		C6FCAD151C5C7E61008D5CD4 /* x.png in Resources */ = {isa = PBXBuildFile; fileRef = C6FCAD121C5C7E61008D5CD4 /* x.png */; };
/* End PBXBuildFile section */

/* Begin PBXContainerItemProxy section */
		C6FCAD011C5C7A9E008D5CD4 /* PBXContainerItemProxy */ = {
			isa = PBXContainerItemProxy;
			containerPortal = C6FCACE31C5C7A9D008D5CD4 /* Project object */;
			proxyType = 1;
			remoteGlobalIDString = C6FCACEA1C5C7A9D008D5CD4;
			remoteInfo = Tic_tac_toe;
		};
/* End PBXContainerItemProxy section */

/* Begin PBXFileReference section */
		C6FCACEB1C5C7A9D008D5CD4 /* Tic_tac_toe.app */ = {isa = PBXFileReference; explicitFileType = wrapper.application; includeInIndex = 0; path = Tic_tac_toe.app; sourceTree = BUILT_PRODUCTS_DIR; };
		C6FCACEF1C5C7A9D008D5CD4 /* Info.plist */ = {isa = PBXFileReference; lastKnownFileType = text.plist.xml; path = Info.plist; sourceTree = "<group>"; };
		C6FCACF01C5C7A9D008D5CD4 /* AppDelegate.swift */ = {isa = PBXFileReference; lastKnownFileType = sourcecode.swift; path = AppDelegate.swift; sourceTree = "<group>"; };
		C6FCACF21C5C7A9D008D5CD4 /* ViewController.swift */ = {isa = PBXFileReference; lastKnownFileType = sourcecode.swift; path = ViewController.swift; sourceTree = "<group>"; };
		C6FCACF51C5C7A9D008D5CD4 /* Base */ = {isa = PBXFileReference; lastKnownFileType = file.storyboard; name = Base; path = Base.lproj/Main.storyboard; sourceTree = "<group>"; };
		C6FCACF71C5C7A9D008D5CD4 /* Images.xcassets */ = {isa = PBXFileReference; lastKnownFileType = folder.assetcatalog; path = Images.xcassets; sourceTree = "<group>"; };
		C6FCACFA1C5C7A9D008D5CD4 /* Base */ = {isa = PBXFileReference; lastKnownFileType = file.xib; name = Base; path = Base.lproj/LaunchScreen.xib; sourceTree = "<group>"; };
		C6FCAD001C5C7A9E008D5CD4 /* Tic_tac_toeTests.xctest */ = {isa = PBXFileReference; explicitFileType = wrapper.cfbundle; includeInIndex = 0; path = Tic_tac_toeTests.xctest; sourceTree = BUILT_PRODUCTS_DIR; };
		C6FCAD051C5C7A9E008D5CD4 /* Info.plist */ = {isa = PBXFileReference; lastKnownFileType = text.plist.xml; path = Info.plist; sourceTree = "<group>"; };
		C6FCAD061C5C7A9E008D5CD4 /* Tic_tac_toeTests.swift */ = {isa = PBXFileReference; lastKnownFileType = sourcecode.swift; path = Tic_tac_toeTests.swift; sourceTree = "<group>"; };
		C6FCAD101C5C7E61008D5CD4 /* board.png */ = {isa = PBXFileReference; lastKnownFileType = image.png; path = board.png; sourceTree = "<group>"; };
		C6FCAD111C5C7E61008D5CD4 /* o.png */ = {isa = PBXFileReference; lastKnownFileType = image.png; path = o.png; sourceTree = "<group>"; };
		C6FCAD121C5C7E61008D5CD4 /* x.png */ = {isa = PBXFileReference; lastKnownFileType = image.png; path = x.png; sourceTree = "<group>"; };
/* End PBXFileReference section */

/* Begin PBXFrameworksBuildPhase section */
		C6FCACE81C5C7A9D008D5CD4 /* Frameworks */ = {
			isa = PBXFrameworksBuildPhase;
			buildActionMask = 2147483647;
			files = (
			);
			runOnlyForDeploymentPostprocessing = 0;
		};
		C6FCACFD1C5C7A9E008D5CD4 /* Frameworks */ = {
			isa = PBXFrameworksBuildPhase;
			buildActionMask = 2147483647;
			files = (
			);
			runOnlyForDeploymentPostprocessing = 0;
		};
/* End PBXFrameworksBuildPhase section */

/* Begin PBXGroup section */
		C6FCACE21C5C7A9D008D5CD4 = {
			isa = PBXGroup;
			children = (
				C6FCACED1C5C7A9D008D5CD4 /* Tic_tac_toe */,
				C6FCAD031C5C7A9E008D5CD4 /* Tic_tac_toeTests */,
				C6FCACEC1C5C7A9D008D5CD4 /* Products */,
			);
			sourceTree = "<group>";
		};
		C6FCACEC1C5C7A9D008D5CD4 /* Products */ = {
			isa = PBXGroup;
			children = (
				C6FCACEB1C5C7A9D008D5CD4 /* Tic_tac_toe.app */,
				C6FCAD001C5C7A9E008D5CD4 /* Tic_tac_toeTests.xctest */,
			);
			name = Products;
			sourceTree = "<group>";
		};
		C6FCACED1C5C7A9D008D5CD4 /* Tic_tac_toe */ = {
			isa = PBXGroup;
			children = (
				C6FCACF01C5C7A9D008D5CD4 /* AppDelegate.swift */,
				C6FCACF21C5C7A9D008D5CD4 /* ViewController.swift */,
				C6FCACF41C5C7A9D008D5CD4 /* Main.storyboard */,
				C6FCAD101C5C7E61008D5CD4 /* board.png */,
				C6FCAD111C5C7E61008D5CD4 /* o.png */,
				C6FCAD121C5C7E61008D5CD4 /* x.png */,
				C6FCACF71C5C7A9D008D5CD4 /* Images.xcassets */,
				C6FCACF91C5C7A9D008D5CD4 /* LaunchScreen.xib */,
				C6FCACEE1C5C7A9D008D5CD4 /* Supporting Files */,
			);
			path = Tic_tac_toe;
			sourceTree = "<group>";
		};
		C6FCACEE1C5C7A9D008D5CD4 /* Supporting Files */ = {
			isa = PBXGroup;
			children = (
				C6FCACEF1C5C7A9D008D5CD4 /* Info.plist */,
			);
			name = "Supporting Files";
			sourceTree = "<group>";
		};
		C6FCAD031C5C7A9E008D5CD4 /* Tic_tac_toeTests */ = {
			isa = PBXGroup;
			children = (
				C6FCAD061C5C7A9E008D5CD4 /* Tic_tac_toeTests.swift */,
				C6FCAD041C5C7A9E008D5CD4 /* Supporting Files */,
			);
			path = Tic_tac_toeTests;
			sourceTree = "<group>";
		};
		C6FCAD041C5C7A9E008D5CD4 /* Supporting Files */ = {
			isa = PBXGroup;
			children = (
				C6FCAD051C5C7A9E008D5CD4 /* Info.plist */,
			);
			name = "Supporting Files";
			sourceTree = "<group>";
		};
/* End PBXGroup section */

/* Begin PBXNativeTarget section */
		C6FCACEA1C5C7A9D008D5CD4 /* Tic_tac_toe */ = {
			isa = PBXNativeTarget;
			buildConfigurationList = C6FCAD0A1C5C7A9E008D5CD4 /* Build configuration list for PBXNativeTarget "Tic_tac_toe" */;
			buildPhases = (
				C6FCACE71C5C7A9D008D5CD4 /* Sources */,
				C6FCACE81C5C7A9D008D5CD4 /* Frameworks */,
				C6FCACE91C5C7A9D008D5CD4 /* Resources */,
			);
			buildRules = (
			);
			dependencies = (
			);
			name = Tic_tac_toe;
			productName = Tic_tac_toe;
			productReference = C6FCACEB1C5C7A9D008D5CD4 /* Tic_tac_toe.app */;
			productType = "com.apple.product-type.application";
		};
		C6FCACFF1C5C7A9E008D5CD4 /* Tic_tac_toeTests */ = {
			isa = PBXNativeTarget;
			buildConfigurationList = C6FCAD0D1C5C7A9E008D5CD4 /* Build configuration list for PBXNativeTarget "Tic_tac_toeTests" */;
			buildPhases = (
				C6FCACFC1C5C7A9E008D5CD4 /* Sources */,
				C6FCACFD1C5C7A9E008D5CD4 /* Frameworks */,
				C6FCACFE1C5C7A9E008D5CD4 /* Resources */,
			);
			buildRules = (
			);
			dependencies = (
				C6FCAD021C5C7A9E008D5CD4 /* PBXTargetDependency */,
			);
			name = Tic_tac_toeTests;
			productName = Tic_tac_toeTests;
			productReference = C6FCAD001C5C7A9E008D5CD4 /* Tic_tac_toeTests.xctest */;
			productType = "com.apple.product-type.bundle.unit-test";
		};
/* End PBXNativeTarget section */

/* Begin PBXProject section */
		C6FCACE31C5C7A9D008D5CD4 /* Project object */ = {
			isa = PBXProject;
			attributes = {
				LastUpgradeCheck = 0610;
				ORGANIZATIONNAME = mk200789;
				TargetAttributes = {
					C6FCACEA1C5C7A9D008D5CD4 = {
						CreatedOnToolsVersion = 6.1;
					};
					C6FCACFF1C5C7A9E008D5CD4 = {
						CreatedOnToolsVersion = 6.1;
						TestTargetID = C6FCACEA1C5C7A9D008D5CD4;
					};
				};
			};
			buildConfigurationList = C6FCACE61C5C7A9D008D5CD4 /* Build configuration list for PBXProject "Tic_tac_toe" */;
			compatibilityVersion = "Xcode 3.2";
			developmentRegion = English;
			hasScannedForEncodings = 0;
			knownRegions = (
				en,
				Base,
			);
			mainGroup = C6FCACE21C5C7A9D008D5CD4;
			productRefGroup = C6FCACEC1C5C7A9D008D5CD4 /* Products */;
			projectDirPath = "";
			projectRoot = "";
			targets = (
				C6FCACEA1C5C7A9D008D5CD4 /* Tic_tac_toe */,
				C6FCACFF1C5C7A9E008D5CD4 /* Tic_tac_toeTests */,
			);
		};
/* End PBXProject section */

/* Begin PBXResourcesBuildPhase section */
		C6FCACE91C5C7A9D008D5CD4 /* Resources */ = {
			isa = PBXResourcesBuildPhase;
			buildActionMask = 2147483647;
			files = (
				C6FCAD151C5C7E61008D5CD4 /* x.png in Resources */,
				C6FCAD141C5C7E61008D5CD4 /* o.png in Resources */,
				C6FCAD131C5C7E61008D5CD4 /* board.png in Resources */,
				C6FCACF61C5C7A9D008D5CD4 /* Main.storyboard in Resources */,
				C6FCACFB1C5C7A9D008D5CD4 /* LaunchScreen.xib in Resources */,
				C6FCACF81C5C7A9D008D5CD4 /* Images.xcassets in Resources */,
			);
			runOnlyForDeploymentPostprocessing = 0;
		};
		C6FCACFE1C5C7A9E008D5CD4 /* Resources */ = {
			isa = PBXResourcesBuildPhase;
			buildActionMask = 2147483647;
			files = (
			);
			runOnlyForDeploymentPostprocessing = 0;
		};
/* End PBXResourcesBuildPhase section */

/* Begin PBXSourcesBuildPhase section */
		C6FCACE71C5C7A9D008D5CD4 /* Sources */ = {
			isa = PBXSourcesBuildPhase;
			buildActionMask = 2147483647;
			files = (
				C6FCACF31C5C7A9D008D5CD4 /* ViewController.swift in Sources */,
				C6FCACF11C5C7A9D008D5CD4 /* AppDelegate.swift in Sources */,
			);
			runOnlyForDeploymentPostprocessing = 0;
		};
		C6FCACFC1C5C7A9E008D5CD4 /* Sources */ = {
			isa = PBXSourcesBuildPhase;
			buildActionMask = 2147483647;
			files = (
				C6FCAD071C5C7A9E008D5CD4 /* Tic_tac_toeTests.swift in Sources */,
			);
			runOnlyForDeploymentPostprocessing = 0;
		};
/* End PBXSourcesBuildPhase section */

/* Begin PBXTargetDependency section */
		C6FCAD021C5C7A9E008D5CD4 /* PBXTargetDependency */ = {
			isa = PBXTargetDependency;
			target = C6FCACEA1C5C7A9D008D5CD4 /* Tic_tac_toe */;
			targetProxy = C6FCAD011C5C7A9E008D5CD4 /* PBXContainerItemProxy */;
		};
/* End PBXTargetDependency section */

/* Begin PBXVariantGroup section */
		C6FCACF41C5C7A9D008D5CD4 /* Main.storyboard */ = {
			isa = PBXVariantGroup;
			children = (
				C6FCACF51C5C7A9D008D5CD4 /* Base */,
			);
			name = Main.storyboard;
			sourceTree = "<group>";
		};
		C6FCACF91C5C7A9D008D5CD4 /* LaunchScreen.xib */ = {
			isa = PBXVariantGroup;
			children = (
				C6FCACFA1C5C7A9D008D5CD4 /* Base */,
			);
			name = LaunchScreen.xib;
			sourceTree = "<group>";
		};
/* End PBXVariantGroup section */

/* Begin XCBuildConfiguration section */
		C6FCAD081C5C7A9E008D5CD4 /* Debug */ = {
			isa = XCBuildConfiguration;
			buildSettings = {
				ALWAYS_SEARCH_USER_PATHS = NO;
				CLANG_CXX_LANGUAGE_STANDARD = "gnu++0x";
				CLANG_CXX_LIBRARY = "libc++";
				CLANG_ENABLE_MODULES = YES;
				CLANG_ENABLE_OBJC_ARC = YES;
				CLANG_WARN_BOOL_CONVERSION = YES;
				CLANG_WARN_CONSTANT_CONVERSION = YES;
				CLANG_WARN_DIRECT_OBJC_ISA_USAGE = YES_ERROR;
				CLANG_WARN_EMPTY_BODY = YES;
				CLANG_WARN_ENUM_CONVERSION = YES;
				CLANG_WARN_INT_CONVERSION = YES;
				CLANG_WARN_OBJC_ROOT_CLASS = YES_ERROR;
				CLANG_WARN_UNREACHABLE_CODE = YES;
				CLANG_WARN__DUPLICATE_METHOD_MATCH = YES;
				"CODE_SIGN_IDENTITY[sdk=iphoneos*]" = "iPhone Developer";
				COPY_PHASE_STRIP = NO;
				ENABLE_STRICT_OBJC_MSGSEND = YES;
				GCC_C_LANGUAGE_STANDARD = gnu99;
				GCC_DYNAMIC_NO_PIC = NO;
				GCC_OPTIMIZATION_LEVEL = 0;
				GCC_PREPROCESSOR_DEFINITIONS = (
					"DEBUG=1",
					"$(inherited)",
				);
				GCC_SYMBOLS_PRIVATE_EXTERN = NO;
				GCC_WARN_64_TO_32_BIT_CONVERSION = YES;
				GCC_WARN_ABOUT_RETURN_TYPE = YES_ERROR;
				GCC_WARN_UNDECLARED_SELECTOR = YES;
				GCC_WARN_UNINITIALIZED_AUTOS = YES_AGGRESSIVE;
				GCC_WARN_UNUSED_FUNCTION = YES;
				GCC_WARN_UNUSED_VARIABLE = YES;
				IPHONEOS_DEPLOYMENT_TARGET = 8.1;
				MTL_ENABLE_DEBUG_INFO = YES;
				ONLY_ACTIVE_ARCH = YES;
				SDKROOT = iphoneos;
				SWIFT_OPTIMIZATION_LEVEL = "-Onone";
			};
			name = Debug;
		};
		C6FCAD091C5C7A9E008D5CD4 /* Release */ = {
			isa = XCBuildConfiguration;
			buildSettings = {
				ALWAYS_SEARCH_USER_PATHS = NO;
				CLANG_CXX_LANGUAGE_STANDARD = "gnu++0x";
				CLANG_CXX_LIBRARY = "libc++";
				CLANG_ENABLE_MODULES = YES;
				CLANG_ENABLE_OBJC_ARC = YES;
				CLANG_WARN_BOOL_CONVERSION = YES;
				CLANG_WARN_CONSTANT_CONVERSION = YES;
				CLANG_WARN_DIRECT_OBJC_ISA_USAGE = YES_ERROR;
				CLANG_WARN_EMPTY_BODY = YES;
				CLANG_WARN_ENUM_CONVERSION = YES;
				CLANG_WARN_INT_CONVERSION = YES;
				CLANG_WARN_OBJC_ROOT_CLASS = YES_ERROR;
				CLANG_WARN_UNREACHABLE_CODE = YES;
				CLANG_WARN__DUPLICATE_METHOD_MATCH = YES;
				"CODE_SIGN_IDENTITY[sdk=iphoneos*]" = "iPhone Developer";
				COPY_PHASE_STRIP = YES;
				ENABLE_NS_ASSERTIONS = NO;
				ENABLE_STRICT_OBJC_MSGSEND = YES;
				GCC_C_LANGUAGE_STANDARD = gnu99;
				GCC_WARN_64_TO_32_BIT_CONVERSION = YES;
				GCC_WARN_ABOUT_RETURN_TYPE = YES_ERROR;
				GCC_WARN_UNDECLARED_SELECTOR = YES;
				GCC_WARN_UNINITIALIZED_AUTOS = YES_AGGRESSIVE;
				GCC_WARN_UNUSED_FUNCTION = YES;
				GCC_WARN_UNUSED_VARIABLE = YES;
				IPHONEOS_DEPLOYMENT_TARGET = 8.1;
				MTL_ENABLE_DEBUG_INFO = NO;
				SDKROOT = iphoneos;
				VALIDATE_PRODUCT = YES;
			};
			name = Release;
		};
		C6FCAD0B1C5C7A9E008D5CD4 /* Debug */ = {
			isa = XCBuildConfiguration;
			buildSettings = {
				ASSETCATALOG_COMPILER_APPICON_NAME = AppIcon;
				INFOPLIST_FILE = Tic_tac_toe/Info.plist;
				LD_RUNPATH_SEARCH_PATHS = "$(inherited) @executable_path/Frameworks";
				PRODUCT_NAME = "$(TARGET_NAME)";
			};
			name = Debug;
		};
		C6FCAD0C1C5C7A9E008D5CD4 /* Release */ = {
			isa = XCBuildConfiguration;
			buildSettings = {
				ASSETCATALOG_COMPILER_APPICON_NAME = AppIcon;
				INFOPLIST_FILE = Tic_tac_toe/Info.plist;
				LD_RUNPATH_SEARCH_PATHS = "$(inherited) @executable_path/Frameworks";
				PRODUCT_NAME = "$(TARGET_NAME)";
			};
			name = Release;
		};
		C6FCAD0E1C5C7A9E008D5CD4 /* Debug */ = {
			isa = XCBuildConfiguration;
			buildSettings = {
				BUNDLE_LOADER = "$(TEST_HOST)";
				FRAMEWORK_SEARCH_PATHS = (
					"$(SDKROOT)/Developer/Library/Frameworks",
					"$(inherited)",
				);
				GCC_PREPROCESSOR_DEFINITIONS = (
					"DEBUG=1",
					"$(inherited)",
				);
				INFOPLIST_FILE = Tic_tac_toeTests/Info.plist;
				LD_RUNPATH_SEARCH_PATHS = "$(inherited) @executable_path/Frameworks @loader_path/Frameworks";
				PRODUCT_NAME = "$(TARGET_NAME)";
				TEST_HOST = "$(BUILT_PRODUCTS_DIR)/Tic_tac_toe.app/Tic_tac_toe";
			};
			name = Debug;
		};
		C6FCAD0F1C5C7A9E008D5CD4 /* Release */ = {
			isa = XCBuildConfiguration;
			buildSettings = {
				BUNDLE_LOADER = "$(TEST_HOST)";
				FRAMEWORK_SEARCH_PATHS = (
					"$(SDKROOT)/Developer/Library/Frameworks",
					"$(inherited)",
				);
				INFOPLIST_FILE = Tic_tac_toeTests/Info.plist;
				LD_RUNPATH_SEARCH_PATHS = "$(inherited) @executable_path/Frameworks @loader_path/Frameworks";
				PRODUCT_NAME = "$(TARGET_NAME)";
				TEST_HOST = "$(BUILT_PRODUCTS_DIR)/Tic_tac_toe.app/Tic_tac_toe";
			};
			name = Release;
		};
/* End XCBuildConfiguration section */

/* Begin XCConfigurationList section */
		C6FCACE61C5C7A9D008D5CD4 /* Build configuration list for PBXProject "Tic_tac_toe" */ = {
			isa = XCConfigurationList;
			buildConfigurations = (
				C6FCAD081C5C7A9E008D5CD4 /* Debug */,
				C6FCAD091C5C7A9E008D5CD4 /* Release */,
			);
			defaultConfigurationIsVisible = 0;
			defaultConfigurationName = Release;
		};
		C6FCAD0A1C5C7A9E008D5CD4 /* Build configuration list for PBXNativeTarget "Tic_tac_toe" */ = {
			isa = XCConfigurationList;
			buildConfigurations = (
				C6FCAD0B1C5C7A9E008D5CD4 /* Debug */,
				C6FCAD0C1C5C7A9E008D5CD4 /* Release */,
			);
			defaultConfigurationIsVisible = 0;
		};
		C6FCAD0D1C5C7A9E008D5CD4 /* Build configuration list for PBXNativeTarget "Tic_tac_toeTests" */ = {
			isa = XCConfigurationList;
			buildConfigurations = (
				C6FCAD0E1C5C7A9E008D5CD4 /* Debug */,
				C6FCAD0F1C5C7A9E008D5CD4 /* Release */,
			);
			defaultConfigurationIsVisible = 0;
		};
/* End XCConfigurationList section */
	};
	rootObject = C6FCACE31C5C7A9D008D5CD4 /* Project object */;
}
