// !$*UTF8*$!
{
	archiveVersion = 1;
	classes = {
	};
	objectVersion = 46;
	objects = {

/* Begin PBXBuildFile section */
		C6EA38CF1C1D255C00EF939D /* AppDelegate.swift in Sources */ = {isa = PBXBuildFile; fileRef = C6EA38CE1C1D255C00EF939D /* AppDelegate.swift */; };
		C6EA38D11C1D255C00EF939D /* ViewController.swift in Sources */ = {isa = PBXBuildFile; fileRef = C6EA38D01C1D255C00EF939D /* ViewController.swift */; };
		C6EA38D41C1D255C00EF939D /* Main.storyboard in Resources */ = {isa = PBXBuildFile; fileRef = C6EA38D21C1D255C00EF939D /* Main.storyboard */; };
		C6EA38D61C1D255C00EF939D /* Images.xcassets in Resources */ = {isa = PBXBuildFile; fileRef = C6EA38D51C1D255C00EF939D /* Images.xcassets */; };
		C6EA38D91C1D255C00EF939D /* LaunchScreen.xib in Resources */ = {isa = PBXBuildFile; fileRef = C6EA38D71C1D255C00EF939D /* LaunchScreen.xib */; };
		C6EA38E51C1D255C00EF939D /* Controlling_keyboardTests.swift in Sources */ = {isa = PBXBuildFile; fileRef = C6EA38E41C1D255C00EF939D /* Controlling_keyboardTests.swift */; };
/* End PBXBuildFile section */

/* Begin PBXContainerItemProxy section */
		C6EA38DF1C1D255C00EF939D /* PBXContainerItemProxy */ = {
			isa = PBXContainerItemProxy;
			containerPortal = C6EA38C11C1D255C00EF939D /* Project object */;
			proxyType = 1;
			remoteGlobalIDString = C6EA38C81C1D255C00EF939D;
			remoteInfo = Controlling_keyboard;
		};
/* End PBXContainerItemProxy section */

/* Begin PBXFileReference section */
		C6EA38C91C1D255C00EF939D /* Controlling_keyboard.app */ = {isa = PBXFileReference; explicitFileType = wrapper.application; includeInIndex = 0; path = Controlling_keyboard.app; sourceTree = BUILT_PRODUCTS_DIR; };
		C6EA38CD1C1D255C00EF939D /* Info.plist */ = {isa = PBXFileReference; lastKnownFileType = text.plist.xml; path = Info.plist; sourceTree = "<group>"; };
		C6EA38CE1C1D255C00EF939D /* AppDelegate.swift */ = {isa = PBXFileReference; lastKnownFileType = sourcecode.swift; path = AppDelegate.swift; sourceTree = "<group>"; };
		C6EA38D01C1D255C00EF939D /* ViewController.swift */ = {isa = PBXFileReference; lastKnownFileType = sourcecode.swift; path = ViewController.swift; sourceTree = "<group>"; };
		C6EA38D31C1D255C00EF939D /* Base */ = {isa = PBXFileReference; lastKnownFileType = file.storyboard; name = Base; path = Base.lproj/Main.storyboard; sourceTree = "<group>"; };
		C6EA38D51C1D255C00EF939D /* Images.xcassets */ = {isa = PBXFileReference; lastKnownFileType = folder.assetcatalog; path = Images.xcassets; sourceTree = "<group>"; };
		C6EA38D81C1D255C00EF939D /* Base */ = {isa = PBXFileReference; lastKnownFileType = file.xib; name = Base; path = Base.lproj/LaunchScreen.xib; sourceTree = "<group>"; };
		C6EA38DE1C1D255C00EF939D /* Controlling_keyboardTests.xctest */ = {isa = PBXFileReference; explicitFileType = wrapper.cfbundle; includeInIndex = 0; path = Controlling_keyboardTests.xctest; sourceTree = BUILT_PRODUCTS_DIR; };
		C6EA38E31C1D255C00EF939D /* Info.plist */ = {isa = PBXFileReference; lastKnownFileType = text.plist.xml; path = Info.plist; sourceTree = "<group>"; };
		C6EA38E41C1D255C00EF939D /* Controlling_keyboardTests.swift */ = {isa = PBXFileReference; lastKnownFileType = sourcecode.swift; path = Controlling_keyboardTests.swift; sourceTree = "<group>"; };
/* End PBXFileReference section */

/* Begin PBXFrameworksBuildPhase section */
		C6EA38C61C1D255C00EF939D /* Frameworks */ = {
			isa = PBXFrameworksBuildPhase;
			buildActionMask = 2147483647;
			files = (
			);
			runOnlyForDeploymentPostprocessing = 0;
		};
		C6EA38DB1C1D255C00EF939D /* Frameworks */ = {
			isa = PBXFrameworksBuildPhase;
			buildActionMask = 2147483647;
			files = (
			);
			runOnlyForDeploymentPostprocessing = 0;
		};
/* End PBXFrameworksBuildPhase section */

/* Begin PBXGroup section */
		C6EA38C01C1D255C00EF939D = {
			isa = PBXGroup;
			children = (
				C6EA38CB1C1D255C00EF939D /* Controlling_keyboard */,
				C6EA38E11C1D255C00EF939D /* Controlling_keyboardTests */,
				C6EA38CA1C1D255C00EF939D /* Products */,
			);
			sourceTree = "<group>";
		};
		C6EA38CA1C1D255C00EF939D /* Products */ = {
			isa = PBXGroup;
			children = (
				C6EA38C91C1D255C00EF939D /* Controlling_keyboard.app */,
				C6EA38DE1C1D255C00EF939D /* Controlling_keyboardTests.xctest */,
			);
			name = Products;
			sourceTree = "<group>";
		};
		C6EA38CB1C1D255C00EF939D /* Controlling_keyboard */ = {
			isa = PBXGroup;
			children = (
				C6EA38CE1C1D255C00EF939D /* AppDelegate.swift */,
				C6EA38D01C1D255C00EF939D /* ViewController.swift */,
				C6EA38D21C1D255C00EF939D /* Main.storyboard */,
				C6EA38D51C1D255C00EF939D /* Images.xcassets */,
				C6EA38D71C1D255C00EF939D /* LaunchScreen.xib */,
				C6EA38CC1C1D255C00EF939D /* Supporting Files */,
			);
			path = Controlling_keyboard;
			sourceTree = "<group>";
		};
		C6EA38CC1C1D255C00EF939D /* Supporting Files */ = {
			isa = PBXGroup;
			children = (
				C6EA38CD1C1D255C00EF939D /* Info.plist */,
			);
			name = "Supporting Files";
			sourceTree = "<group>";
		};
		C6EA38E11C1D255C00EF939D /* Controlling_keyboardTests */ = {
			isa = PBXGroup;
			children = (
				C6EA38E41C1D255C00EF939D /* Controlling_keyboardTests.swift */,
				C6EA38E21C1D255C00EF939D /* Supporting Files */,
			);
			path = Controlling_keyboardTests;
			sourceTree = "<group>";
		};
		C6EA38E21C1D255C00EF939D /* Supporting Files */ = {
			isa = PBXGroup;
			children = (
				C6EA38E31C1D255C00EF939D /* Info.plist */,
			);
			name = "Supporting Files";
			sourceTree = "<group>";
		};
/* End PBXGroup section */

/* Begin PBXNativeTarget section */
		C6EA38C81C1D255C00EF939D /* Controlling_keyboard */ = {
			isa = PBXNativeTarget;
			buildConfigurationList = C6EA38E81C1D255C00EF939D /* Build configuration list for PBXNativeTarget "Controlling_keyboard" */;
			buildPhases = (
				C6EA38C51C1D255C00EF939D /* Sources */,
				C6EA38C61C1D255C00EF939D /* Frameworks */,
				C6EA38C71C1D255C00EF939D /* Resources */,
			);
			buildRules = (
			);
			dependencies = (
			);
			name = Controlling_keyboard;
			productName = Controlling_keyboard;
			productReference = C6EA38C91C1D255C00EF939D /* Controlling_keyboard.app */;
			productType = "com.apple.product-type.application";
		};
		C6EA38DD1C1D255C00EF939D /* Controlling_keyboardTests */ = {
			isa = PBXNativeTarget;
			buildConfigurationList = C6EA38EB1C1D255C00EF939D /* Build configuration list for PBXNativeTarget "Controlling_keyboardTests" */;
			buildPhases = (
				C6EA38DA1C1D255C00EF939D /* Sources */,
				C6EA38DB1C1D255C00EF939D /* Frameworks */,
				C6EA38DC1C1D255C00EF939D /* Resources */,
			);
			buildRules = (
			);
			dependencies = (
				C6EA38E01C1D255C00EF939D /* PBXTargetDependency */,
			);
			name = Controlling_keyboardTests;
			productName = Controlling_keyboardTests;
			productReference = C6EA38DE1C1D255C00EF939D /* Controlling_keyboardTests.xctest */;
			productType = "com.apple.product-type.bundle.unit-test";
		};
/* End PBXNativeTarget section */

/* Begin PBXProject section */
		C6EA38C11C1D255C00EF939D /* Project object */ = {
			isa = PBXProject;
			attributes = {
				LastUpgradeCheck = 0610;
				ORGANIZATIONNAME = mk200789;
				TargetAttributes = {
					C6EA38C81C1D255C00EF939D = {
						CreatedOnToolsVersion = 6.1;
					};
					C6EA38DD1C1D255C00EF939D = {
						CreatedOnToolsVersion = 6.1;
						TestTargetID = C6EA38C81C1D255C00EF939D;
					};
				};
			};
			buildConfigurationList = C6EA38C41C1D255C00EF939D /* Build configuration list for PBXProject "Controlling_keyboard" */;
			compatibilityVersion = "Xcode 3.2";
			developmentRegion = English;
			hasScannedForEncodings = 0;
			knownRegions = (
				en,
				Base,
			);
			mainGroup = C6EA38C01C1D255C00EF939D;
			productRefGroup = C6EA38CA1C1D255C00EF939D /* Products */;
			projectDirPath = "";
			projectRoot = "";
			targets = (
				C6EA38C81C1D255C00EF939D /* Controlling_keyboard */,
				C6EA38DD1C1D255C00EF939D /* Controlling_keyboardTests */,
			);
		};
/* End PBXProject section */

/* Begin PBXResourcesBuildPhase section */
		C6EA38C71C1D255C00EF939D /* Resources */ = {
			isa = PBXResourcesBuildPhase;
			buildActionMask = 2147483647;
			files = (
				C6EA38D41C1D255C00EF939D /* Main.storyboard in Resources */,
				C6EA38D91C1D255C00EF939D /* LaunchScreen.xib in Resources */,
				C6EA38D61C1D255C00EF939D /* Images.xcassets in Resources */,
			);
			runOnlyForDeploymentPostprocessing = 0;
		};
		C6EA38DC1C1D255C00EF939D /* Resources */ = {
			isa = PBXResourcesBuildPhase;
			buildActionMask = 2147483647;
			files = (
			);
			runOnlyForDeploymentPostprocessing = 0;
		};
/* End PBXResourcesBuildPhase section */

/* Begin PBXSourcesBuildPhase section */
		C6EA38C51C1D255C00EF939D /* Sources */ = {
			isa = PBXSourcesBuildPhase;
			buildActionMask = 2147483647;
			files = (
				C6EA38D11C1D255C00EF939D /* ViewController.swift in Sources */,
				C6EA38CF1C1D255C00EF939D /* AppDelegate.swift in Sources */,
			);
			runOnlyForDeploymentPostprocessing = 0;
		};
		C6EA38DA1C1D255C00EF939D /* Sources */ = {
			isa = PBXSourcesBuildPhase;
			buildActionMask = 2147483647;
			files = (
				C6EA38E51C1D255C00EF939D /* Controlling_keyboardTests.swift in Sources */,
			);
			runOnlyForDeploymentPostprocessing = 0;
		};
/* End PBXSourcesBuildPhase section */

/* Begin PBXTargetDependency section */
		C6EA38E01C1D255C00EF939D /* PBXTargetDependency */ = {
			isa = PBXTargetDependency;
			target = C6EA38C81C1D255C00EF939D /* Controlling_keyboard */;
			targetProxy = C6EA38DF1C1D255C00EF939D /* PBXContainerItemProxy */;
		};
/* End PBXTargetDependency section */

/* Begin PBXVariantGroup section */
		C6EA38D21C1D255C00EF939D /* Main.storyboard */ = {
			isa = PBXVariantGroup;
			children = (
				C6EA38D31C1D255C00EF939D /* Base */,
			);
			name = Main.storyboard;
			sourceTree = "<group>";
		};
		C6EA38D71C1D255C00EF939D /* LaunchScreen.xib */ = {
			isa = PBXVariantGroup;
			children = (
				C6EA38D81C1D255C00EF939D /* Base */,
			);
			name = LaunchScreen.xib;
			sourceTree = "<group>";
		};
/* End PBXVariantGroup section */

/* Begin XCBuildConfiguration section */
		C6EA38E61C1D255C00EF939D /* Debug */ = {
			isa = XCBuildConfiguration;
			buildSettings = {
				ALWAYS_SEARCH_USER_PATHS = NO;
				CLANG_CXX_LANGUAGE_STANDARD = "gnu++0x";
				CLANG_CXX_LIBRARY = "libc++";
				CLANG_ENABLE_MODULES = YES;
				CLANG_ENABLE_OBJC_ARC = YES;
				CLANG_WARN_BOOL_CONVERSION = YES;
				CLANG_WARN_CONSTANT_CONVERSION = YES;
				CLANG_WARN_DIRECT_OBJC_ISA_USAGE = YES_ERROR;
				CLANG_WARN_EMPTY_BODY = YES;
				CLANG_WARN_ENUM_CONVERSION = YES;
				CLANG_WARN_INT_CONVERSION = YES;
				CLANG_WARN_OBJC_ROOT_CLASS = YES_ERROR;
				CLANG_WARN_UNREACHABLE_CODE = YES;
				CLANG_WARN__DUPLICATE_METHOD_MATCH = YES;
				"CODE_SIGN_IDENTITY[sdk=iphoneos*]" = "iPhone Developer";
				COPY_PHASE_STRIP = NO;
				ENABLE_STRICT_OBJC_MSGSEND = YES;
				GCC_C_LANGUAGE_STANDARD = gnu99;
				GCC_DYNAMIC_NO_PIC = NO;
				GCC_OPTIMIZATION_LEVEL = 0;
				GCC_PREPROCESSOR_DEFINITIONS = (
					"DEBUG=1",
					"$(inherited)",
				);
				GCC_SYMBOLS_PRIVATE_EXTERN = NO;
				GCC_WARN_64_TO_32_BIT_CONVERSION = YES;
				GCC_WARN_ABOUT_RETURN_TYPE = YES_ERROR;
				GCC_WARN_UNDECLARED_SELECTOR = YES;
				GCC_WARN_UNINITIALIZED_AUTOS = YES_AGGRESSIVE;
				GCC_WARN_UNUSED_FUNCTION = YES;
				GCC_WARN_UNUSED_VARIABLE = YES;
				IPHONEOS_DEPLOYMENT_TARGET = 8.1;
				MTL_ENABLE_DEBUG_INFO = YES;
				ONLY_ACTIVE_ARCH = YES;
				SDKROOT = iphoneos;
				SWIFT_OPTIMIZATION_LEVEL = "-Onone";
			};
			name = Debug;
		};
		C6EA38E71C1D255C00EF939D /* Release */ = {
			isa = XCBuildConfiguration;
			buildSettings = {
				ALWAYS_SEARCH_USER_PATHS = NO;
				CLANG_CXX_LANGUAGE_STANDARD = "gnu++0x";
				CLANG_CXX_LIBRARY = "libc++";
				CLANG_ENABLE_MODULES = YES;
				CLANG_ENABLE_OBJC_ARC = YES;
				CLANG_WARN_BOOL_CONVERSION = YES;
				CLANG_WARN_CONSTANT_CONVERSION = YES;
				CLANG_WARN_DIRECT_OBJC_ISA_USAGE = YES_ERROR;
				CLANG_WARN_EMPTY_BODY = YES;
				CLANG_WARN_ENUM_CONVERSION = YES;
				CLANG_WARN_INT_CONVERSION = YES;
				CLANG_WARN_OBJC_ROOT_CLASS = YES_ERROR;
				CLANG_WARN_UNREACHABLE_CODE = YES;
				CLANG_WARN__DUPLICATE_METHOD_MATCH = YES;
				"CODE_SIGN_IDENTITY[sdk=iphoneos*]" = "iPhone Developer";
				COPY_PHASE_STRIP = YES;
				ENABLE_NS_ASSERTIONS = NO;
				ENABLE_STRICT_OBJC_MSGSEND = YES;
				GCC_C_LANGUAGE_STANDARD = gnu99;
				GCC_WARN_64_TO_32_BIT_CONVERSION = YES;
				GCC_WARN_ABOUT_RETURN_TYPE = YES_ERROR;
				GCC_WARN_UNDECLARED_SELECTOR = YES;
				GCC_WARN_UNINITIALIZED_AUTOS = YES_AGGRESSIVE;
				GCC_WARN_UNUSED_FUNCTION = YES;
				GCC_WARN_UNUSED_VARIABLE = YES;
				IPHONEOS_DEPLOYMENT_TARGET = 8.1;
				MTL_ENABLE_DEBUG_INFO = NO;
				SDKROOT = iphoneos;
				VALIDATE_PRODUCT = YES;
			};
			name = Release;
		};
		C6EA38E91C1D255C00EF939D /* Debug */ = {
			isa = XCBuildConfiguration;
			buildSettings = {
				ASSETCATALOG_COMPILER_APPICON_NAME = AppIcon;
				INFOPLIST_FILE = Controlling_keyboard/Info.plist;
				LD_RUNPATH_SEARCH_PATHS = "$(inherited) @executable_path/Frameworks";
				PRODUCT_NAME = "$(TARGET_NAME)";
			};
			name = Debug;
		};
		C6EA38EA1C1D255C00EF939D /* Release */ = {
			isa = XCBuildConfiguration;
			buildSettings = {
				ASSETCATALOG_COMPILER_APPICON_NAME = AppIcon;
				INFOPLIST_FILE = Controlling_keyboard/Info.plist;
				LD_RUNPATH_SEARCH_PATHS = "$(inherited) @executable_path/Frameworks";
				PRODUCT_NAME = "$(TARGET_NAME)";
			};
			name = Release;
		};
		C6EA38EC1C1D255C00EF939D /* Debug */ = {
			isa = XCBuildConfiguration;
			buildSettings = {
				BUNDLE_LOADER = "$(TEST_HOST)";
				FRAMEWORK_SEARCH_PATHS = (
					"$(SDKROOT)/Developer/Library/Frameworks",
					"$(inherited)",
				);
				GCC_PREPROCESSOR_DEFINITIONS = (
					"DEBUG=1",
					"$(inherited)",
				);
				INFOPLIST_FILE = Controlling_keyboardTests/Info.plist;
				LD_RUNPATH_SEARCH_PATHS = "$(inherited) @executable_path/Frameworks @loader_path/Frameworks";
				PRODUCT_NAME = "$(TARGET_NAME)";
				TEST_HOST = "$(BUILT_PRODUCTS_DIR)/Controlling_keyboard.app/Controlling_keyboard";
			};
			name = Debug;
		};
		C6EA38ED1C1D255C00EF939D /* Release */ = {
			isa = XCBuildConfiguration;
			buildSettings = {
				BUNDLE_LOADER = "$(TEST_HOST)";
				FRAMEWORK_SEARCH_PATHS = (
					"$(SDKROOT)/Developer/Library/Frameworks",
					"$(inherited)",
				);
				INFOPLIST_FILE = Controlling_keyboardTests/Info.plist;
				LD_RUNPATH_SEARCH_PATHS = "$(inherited) @executable_path/Frameworks @loader_path/Frameworks";
				PRODUCT_NAME = "$(TARGET_NAME)";
				TEST_HOST = "$(BUILT_PRODUCTS_DIR)/Controlling_keyboard.app/Controlling_keyboard";
			};
			name = Release;
		};
/* End XCBuildConfiguration section */

/* Begin XCConfigurationList section */
		C6EA38C41C1D255C00EF939D /* Build configuration list for PBXProject "Controlling_keyboard" */ = {
			isa = XCConfigurationList;
			buildConfigurations = (
				C6EA38E61C1D255C00EF939D /* Debug */,
				C6EA38E71C1D255C00EF939D /* Release */,
			);
			defaultConfigurationIsVisible = 0;
			defaultConfigurationName = Release;
		};
		C6EA38E81C1D255C00EF939D /* Build configuration list for PBXNativeTarget "Controlling_keyboard" */ = {
			isa = XCConfigurationList;
			buildConfigurations = (
				C6EA38E91C1D255C00EF939D /* Debug */,
				C6EA38EA1C1D255C00EF939D /* Release */,
			);
			defaultConfigurationIsVisible = 0;
		};
		C6EA38EB1C1D255C00EF939D /* Build configuration list for PBXNativeTarget "Controlling_keyboardTests" */ = {
			isa = XCConfigurationList;
			buildConfigurations = (
				C6EA38EC1C1D255C00EF939D /* Debug */,
				C6EA38ED1C1D255C00EF939D /* Release */,
			);
			defaultConfigurationIsVisible = 0;
		};
/* End XCConfigurationList section */
	};
	rootObject = C6EA38C11C1D255C00EF939D /* Project object */;
}
